// !$*UTF8*$!
{
	archiveVersion = 1;
	classes = {
	};
	objectVersion = 50;
	objects = {

/* Begin PBXBuildFile section */
		3F56A0402523233F002AA2D2 /* DemoViewController.m in Sources */ = {isa = PBXBuildFile; fileRef = 3F56A03F2523233E002AA2D2 /* DemoViewController.m */; };
		3F56A0442523296F002AA2D2 /* BaseLineUIView.m in Sources */ = {isa = PBXBuildFile; fileRef = 3F56A0432523296F002AA2D2 /* BaseLineUIView.m */; };
		3F56A0482523599D002AA2D2 /* MultiLineUIView.m in Sources */ = {isa = PBXBuildFile; fileRef = 3F56A0472523599D002AA2D2 /* MultiLineUIView.m */; };
		3F56A04B25235B6E002AA2D2 /* BaseAreaUIView.m in Sources */ = {isa = PBXBuildFile; fileRef = 3F56A04A25235B6E002AA2D2 /* BaseAreaUIView.m */; };
		3F56A04E25235F1E002AA2D2 /* MultiAreaUIView.m in Sources */ = {isa = PBXBuildFile; fileRef = 3F56A04D25235F1E002AA2D2 /* MultiAreaUIView.m */; };
		3F56A05125236ACE002AA2D2 /* BaseIntervalUIView.m in Sources */ = {isa = PBXBuildFile; fileRef = 3F56A05025236ACE002AA2D2 /* BaseIntervalUIView.m */; };
		3F56A05425236C64002AA2D2 /* StripUIView.m in Sources */ = {isa = PBXBuildFile; fileRef = 3F56A05325236C64002AA2D2 /* StripUIView.m */; };
		3F56A06025248B53002AA2D2 /* MultintervalUIView.m in Sources */ = {isa = PBXBuildFile; fileRef = 3F56A05F25248B53002AA2D2 /* MultintervalUIView.m */; };
		3F56A06B25272042002AA2D2 /* BasePieUIView.m in Sources */ = {isa = PBXBuildFile; fileRef = 3F56A06A25272042002AA2D2 /* BasePieUIView.m */; };
		3F594C0A259B10990023A4E7 /* SetionIntervalUIView.m in Sources */ = {isa = PBXBuildFile; fileRef = 3F594C09259B10990023A4E7 /* SetionIntervalUIView.m */; };
		3F5D90912535C5320091D8F7 /* CyclicPieUIView.m in Sources */ = {isa = PBXBuildFile; fileRef = 3F5D90902535C5320091D8F7 /* CyclicPieUIView.m */; };
		3F5DD47D2553A34D00FD60B3 /* BaseInterval2UIView.m in Sources */ = {isa = PBXBuildFile; fileRef = 3F5DD47C2553A34D00FD60B3 /* BaseInterval2UIView.m */; };
		3FD08FB025B0764A002F14AC /* KLineUIView.m in Sources */ = {isa = PBXBuildFile; fileRef = 3FD08FAF25B0764A002F14AC /* KLineUIView.m */; };
		9500DF9F2689F4A500025EF1 /* TimeSharingUIView.m in Sources */ = {isa = PBXBuildFile; fileRef = 9500DF9E2689F4A500025EF1 /* TimeSharingUIView.m */; };
		95127745264CF5400011EE7A /* ChartListViewController.m in Sources */ = {isa = PBXBuildFile; fileRef = 95127744264CF5400011EE7A /* ChartListViewController.m */; };
		957056B92591F88F00D26E0A /* MultiIntervalUIView2.m in Sources */ = {isa = PBXBuildFile; fileRef = 957056B82591F88F00D26E0A /* MultiIntervalUIView2.m */; };
		957056C925931B0900D26E0A /* BaseAreaUIView2.m in Sources */ = {isa = PBXBuildFile; fileRef = 957056C825931B0900D26E0A /* BaseAreaUIView2.m */; };
		95982AF825CA8D3D0066F875 /* MultiAxiesLineUIView.m in Sources */ = {isa = PBXBuildFile; fileRef = 95982AF725CA8D3D0066F875 /* MultiAxiesLineUIView.m */; };
		95A7D80A25A3035800CA8B9F /* BasePointUIView.m in Sources */ = {isa = PBXBuildFile; fileRef = 95A7D80925A3035800CA8B9F /* BasePointUIView.m */; };
		CC31D1762637BE0C008F6422 /* BaseAreaUIView3.m in Sources */ = {isa = PBXBuildFile; fileRef = CC31D1752637BE0C008F6422 /* BaseAreaUIView3.m */; };
		CC612BBD250A28AE00315124 /* AppDelegate.m in Sources */ = {isa = PBXBuildFile; fileRef = CC612BBC250A28AE00315124 /* AppDelegate.m */; };
		CC612BC3250A28AE00315124 /* ViewController.m in Sources */ = {isa = PBXBuildFile; fileRef = CC612BC2250A28AE00315124 /* ViewController.m */; };
		CC612BC8250A28AF00315124 /* Assets.xcassets in Resources */ = {isa = PBXBuildFile; fileRef = CC612BC7250A28AF00315124 /* Assets.xcassets */; };
		CC612BCB250A28AF00315124 /* LaunchScreen.storyboard in Resources */ = {isa = PBXBuildFile; fileRef = CC612BC9250A28AF00315124 /* LaunchScreen.storyboard */; };
		CC612BCE250A28AF00315124 /* main.m in Sources */ = {isa = PBXBuildFile; fileRef = CC612BCD250A28AF00315124 /* main.m */; };
		CC612BFD250B54E600315124 /* libc++.tbd in Frameworks */ = {isa = PBXBuildFile; fileRef = CC612BFC250B54E600315124 /* libc++.tbd */; };
		CC612C04250B5C5A00315124 /* Res in Resources */ = {isa = PBXBuildFile; fileRef = CC612C03250B5C5A00315124 /* Res */; };
		CC66877827C5D73B00DA1B5A /* MarketMovingBugFix1.m in Sources */ = {isa = PBXBuildFile; fileRef = CC66877727C5D73B00DA1B5A /* MarketMovingBugFix1.m */; };
		CC6E83F9283396FB00F69380 /* F2.framework in Frameworks */ = {isa = PBXBuildFile; fileRef = 3F5DD4E7255AB42C00FD60B3 /* F2.framework */; };
		CC76557B26C5220100061FCF /* MultiIntervalUIView3.m in Sources */ = {isa = PBXBuildFile; fileRef = CC76557826C5220100061FCF /* MultiIntervalUIView3.m */; };
		CC85823C2756070900C4D435 /* MarketMovingUIView.m in Sources */ = {isa = PBXBuildFile; fileRef = CC85823B2756070900C4D435 /* MarketMovingUIView.m */; };
		CC8BE29E26F2EE9C00F52359 /* RadarAreaUIView.m in Sources */ = {isa = PBXBuildFile; fileRef = CC8BE29D26F2EE9C00F52359 /* RadarAreaUIView.m */; };
		CC8C61E92795770300F540D7 /* BaseGuideUIView.m in Sources */ = {isa = PBXBuildFile; fileRef = CC8C61E62795770300F540D7 /* BaseGuideUIView.m */; };
		CCA4E5CA2814F2A20014C758 /* KLineTrendBugFix1.m in Sources */ = {isa = PBXBuildFile; fileRef = CCA4E5C72814F2A20014C758 /* KLineTrendBugFix1.m */; };
		CCE9E3E927B12AF400D8A030 /* BugFixViewController.m in Sources */ = {isa = PBXBuildFile; fileRef = CCE9E3E727B12AF400D8A030 /* BugFixViewController.m */; };
		CCE9E3ED27B12BB000D8A030 /* TimeSharingBugFix1.m in Sources */ = {isa = PBXBuildFile; fileRef = CCE9E3EB27B12BB000D8A030 /* TimeSharingBugFix1.m */; };
/* End PBXBuildFile section */

/* Begin PBXContainerItemProxy section */
		3F5DD4E6255AB42C00FD60B3 /* PBXContainerItemProxy */ = {
			isa = PBXContainerItemProxy;
			containerPortal = 3F5DD4E1255AB42C00FD60B3 /* F2.xcodeproj */;
			proxyType = 2;
			remoteGlobalIDString = CC793C3B2509FBAA00E9D913;
			remoteInfo = F2;
		};
		CC1A2F3325878C1E005B2111 /* PBXContainerItemProxy */ = {
			isa = PBXContainerItemProxy;
			containerPortal = 3F5DD4E1255AB42C00FD60B3 /* F2.xcodeproj */;
			proxyType = 1;
			remoteGlobalIDString = CC793C3A2509FBAA00E9D913;
			remoteInfo = F2;
		};
		CCCDF03C274E35890060D768 /* PBXContainerItemProxy */ = {
			isa = PBXContainerItemProxy;
			containerPortal = 3F5DD4E1255AB42C00FD60B3 /* F2.xcodeproj */;
			proxyType = 2;
			remoteGlobalIDString = CCCDE9CB2744D9740060D768;
			remoteInfo = F2Tests;
		};
/* End PBXContainerItemProxy section */

/* Begin PBXFileReference section */
		3F56A03E2523233E002AA2D2 /* DemoViewController.h */ = {isa = PBXFileReference; lastKnownFileType = sourcecode.c.h; path = DemoViewController.h; sourceTree = "<group>"; };
		3F56A03F2523233E002AA2D2 /* DemoViewController.m */ = {isa = PBXFileReference; lastKnownFileType = sourcecode.c.objc; path = DemoViewController.m; sourceTree = "<group>"; };
		3F56A0422523296F002AA2D2 /* BaseLineUIView.h */ = {isa = PBXFileReference; lastKnownFileType = sourcecode.c.h; path = BaseLineUIView.h; sourceTree = "<group>"; };
		3F56A0432523296F002AA2D2 /* BaseLineUIView.m */ = {isa = PBXFileReference; lastKnownFileType = sourcecode.c.objc; path = BaseLineUIView.m; sourceTree = "<group>"; };
		3F56A0462523599D002AA2D2 /* MultiLineUIView.h */ = {isa = PBXFileReference; lastKnownFileType = sourcecode.c.h; path = MultiLineUIView.h; sourceTree = "<group>"; };
		3F56A0472523599D002AA2D2 /* MultiLineUIView.m */ = {isa = PBXFileReference; lastKnownFileType = sourcecode.c.objc; path = MultiLineUIView.m; sourceTree = "<group>"; };
		3F56A04925235B6E002AA2D2 /* BaseAreaUIView.h */ = {isa = PBXFileReference; lastKnownFileType = sourcecode.c.h; path = BaseAreaUIView.h; sourceTree = "<group>"; };
		3F56A04A25235B6E002AA2D2 /* BaseAreaUIView.m */ = {isa = PBXFileReference; lastKnownFileType = sourcecode.c.objc; path = BaseAreaUIView.m; sourceTree = "<group>"; };
		3F56A04C25235F1E002AA2D2 /* MultiAreaUIView.h */ = {isa = PBXFileReference; lastKnownFileType = sourcecode.c.h; path = MultiAreaUIView.h; sourceTree = "<group>"; };
		3F56A04D25235F1E002AA2D2 /* MultiAreaUIView.m */ = {isa = PBXFileReference; lastKnownFileType = sourcecode.c.objc; path = MultiAreaUIView.m; sourceTree = "<group>"; };
		3F56A04F25236ACE002AA2D2 /* BaseIntervalUIView.h */ = {isa = PBXFileReference; lastKnownFileType = sourcecode.c.h; path = BaseIntervalUIView.h; sourceTree = "<group>"; };
		3F56A05025236ACE002AA2D2 /* BaseIntervalUIView.m */ = {isa = PBXFileReference; lastKnownFileType = sourcecode.c.objc; path = BaseIntervalUIView.m; sourceTree = "<group>"; };
		3F56A05225236C64002AA2D2 /* StripUIView.h */ = {isa = PBXFileReference; lastKnownFileType = sourcecode.c.h; path = StripUIView.h; sourceTree = "<group>"; };
		3F56A05325236C64002AA2D2 /* StripUIView.m */ = {isa = PBXFileReference; lastKnownFileType = sourcecode.c.objc; path = StripUIView.m; sourceTree = "<group>"; };
		3F56A05E25248B53002AA2D2 /* MultintervalUIView.h */ = {isa = PBXFileReference; lastKnownFileType = sourcecode.c.h; path = MultintervalUIView.h; sourceTree = "<group>"; };
		3F56A05F25248B53002AA2D2 /* MultintervalUIView.m */ = {isa = PBXFileReference; lastKnownFileType = sourcecode.c.objc; path = MultintervalUIView.m; sourceTree = "<group>"; };
		3F56A06925272042002AA2D2 /* BasePieUIView.h */ = {isa = PBXFileReference; lastKnownFileType = sourcecode.c.h; path = BasePieUIView.h; sourceTree = "<group>"; };
		3F56A06A25272042002AA2D2 /* BasePieUIView.m */ = {isa = PBXFileReference; lastKnownFileType = sourcecode.c.objc; path = BasePieUIView.m; sourceTree = "<group>"; };
		3F594C08259B10990023A4E7 /* SetionIntervalUIView.h */ = {isa = PBXFileReference; lastKnownFileType = sourcecode.c.h; path = SetionIntervalUIView.h; sourceTree = "<group>"; };
		3F594C09259B10990023A4E7 /* SetionIntervalUIView.m */ = {isa = PBXFileReference; lastKnownFileType = sourcecode.c.objc; path = SetionIntervalUIView.m; sourceTree = "<group>"; };
		3F5D908F2535C5320091D8F7 /* CyclicPieUIView.h */ = {isa = PBXFileReference; lastKnownFileType = sourcecode.c.h; path = CyclicPieUIView.h; sourceTree = "<group>"; };
		3F5D90902535C5320091D8F7 /* CyclicPieUIView.m */ = {isa = PBXFileReference; lastKnownFileType = sourcecode.c.objc; path = CyclicPieUIView.m; sourceTree = "<group>"; };
		3F5DD47B2553A34D00FD60B3 /* BaseInterval2UIView.h */ = {isa = PBXFileReference; lastKnownFileType = sourcecode.c.h; path = BaseInterval2UIView.h; sourceTree = "<group>"; };
		3F5DD47C2553A34D00FD60B3 /* BaseInterval2UIView.m */ = {isa = PBXFileReference; lastKnownFileType = sourcecode.c.objc; path = BaseInterval2UIView.m; sourceTree = "<group>"; };
		3F5DD4E1255AB42C00FD60B3 /* F2.xcodeproj */ = {isa = PBXFileReference; lastKnownFileType = "wrapper.pb-project"; name = F2.xcodeproj; path = ../../../ios/F2.xcodeproj; sourceTree = "<group>"; };
		3FD08FAE25B0764A002F14AC /* KLineUIView.h */ = {isa = PBXFileReference; lastKnownFileType = sourcecode.c.h; path = KLineUIView.h; sourceTree = "<group>"; };
		3FD08FAF25B0764A002F14AC /* KLineUIView.m */ = {isa = PBXFileReference; lastKnownFileType = sourcecode.c.objc; path = KLineUIView.m; sourceTree = "<group>"; };
		9500DF9D2689F4A500025EF1 /* TimeSharingUIView.h */ = {isa = PBXFileReference; lastKnownFileType = sourcecode.c.h; path = TimeSharingUIView.h; sourceTree = "<group>"; };
		9500DF9E2689F4A500025EF1 /* TimeSharingUIView.m */ = {isa = PBXFileReference; lastKnownFileType = sourcecode.c.objc; path = TimeSharingUIView.m; sourceTree = "<group>"; };
		95127743264CF5400011EE7A /* ChartListViewController.h */ = {isa = PBXFileReference; lastKnownFileType = sourcecode.c.h; path = ChartListViewController.h; sourceTree = "<group>"; };
		95127744264CF5400011EE7A /* ChartListViewController.m */ = {isa = PBXFileReference; lastKnownFileType = sourcecode.c.objc; path = ChartListViewController.m; sourceTree = "<group>"; };
		957056B72591F88F00D26E0A /* MultiIntervalUIView2.h */ = {isa = PBXFileReference; lastKnownFileType = sourcecode.c.h; path = MultiIntervalUIView2.h; sourceTree = "<group>"; };
		957056B82591F88F00D26E0A /* MultiIntervalUIView2.m */ = {isa = PBXFileReference; lastKnownFileType = sourcecode.c.objc; path = MultiIntervalUIView2.m; sourceTree = "<group>"; };
		957056C725931B0900D26E0A /* BaseAreaUIView2.h */ = {isa = PBXFileReference; lastKnownFileType = sourcecode.c.h; path = BaseAreaUIView2.h; sourceTree = "<group>"; };
		957056C825931B0900D26E0A /* BaseAreaUIView2.m */ = {isa = PBXFileReference; lastKnownFileType = sourcecode.c.objc; path = BaseAreaUIView2.m; sourceTree = "<group>"; };
		95982AF625CA8D3D0066F875 /* MultiAxiesLineUIView.h */ = {isa = PBXFileReference; lastKnownFileType = sourcecode.c.h; path = MultiAxiesLineUIView.h; sourceTree = "<group>"; };
		95982AF725CA8D3D0066F875 /* MultiAxiesLineUIView.m */ = {isa = PBXFileReference; lastKnownFileType = sourcecode.c.objc; path = MultiAxiesLineUIView.m; sourceTree = "<group>"; };
		95A7D80825A3035800CA8B9F /* BasePointUIView.h */ = {isa = PBXFileReference; lastKnownFileType = sourcecode.c.h; path = BasePointUIView.h; sourceTree = "<group>"; };
		95A7D80925A3035800CA8B9F /* BasePointUIView.m */ = {isa = PBXFileReference; lastKnownFileType = sourcecode.c.objc; path = BasePointUIView.m; sourceTree = "<group>"; };
		CC31D1742637BE0C008F6422 /* BaseAreaUIView3.h */ = {isa = PBXFileReference; lastKnownFileType = sourcecode.c.h; path = BaseAreaUIView3.h; sourceTree = "<group>"; };
		CC31D1752637BE0C008F6422 /* BaseAreaUIView3.m */ = {isa = PBXFileReference; lastKnownFileType = sourcecode.c.objc; path = BaseAreaUIView3.m; sourceTree = "<group>"; };
		CC612BB8250A28AE00315124 /* F2Native.app */ = {isa = PBXFileReference; explicitFileType = wrapper.application; includeInIndex = 0; path = F2Native.app; sourceTree = BUILT_PRODUCTS_DIR; };
		CC612BBB250A28AE00315124 /* AppDelegate.h */ = {isa = PBXFileReference; lastKnownFileType = sourcecode.c.h; path = AppDelegate.h; sourceTree = "<group>"; };
		CC612BBC250A28AE00315124 /* AppDelegate.m */ = {isa = PBXFileReference; lastKnownFileType = sourcecode.c.objc; path = AppDelegate.m; sourceTree = "<group>"; };
		CC612BC1250A28AE00315124 /* ViewController.h */ = {isa = PBXFileReference; lastKnownFileType = sourcecode.c.h; path = ViewController.h; sourceTree = "<group>"; };
		CC612BC2250A28AE00315124 /* ViewController.m */ = {isa = PBXFileReference; lastKnownFileType = sourcecode.c.objc; path = ViewController.m; sourceTree = "<group>"; };
		CC612BC7250A28AF00315124 /* Assets.xcassets */ = {isa = PBXFileReference; lastKnownFileType = folder.assetcatalog; path = Assets.xcassets; sourceTree = "<group>"; };
		CC612BCA250A28AF00315124 /* Base */ = {isa = PBXFileReference; lastKnownFileType = file.storyboard; name = Base; path = Base.lproj/LaunchScreen.storyboard; sourceTree = "<group>"; };
		CC612BCC250A28AF00315124 /* Info.plist */ = {isa = PBXFileReference; lastKnownFileType = text.plist.xml; path = Info.plist; sourceTree = "<group>"; };
		CC612BCD250A28AF00315124 /* main.m */ = {isa = PBXFileReference; lastKnownFileType = sourcecode.c.objc; path = main.m; sourceTree = "<group>"; };
		CC612BFC250B54E600315124 /* libc++.tbd */ = {isa = PBXFileReference; lastKnownFileType = "sourcecode.text-based-dylib-definition"; name = "libc++.tbd"; path = "usr/lib/libc++.tbd"; sourceTree = SDKROOT; };
		CC612C03250B5C5A00315124 /* Res */ = {isa = PBXFileReference; lastKnownFileType = folder; path = Res; sourceTree = "<group>"; };
		CC66877627C5D73B00DA1B5A /* MarketMovingBugFix1.h */ = {isa = PBXFileReference; lastKnownFileType = sourcecode.c.h; path = MarketMovingBugFix1.h; sourceTree = "<group>"; };
		CC66877727C5D73B00DA1B5A /* MarketMovingBugFix1.m */ = {isa = PBXFileReference; lastKnownFileType = sourcecode.c.objc; path = MarketMovingBugFix1.m; sourceTree = "<group>"; };
		CC76557826C5220100061FCF /* MultiIntervalUIView3.m */ = {isa = PBXFileReference; fileEncoding = 4; lastKnownFileType = sourcecode.c.objc; path = MultiIntervalUIView3.m; sourceTree = "<group>"; };
		CC76557A26C5220100061FCF /* MultiIntervalUIView3.h */ = {isa = PBXFileReference; fileEncoding = 4; lastKnownFileType = sourcecode.c.h; path = MultiIntervalUIView3.h; sourceTree = "<group>"; };
		CC8582392756070900C4D435 /* MarketMovingUIView.h */ = {isa = PBXFileReference; fileEncoding = 4; lastKnownFileType = sourcecode.c.h; path = MarketMovingUIView.h; sourceTree = "<group>"; };
		CC85823B2756070900C4D435 /* MarketMovingUIView.m */ = {isa = PBXFileReference; fileEncoding = 4; lastKnownFileType = sourcecode.c.objc; path = MarketMovingUIView.m; sourceTree = "<group>"; };
		CC8BE29C26F2EE9C00F52359 /* RadarAreaUIView.h */ = {isa = PBXFileReference; lastKnownFileType = sourcecode.c.h; path = RadarAreaUIView.h; sourceTree = "<group>"; };
		CC8BE29D26F2EE9C00F52359 /* RadarAreaUIView.m */ = {isa = PBXFileReference; lastKnownFileType = sourcecode.c.objc; path = RadarAreaUIView.m; sourceTree = "<group>"; };
		CC8C61E62795770300F540D7 /* BaseGuideUIView.m */ = {isa = PBXFileReference; fileEncoding = 4; lastKnownFileType = sourcecode.c.objc; path = BaseGuideUIView.m; sourceTree = "<group>"; };
		CC8C61E82795770300F540D7 /* BaseGuideUIView.h */ = {isa = PBXFileReference; fileEncoding = 4; lastKnownFileType = sourcecode.c.h; path = BaseGuideUIView.h; sourceTree = "<group>"; };
		CCA4E5C72814F2A20014C758 /* KLineTrendBugFix1.m */ = {isa = PBXFileReference; fileEncoding = 4; lastKnownFileType = sourcecode.c.objc; path = KLineTrendBugFix1.m; sourceTree = "<group>"; };
		CCA4E5C92814F2A20014C758 /* KLineTrendBugFix1.h */ = {isa = PBXFileReference; fileEncoding = 4; lastKnownFileType = sourcecode.c.h; path = KLineTrendBugFix1.h; sourceTree = "<group>"; };
		CCE9E3E727B12AF400D8A030 /* BugFixViewController.m */ = {isa = PBXFileReference; fileEncoding = 4; lastKnownFileType = sourcecode.c.objc; path = BugFixViewController.m; sourceTree = "<group>"; };
		CCE9E3E827B12AF400D8A030 /* BugFixViewController.h */ = {isa = PBXFileReference; fileEncoding = 4; lastKnownFileType = sourcecode.c.h; path = BugFixViewController.h; sourceTree = "<group>"; };
		CCE9E3EB27B12BB000D8A030 /* TimeSharingBugFix1.m */ = {isa = PBXFileReference; fileEncoding = 4; lastKnownFileType = sourcecode.c.objc; path = TimeSharingBugFix1.m; sourceTree = "<group>"; };
		CCE9E3EC27B12BB000D8A030 /* TimeSharingBugFix1.h */ = {isa = PBXFileReference; fileEncoding = 4; lastKnownFileType = sourcecode.c.h; path = TimeSharingBugFix1.h; sourceTree = "<group>"; };
/* End PBXFileReference section */

/* Begin PBXFrameworksBuildPhase section */
		CC612BB5250A28AE00315124 /* Frameworks */ = {
			isa = PBXFrameworksBuildPhase;
			buildActionMask = 2147483647;
			files = (
				CC6E83F9283396FB00F69380 /* F2.framework in Frameworks */,
				CC612BFD250B54E600315124 /* libc++.tbd in Frameworks */,
			);
			runOnlyForDeploymentPostprocessing = 0;
		};
/* End PBXFrameworksBuildPhase section */

/* Begin PBXGroup section */
		3F56A04125232939002AA2D2 /* views */ = {
			isa = PBXGroup;
			children = (
				CCE9E3EA27B12B9600D8A030 /* bugfix */,
				CC8C61E82795770300F540D7 /* BaseGuideUIView.h */,
				CC8C61E62795770300F540D7 /* BaseGuideUIView.m */,
				CC8582392756070900C4D435 /* MarketMovingUIView.h */,
				CC85823B2756070900C4D435 /* MarketMovingUIView.m */,
				CC76557A26C5220100061FCF /* MultiIntervalUIView3.h */,
				CC76557826C5220100061FCF /* MultiIntervalUIView3.m */,
				3FD08FAE25B0764A002F14AC /* KLineUIView.h */,
				3FD08FAF25B0764A002F14AC /* KLineUIView.m */,
				3F56A0422523296F002AA2D2 /* BaseLineUIView.h */,
				3F56A0432523296F002AA2D2 /* BaseLineUIView.m */,
				3F5DD47B2553A34D00FD60B3 /* BaseInterval2UIView.h */,
				3F5DD47C2553A34D00FD60B3 /* BaseInterval2UIView.m */,
				3F56A0462523599D002AA2D2 /* MultiLineUIView.h */,
				3F56A0472523599D002AA2D2 /* MultiLineUIView.m */,
				3F56A04925235B6E002AA2D2 /* BaseAreaUIView.h */,
				3F56A04A25235B6E002AA2D2 /* BaseAreaUIView.m */,
				3F56A04C25235F1E002AA2D2 /* MultiAreaUIView.h */,
				3F56A04D25235F1E002AA2D2 /* MultiAreaUIView.m */,
				3F56A04F25236ACE002AA2D2 /* BaseIntervalUIView.h */,
				3F56A05025236ACE002AA2D2 /* BaseIntervalUIView.m */,
				3F594C08259B10990023A4E7 /* SetionIntervalUIView.h */,
				3F594C09259B10990023A4E7 /* SetionIntervalUIView.m */,
				3F56A05E25248B53002AA2D2 /* MultintervalUIView.h */,
				3F56A05F25248B53002AA2D2 /* MultintervalUIView.m */,
				3F5D908F2535C5320091D8F7 /* CyclicPieUIView.h */,
				3F5D90902535C5320091D8F7 /* CyclicPieUIView.m */,
				3F56A06925272042002AA2D2 /* BasePieUIView.h */,
				3F56A06A25272042002AA2D2 /* BasePieUIView.m */,
				3F56A05225236C64002AA2D2 /* StripUIView.h */,
				3F56A05325236C64002AA2D2 /* StripUIView.m */,
				957056B72591F88F00D26E0A /* MultiIntervalUIView2.h */,
				957056B82591F88F00D26E0A /* MultiIntervalUIView2.m */,
				957056C725931B0900D26E0A /* BaseAreaUIView2.h */,
				957056C825931B0900D26E0A /* BaseAreaUIView2.m */,
				CC31D1742637BE0C008F6422 /* BaseAreaUIView3.h */,
				CC31D1752637BE0C008F6422 /* BaseAreaUIView3.m */,
				95A7D80825A3035800CA8B9F /* BasePointUIView.h */,
				95A7D80925A3035800CA8B9F /* BasePointUIView.m */,
				95982AF625CA8D3D0066F875 /* MultiAxiesLineUIView.h */,
				95982AF725CA8D3D0066F875 /* MultiAxiesLineUIView.m */,
				9500DF9D2689F4A500025EF1 /* TimeSharingUIView.h */,
				9500DF9E2689F4A500025EF1 /* TimeSharingUIView.m */,
				CC8BE29C26F2EE9C00F52359 /* RadarAreaUIView.h */,
				CC8BE29D26F2EE9C00F52359 /* RadarAreaUIView.m */,
			);
			path = views;
			sourceTree = "<group>";
		};
		3F5DD4E2255AB42C00FD60B3 /* Products */ = {
			isa = PBXGroup;
			children = (
				3F5DD4E7255AB42C00FD60B3 /* F2.framework */,
				CCCDF03D274E35890060D768 /* F2Tests.xctest */,
			);
			name = Products;
			sourceTree = "<group>";
		};
		CC612BAF250A28AE00315124 = {
			isa = PBXGroup;
			children = (
				CC612BBA250A28AE00315124 /* Demos */,
				CC612BB9250A28AE00315124 /* Products */,
				CC612BE8250B2B7C00315124 /* Frameworks */,
			);
			sourceTree = "<group>";
		};
		CC612BB9250A28AE00315124 /* Products */ = {
			isa = PBXGroup;
			children = (
				CC612BB8250A28AE00315124 /* F2Native.app */,
			);
			name = Products;
			sourceTree = "<group>";
		};
		CC612BBA250A28AE00315124 /* Demos */ = {
			isa = PBXGroup;
			children = (
				3F5DD4E1255AB42C00FD60B3 /* F2.xcodeproj */,
				CC612BBB250A28AE00315124 /* AppDelegate.h */,
				CC612BBC250A28AE00315124 /* AppDelegate.m */,
				CC612BC1250A28AE00315124 /* ViewController.h */,
				CC612BC2250A28AE00315124 /* ViewController.m */,
				3F56A03E2523233E002AA2D2 /* DemoViewController.h */,
				3F56A03F2523233E002AA2D2 /* DemoViewController.m */,
				95127743264CF5400011EE7A /* ChartListViewController.h */,
				95127744264CF5400011EE7A /* ChartListViewController.m */,
				CCE9E3E827B12AF400D8A030 /* BugFixViewController.h */,
				CCE9E3E727B12AF400D8A030 /* BugFixViewController.m */,
				CC612BC7250A28AF00315124 /* Assets.xcassets */,
				CC612BC9250A28AF00315124 /* LaunchScreen.storyboard */,
				CC612BCC250A28AF00315124 /* Info.plist */,
				CC612BCD250A28AF00315124 /* main.m */,
				3F56A04125232939002AA2D2 /* views */,
				CC612C03250B5C5A00315124 /* Res */,
			);
			path = Demos;
			sourceTree = "<group>";
		};
		CC612BE8250B2B7C00315124 /* Frameworks */ = {
			isa = PBXGroup;
			children = (
				CC612BFC250B54E600315124 /* libc++.tbd */,
			);
			name = Frameworks;
			sourceTree = "<group>";
		};
		CCE9E3EA27B12B9600D8A030 /* bugfix */ = {
			isa = PBXGroup;
			children = (
				CCA4E5C92814F2A20014C758 /* KLineTrendBugFix1.h */,
				CCA4E5C72814F2A20014C758 /* KLineTrendBugFix1.m */,
				CCE9E3EC27B12BB000D8A030 /* TimeSharingBugFix1.h */,
				CCE9E3EB27B12BB000D8A030 /* TimeSharingBugFix1.m */,
				CC66877627C5D73B00DA1B5A /* MarketMovingBugFix1.h */,
				CC66877727C5D73B00DA1B5A /* MarketMovingBugFix1.m */,
			);
			path = bugfix;
			sourceTree = "<group>";
		};
/* End PBXGroup section */

/* Begin PBXNativeTarget section */
		CC612BB7250A28AE00315124 /* F2Native */ = {
			isa = PBXNativeTarget;
			buildConfigurationList = CC612BD1250A28AF00315124 /* Build configuration list for PBXNativeTarget "F2Native" */;
			buildPhases = (
				CC612BB4250A28AE00315124 /* Sources */,
				CC612BB5250A28AE00315124 /* Frameworks */,
				CC612BB6250A28AE00315124 /* Resources */,
			);
			buildRules = (
			);
			dependencies = (
				CC1A2F3425878C1E005B2111 /* PBXTargetDependency */,
			);
			name = F2Native;
			productName = Demos;
			productReference = CC612BB8250A28AE00315124 /* F2Native.app */;
			productType = "com.apple.product-type.application";
		};
/* End PBXNativeTarget section */

/* Begin PBXProject section */
		CC612BB0250A28AE00315124 /* Project object */ = {
			isa = PBXProject;
			attributes = {
				LastUpgradeCheck = 1150;
				ORGANIZATIONNAME = com.alipay.xgraph;
				TargetAttributes = {
					CC612BB7250A28AE00315124 = {
						CreatedOnToolsVersion = 11.5;
					};
				};
			};
			buildConfigurationList = CC612BB3250A28AE00315124 /* Build configuration list for PBXProject "Demos" */;
			compatibilityVersion = "Xcode 9.3";
			developmentRegion = en;
			hasScannedForEncodings = 0;
			knownRegions = (
				en,
				Base,
			);
			mainGroup = CC612BAF250A28AE00315124;
			productRefGroup = CC612BB9250A28AE00315124 /* Products */;
			projectDirPath = "";
			projectReferences = (
				{
					ProductGroup = 3F5DD4E2255AB42C00FD60B3 /* Products */;
					ProjectRef = 3F5DD4E1255AB42C00FD60B3 /* F2.xcodeproj */;
				},
			);
			projectRoot = "";
			targets = (
				CC612BB7250A28AE00315124 /* F2Native */,
			);
		};
/* End PBXProject section */

/* Begin PBXReferenceProxy section */
		3F5DD4E7255AB42C00FD60B3 /* F2.framework */ = {
			isa = PBXReferenceProxy;
			fileType = wrapper.framework;
			path = F2.framework;
			remoteRef = 3F5DD4E6255AB42C00FD60B3 /* PBXContainerItemProxy */;
			sourceTree = BUILT_PRODUCTS_DIR;
		};
		CCCDF03D274E35890060D768 /* F2Tests.xctest */ = {
			isa = PBXReferenceProxy;
			fileType = wrapper.cfbundle;
			path = F2Tests.xctest;
			remoteRef = CCCDF03C274E35890060D768 /* PBXContainerItemProxy */;
			sourceTree = BUILT_PRODUCTS_DIR;
		};
/* End PBXReferenceProxy section */

/* Begin PBXResourcesBuildPhase section */
		CC612BB6250A28AE00315124 /* Resources */ = {
			isa = PBXResourcesBuildPhase;
			buildActionMask = 2147483647;
			files = (
				CC612BCB250A28AF00315124 /* LaunchScreen.storyboard in Resources */,
				CC612BC8250A28AF00315124 /* Assets.xcassets in Resources */,
				CC612C04250B5C5A00315124 /* Res in Resources */,
			);
			runOnlyForDeploymentPostprocessing = 0;
		};
/* End PBXResourcesBuildPhase section */

/* Begin PBXSourcesBuildPhase section */
		CC612BB4250A28AE00315124 /* Sources */ = {
			isa = PBXSourcesBuildPhase;
			buildActionMask = 2147483647;
			files = (
				CCA4E5CA2814F2A20014C758 /* KLineTrendBugFix1.m in Sources */,
				3F56A06B25272042002AA2D2 /* BasePieUIView.m in Sources */,
				95127745264CF5400011EE7A /* ChartListViewController.m in Sources */,
				9500DF9F2689F4A500025EF1 /* TimeSharingUIView.m in Sources */,
				3F56A05125236ACE002AA2D2 /* BaseIntervalUIView.m in Sources */,
				CC8BE29E26F2EE9C00F52359 /* RadarAreaUIView.m in Sources */,
				CC31D1762637BE0C008F6422 /* BaseAreaUIView3.m in Sources */,
				3F5D90912535C5320091D8F7 /* CyclicPieUIView.m in Sources */,
				CC76557B26C5220100061FCF /* MultiIntervalUIView3.m in Sources */,
				3F594C0A259B10990023A4E7 /* SetionIntervalUIView.m in Sources */,
				3F5DD47D2553A34D00FD60B3 /* BaseInterval2UIView.m in Sources */,
				CC612BC3250A28AE00315124 /* ViewController.m in Sources */,
				3F56A04E25235F1E002AA2D2 /* MultiAreaUIView.m in Sources */,
				957056B92591F88F00D26E0A /* MultiIntervalUIView2.m in Sources */,
				CC85823C2756070900C4D435 /* MarketMovingUIView.m in Sources */,
				3F56A05425236C64002AA2D2 /* StripUIView.m in Sources */,
				3F56A06025248B53002AA2D2 /* MultintervalUIView.m in Sources */,
				3F56A0442523296F002AA2D2 /* BaseLineUIView.m in Sources */,
				CC8C61E92795770300F540D7 /* BaseGuideUIView.m in Sources */,
				95982AF825CA8D3D0066F875 /* MultiAxiesLineUIView.m in Sources */,
				CC612BBD250A28AE00315124 /* AppDelegate.m in Sources */,
				957056C925931B0900D26E0A /* BaseAreaUIView2.m in Sources */,
				CCE9E3ED27B12BB000D8A030 /* TimeSharingBugFix1.m in Sources */,
				3FD08FB025B0764A002F14AC /* KLineUIView.m in Sources */,
				CC612BCE250A28AF00315124 /* main.m in Sources */,
				CCE9E3E927B12AF400D8A030 /* BugFixViewController.m in Sources */,
				3F56A0482523599D002AA2D2 /* MultiLineUIView.m in Sources */,
				CC66877827C5D73B00DA1B5A /* MarketMovingBugFix1.m in Sources */,
				95A7D80A25A3035800CA8B9F /* BasePointUIView.m in Sources */,
				3F56A04B25235B6E002AA2D2 /* BaseAreaUIView.m in Sources */,
				3F56A0402523233F002AA2D2 /* DemoViewController.m in Sources */,
			);
			runOnlyForDeploymentPostprocessing = 0;
		};
/* End PBXSourcesBuildPhase section */

/* Begin PBXTargetDependency section */
		CC1A2F3425878C1E005B2111 /* PBXTargetDependency */ = {
			isa = PBXTargetDependency;
			name = F2;
			targetProxy = CC1A2F3325878C1E005B2111 /* PBXContainerItemProxy */;
		};
/* End PBXTargetDependency section */

/* Begin PBXVariantGroup section */
		CC612BC9250A28AF00315124 /* LaunchScreen.storyboard */ = {
			isa = PBXVariantGroup;
			children = (
				CC612BCA250A28AF00315124 /* Base */,
			);
			name = LaunchScreen.storyboard;
			sourceTree = "<group>";
		};
/* End PBXVariantGroup section */

/* Begin XCBuildConfiguration section */
		CC612BCF250A28AF00315124 /* Debug */ = {
			isa = XCBuildConfiguration;
			buildSettings = {
				ALWAYS_SEARCH_USER_PATHS = NO;
				CLANG_ANALYZER_NONNULL = YES;
				CLANG_ANALYZER_NUMBER_OBJECT_CONVERSION = YES_AGGRESSIVE;
				CLANG_CXX_LANGUAGE_STANDARD = "gnu++14";
				CLANG_CXX_LIBRARY = "libc++";
				CLANG_ENABLE_MODULES = YES;
				CLANG_ENABLE_OBJC_ARC = YES;
				CLANG_ENABLE_OBJC_WEAK = YES;
				CLANG_WARN_BLOCK_CAPTURE_AUTORELEASING = YES;
				CLANG_WARN_BOOL_CONVERSION = YES;
				CLANG_WARN_COMMA = YES;
				CLANG_WARN_CONSTANT_CONVERSION = YES;
				CLANG_WARN_DEPRECATED_OBJC_IMPLEMENTATIONS = YES;
				CLANG_WARN_DIRECT_OBJC_ISA_USAGE = YES_ERROR;
				CLANG_WARN_DOCUMENTATION_COMMENTS = YES;
				CLANG_WARN_EMPTY_BODY = YES;
				CLANG_WARN_ENUM_CONVERSION = YES;
				CLANG_WARN_INFINITE_RECURSION = YES;
				CLANG_WARN_INT_CONVERSION = YES;
				CLANG_WARN_NON_LITERAL_NULL_CONVERSION = YES;
				CLANG_WARN_OBJC_IMPLICIT_RETAIN_SELF = YES;
				CLANG_WARN_OBJC_LITERAL_CONVERSION = YES;
				CLANG_WARN_OBJC_ROOT_CLASS = YES_ERROR;
				CLANG_WARN_RANGE_LOOP_ANALYSIS = YES;
				CLANG_WARN_STRICT_PROTOTYPES = YES;
				CLANG_WARN_SUSPICIOUS_MOVE = YES;
				CLANG_WARN_UNGUARDED_AVAILABILITY = YES_AGGRESSIVE;
				CLANG_WARN_UNREACHABLE_CODE = YES;
				CLANG_WARN__DUPLICATE_METHOD_MATCH = YES;
				COPY_PHASE_STRIP = NO;
				DEBUG_INFORMATION_FORMAT = dwarf;
				ENABLE_STRICT_OBJC_MSGSEND = YES;
				ENABLE_TESTABILITY = YES;
				GCC_C_LANGUAGE_STANDARD = gnu11;
				GCC_DYNAMIC_NO_PIC = NO;
				GCC_NO_COMMON_BLOCKS = YES;
				GCC_OPTIMIZATION_LEVEL = 0;
				GCC_PREPROCESSOR_DEFINITIONS = (
					"DEBUG=1",
					"$(inherited)",
				);
				GCC_WARN_64_TO_32_BIT_CONVERSION = YES;
				GCC_WARN_ABOUT_RETURN_TYPE = YES_ERROR;
				GCC_WARN_UNDECLARED_SELECTOR = YES;
				GCC_WARN_UNINITIALIZED_AUTOS = YES_AGGRESSIVE;
				GCC_WARN_UNUSED_FUNCTION = YES;
				GCC_WARN_UNUSED_VARIABLE = YES;
				IPHONEOS_DEPLOYMENT_TARGET = 13.5;
				MTL_ENABLE_DEBUG_INFO = INCLUDE_SOURCE;
				MTL_FAST_MATH = YES;
				ONLY_ACTIVE_ARCH = YES;
				SDKROOT = iphoneos;
			};
			name = Debug;
		};
		CC612BD0250A28AF00315124 /* Release */ = {
			isa = XCBuildConfiguration;
			buildSettings = {
				ALWAYS_SEARCH_USER_PATHS = NO;
				CLANG_ANALYZER_NONNULL = YES;
				CLANG_ANALYZER_NUMBER_OBJECT_CONVERSION = YES_AGGRESSIVE;
				CLANG_CXX_LANGUAGE_STANDARD = "gnu++14";
				CLANG_CXX_LIBRARY = "libc++";
				CLANG_ENABLE_MODULES = YES;
				CLANG_ENABLE_OBJC_ARC = YES;
				CLANG_ENABLE_OBJC_WEAK = YES;
				CLANG_WARN_BLOCK_CAPTURE_AUTORELEASING = YES;
				CLANG_WARN_BOOL_CONVERSION = YES;
				CLANG_WARN_COMMA = YES;
				CLANG_WARN_CONSTANT_CONVERSION = YES;
				CLANG_WARN_DEPRECATED_OBJC_IMPLEMENTATIONS = YES;
				CLANG_WARN_DIRECT_OBJC_ISA_USAGE = YES_ERROR;
				CLANG_WARN_DOCUMENTATION_COMMENTS = YES;
				CLANG_WARN_EMPTY_BODY = YES;
				CLANG_WARN_ENUM_CONVERSION = YES;
				CLANG_WARN_INFINITE_RECURSION = YES;
				CLANG_WARN_INT_CONVERSION = YES;
				CLANG_WARN_NON_LITERAL_NULL_CONVERSION = YES;
				CLANG_WARN_OBJC_IMPLICIT_RETAIN_SELF = YES;
				CLANG_WARN_OBJC_LITERAL_CONVERSION = YES;
				CLANG_WARN_OBJC_ROOT_CLASS = YES_ERROR;
				CLANG_WARN_RANGE_LOOP_ANALYSIS = YES;
				CLANG_WARN_STRICT_PROTOTYPES = YES;
				CLANG_WARN_SUSPICIOUS_MOVE = YES;
				CLANG_WARN_UNGUARDED_AVAILABILITY = YES_AGGRESSIVE;
				CLANG_WARN_UNREACHABLE_CODE = YES;
				CLANG_WARN__DUPLICATE_METHOD_MATCH = YES;
				COPY_PHASE_STRIP = NO;
				DEBUG_INFORMATION_FORMAT = "dwarf-with-dsym";
				ENABLE_NS_ASSERTIONS = NO;
				ENABLE_STRICT_OBJC_MSGSEND = YES;
				GCC_C_LANGUAGE_STANDARD = gnu11;
				GCC_NO_COMMON_BLOCKS = YES;
				GCC_WARN_64_TO_32_BIT_CONVERSION = YES;
				GCC_WARN_ABOUT_RETURN_TYPE = YES_ERROR;
				GCC_WARN_UNDECLARED_SELECTOR = YES;
				GCC_WARN_UNINITIALIZED_AUTOS = YES_AGGRESSIVE;
				GCC_WARN_UNUSED_FUNCTION = YES;
				GCC_WARN_UNUSED_VARIABLE = YES;
				IPHONEOS_DEPLOYMENT_TARGET = 13.5;
				MTL_ENABLE_DEBUG_INFO = NO;
				MTL_FAST_MATH = YES;
				SDKROOT = iphoneos;
				VALIDATE_PRODUCT = YES;
			};
			name = Release;
		};
		CC612BD2250A28AF00315124 /* Debug */ = {
			isa = XCBuildConfiguration;
			buildSettings = {
				ASSETCATALOG_COMPILER_APPICON_NAME = AppIcon;
				CODE_SIGN_ENTITLEMENTS = F2Native.entitlements;
				CODE_SIGN_IDENTITY = "Apple Development";
				"CODE_SIGN_IDENTITY[sdk=macosx*]" = "Apple Development";
				CODE_SIGN_STYLE = Automatic;
				CURRENT_PROJECT_VERSION = 1.0;
				DEVELOPMENT_TEAM = BQWDN7869J;
				INFOPLIST_FILE = Demos/Info.plist;
				IPHONEOS_DEPLOYMENT_TARGET = 9.0;
				"IPHONEOS_DEPLOYMENT_TARGET[sdk=macosx*]" = 13.1;
				LD_RUNPATH_SEARCH_PATHS = (
					"$(inherited)",
					"@executable_path/Frameworks",
				);
				ONLY_ACTIVE_ARCH = YES;
				PRODUCT_BUNDLE_IDENTIFIER = com.alipay.f2.demos;
				PRODUCT_NAME = "$(TARGET_NAME)";
				PROVISIONING_PROFILE_SPECIFIER = "";
				"PROVISIONING_PROFILE_SPECIFIER[sdk=macosx*]" = "";
				SUPPORTS_MACCATALYST = YES;
				TARGETED_DEVICE_FAMILY = "1,2";
			};
			name = Debug;
		};
		CC612BD3250A28AF00315124 /* Release */ = {
			isa = XCBuildConfiguration;
			buildSettings = {
				ASSETCATALOG_COMPILER_APPICON_NAME = AppIcon;
				CODE_SIGN_ENTITLEMENTS = F2Native.entitlements;
				CODE_SIGN_IDENTITY = "Apple Development";
				"CODE_SIGN_IDENTITY[sdk=macosx*]" = "Apple Development";
				CODE_SIGN_STYLE = Automatic;
				CURRENT_PROJECT_VERSION = 1.0;
				DEVELOPMENT_TEAM = BQWDN7869J;
				INFOPLIST_FILE = Demos/Info.plist;
				IPHONEOS_DEPLOYMENT_TARGET = 9.0;
				"IPHONEOS_DEPLOYMENT_TARGET[sdk=macosx*]" = 13.1;
				LD_RUNPATH_SEARCH_PATHS = (
					"$(inherited)",
					"@executable_path/Frameworks",
				);
				PRODUCT_BUNDLE_IDENTIFIER = com.alipay.f2.demos;
				PRODUCT_NAME = "$(TARGET_NAME)";
				PROVISIONING_PROFILE_SPECIFIER = "";
				"PROVISIONING_PROFILE_SPECIFIER[sdk=macosx*]" = "";
				SUPPORTS_MACCATALYST = YES;
				TARGETED_DEVICE_FAMILY = "1,2";
			};
			name = Release;
		};
/* End XCBuildConfiguration section */

/* Begin XCConfigurationList section */
		CC612BB3250A28AE00315124 /* Build configuration list for PBXProject "Demos" */ = {
			isa = XCConfigurationList;
			buildConfigurations = (
				CC612BCF250A28AF00315124 /* Debug */,
				CC612BD0250A28AF00315124 /* Release */,
			);
			defaultConfigurationIsVisible = 0;
			defaultConfigurationName = Release;
		};
		CC612BD1250A28AF00315124 /* Build configuration list for PBXNativeTarget "F2Native" */ = {
			isa = XCConfigurationList;
			buildConfigurations = (
				CC612BD2250A28AF00315124 /* Debug */,
				CC612BD3250A28AF00315124 /* Release */,
			);
			defaultConfigurationIsVisible = 0;
			defaultConfigurationName = Release;
		};
/* End XCConfigurationList section */
	};
	rootObject = CC612BB0250A28AE00315124 /* Project object */;
}
