// !$*UTF8*$!
{
	archiveVersion = 1;
	classes = {
	};
	objectVersion = 50;
	objects = {

/* Begin PBXBuildFile section */
		3F56A02D25218EE5002AA2D2 /* F2.h in Headers */ = {isa = PBXBuildFile; fileRef = 3F56A02C25218EE5002AA2D2 /* F2.h */; settings = {ATTRIBUTES = (Public, ); }; };
		3F58178D257A3CCF002023ED /* F2-Prefix.pch in Headers */ = {isa = PBXBuildFile; fileRef = 3F58178B257A3CCF002023ED /* F2-Prefix.pch */; };
		3F5817E4257FB72F002023ED /* F2CallbackObj.h in Headers */ = {isa = PBXBuildFile; fileRef = 3F5817E1257FB72F002023ED /* F2CallbackObj.h */; settings = {ATTRIBUTES = (Public, ); }; };
		3F5817E5257FB72F002023ED /* F2CallbackObj.mm in Sources */ = {isa = PBXBuildFile; fileRef = 3F5817E3257FB72F002023ED /* F2CallbackObj.mm */; };
		3FB8F5E125CF995A0010E9E6 /* F2CanvasThread.h in Headers */ = {isa = PBXBuildFile; fileRef = 3FB8F5DF25CF995A0010E9E6 /* F2CanvasThread.h */; settings = {ATTRIBUTES = (Public, ); }; };
		3FB8F5E225CF995A0010E9E6 /* F2CanvasThread.m in Sources */ = {isa = PBXBuildFile; fileRef = 3FB8F5E025CF995A0010E9E6 /* F2CanvasThread.m */; };
		3FC0056C253F0C2D00E09DD7 /* F2GestureListener.h in Headers */ = {isa = PBXBuildFile; fileRef = 3FC0056A253F0C2D00E09DD7 /* F2GestureListener.h */; settings = {ATTRIBUTES = (Public, ); }; };
		3FC0056D253F0C2D00E09DD7 /* F2GestureListener.m in Sources */ = {isa = PBXBuildFile; fileRef = 3FC0056B253F0C2D00E09DD7 /* F2GestureListener.m */; };
		9555CEAD2623E36C00202A83 /* F2CanvasView.mm in Sources */ = {isa = PBXBuildFile; fileRef = 9555CEAC2623E36C00202A83 /* F2CanvasView.mm */; };
		955723F125ECBF7200D2FC07 /* Line.cpp in Sources */ = {isa = PBXBuildFile; fileRef = 9557237525ECBF7200D2FC07 /* Line.cpp */; };
		955723F225ECBF7200D2FC07 /* GuideBase.cpp in Sources */ = {isa = PBXBuildFile; fileRef = 9557237625ECBF7200D2FC07 /* GuideBase.cpp */; };
		955723F325ECBF7200D2FC07 /* Text.cpp in Sources */ = {isa = PBXBuildFile; fileRef = 9557237725ECBF7200D2FC07 /* Text.cpp */; };
		955723F425ECBF7200D2FC07 /* Text.h in Headers */ = {isa = PBXBuildFile; fileRef = 9557237825ECBF7200D2FC07 /* Text.h */; };
		955723F525ECBF7200D2FC07 /* Flag.h in Headers */ = {isa = PBXBuildFile; fileRef = 9557237925ECBF7200D2FC07 /* Flag.h */; };
		955723F625ECBF7200D2FC07 /* GuideController.h in Headers */ = {isa = PBXBuildFile; fileRef = 9557237A25ECBF7200D2FC07 /* GuideController.h */; };
		955723F725ECBF7200D2FC07 /* GuideController.cpp in Sources */ = {isa = PBXBuildFile; fileRef = 9557237B25ECBF7200D2FC07 /* GuideController.cpp */; };
		955723F825ECBF7200D2FC07 /* Line.h in Headers */ = {isa = PBXBuildFile; fileRef = 9557237C25ECBF7200D2FC07 /* Line.h */; };
		955723F925ECBF7200D2FC07 /* Flag.cpp in Sources */ = {isa = PBXBuildFile; fileRef = 9557237D25ECBF7200D2FC07 /* Flag.cpp */; };
		955723FA25ECBF7200D2FC07 /* GuideBase.h in Headers */ = {isa = PBXBuildFile; fileRef = 9557237E25ECBF7200D2FC07 /* GuideBase.h */; };
		955723FB25ECBF7200D2FC07 /* LegendController.cpp in Sources */ = {isa = PBXBuildFile; fileRef = 9557238025ECBF7200D2FC07 /* LegendController.cpp */; };
		955723FC25ECBF7200D2FC07 /* LegendController.h in Headers */ = {isa = PBXBuildFile; fileRef = 9557238125ECBF7200D2FC07 /* LegendController.h */; };
		955723FD25ECBF7200D2FC07 /* GeomAnimate.h in Headers */ = {isa = PBXBuildFile; fileRef = 9557238325ECBF7200D2FC07 /* GeomAnimate.h */; };
		955723FE25ECBF7200D2FC07 /* GeomAnimate.cpp in Sources */ = {isa = PBXBuildFile; fileRef = 9557238425ECBF7200D2FC07 /* GeomAnimate.cpp */; };
		955723FF25ECBF7200D2FC07 /* TimeLine.cpp in Sources */ = {isa = PBXBuildFile; fileRef = 9557238525ECBF7200D2FC07 /* TimeLine.cpp */; };
		9557240025ECBF7200D2FC07 /* Animator.h in Headers */ = {isa = PBXBuildFile; fileRef = 9557238625ECBF7200D2FC07 /* Animator.h */; };
		9557240125ECBF7200D2FC07 /* TimeLine.h in Headers */ = {isa = PBXBuildFile; fileRef = 9557238725ECBF7200D2FC07 /* TimeLine.h */; };
		9557240225ECBF7200D2FC07 /* XChart.h in Headers */ = {isa = PBXBuildFile; fileRef = 9557238825ECBF7200D2FC07 /* XChart.h */; };
		9557240325ECBF7200D2FC07 /* TooltipController.cpp in Sources */ = {isa = PBXBuildFile; fileRef = 9557238A25ECBF7200D2FC07 /* TooltipController.cpp */; };
		9557240425ECBF7200D2FC07 /* TooltipController.h in Headers */ = {isa = PBXBuildFile; fileRef = 9557238B25ECBF7200D2FC07 /* TooltipController.h */; };
		9557240525ECBF7200D2FC07 /* ToolTip.h in Headers */ = {isa = PBXBuildFile; fileRef = 9557238C25ECBF7200D2FC07 /* ToolTip.h */; };
		9557240625ECBF7200D2FC07 /* Stack.h in Headers */ = {isa = PBXBuildFile; fileRef = 9557238E25ECBF7200D2FC07 /* Stack.h */; };
		9557240725ECBF7200D2FC07 /* Dodge.h in Headers */ = {isa = PBXBuildFile; fileRef = 9557238F25ECBF7200D2FC07 /* Dodge.h */; };
		9557240825ECBF7200D2FC07 /* Line.cpp in Sources */ = {isa = PBXBuildFile; fileRef = 9557239125ECBF7200D2FC07 /* Line.cpp */; };
		9557240925ECBF7200D2FC07 /* Marker.cpp in Sources */ = {isa = PBXBuildFile; fileRef = 9557239225ECBF7200D2FC07 /* Marker.cpp */; };
		9557240A25ECBF7200D2FC07 /* Text.cpp in Sources */ = {isa = PBXBuildFile; fileRef = 9557239325ECBF7200D2FC07 /* Text.cpp */; };
		9557240B25ECBF7200D2FC07 /* Text.h in Headers */ = {isa = PBXBuildFile; fileRef = 9557239425ECBF7200D2FC07 /* Text.h */; };
		9557240C25ECBF7200D2FC07 /* Circle.h in Headers */ = {isa = PBXBuildFile; fileRef = 9557239525ECBF7200D2FC07 /* Circle.h */; };
		9557240D25ECBF7200D2FC07 /* Marker.h in Headers */ = {isa = PBXBuildFile; fileRef = 9557239625ECBF7200D2FC07 /* Marker.h */; };
		9557240E25ECBF7200D2FC07 /* Shape.h in Headers */ = {isa = PBXBuildFile; fileRef = 9557239725ECBF7200D2FC07 /* Shape.h */; };
		9557240F25ECBF7200D2FC07 /* Area.h in Headers */ = {isa = PBXBuildFile; fileRef = 9557239825ECBF7200D2FC07 /* Area.h */; };
		9557241025ECBF7200D2FC07 /* Polyline.h in Headers */ = {isa = PBXBuildFile; fileRef = 9557239925ECBF7200D2FC07 /* Polyline.h */; };
		9557241125ECBF7200D2FC07 /* Element.h in Headers */ = {isa = PBXBuildFile; fileRef = 9557239A25ECBF7200D2FC07 /* Element.h */; };
		9557241225ECBF7200D2FC07 /* Rect.h in Headers */ = {isa = PBXBuildFile; fileRef = 9557239B25ECBF7200D2FC07 /* Rect.h */; };
		9557241325ECBF7200D2FC07 /* Group.h in Headers */ = {isa = PBXBuildFile; fileRef = 9557239C25ECBF7200D2FC07 /* Group.h */; };
		9557241425ECBF7200D2FC07 /* Rect.cpp in Sources */ = {isa = PBXBuildFile; fileRef = 9557239D25ECBF7200D2FC07 /* Rect.cpp */; };
		9557241525ECBF7200D2FC07 /* Shape.cpp in Sources */ = {isa = PBXBuildFile; fileRef = 9557239E25ECBF7200D2FC07 /* Shape.cpp */; };
		9557241625ECBF7200D2FC07 /* Circle.cpp in Sources */ = {isa = PBXBuildFile; fileRef = 9557239F25ECBF7200D2FC07 /* Circle.cpp */; };
		9557241725ECBF7200D2FC07 /* Line.h in Headers */ = {isa = PBXBuildFile; fileRef = 955723A025ECBF7200D2FC07 /* Line.h */; };
		9557241825ECBF7200D2FC07 /* Element.cpp in Sources */ = {isa = PBXBuildFile; fileRef = 955723A125ECBF7200D2FC07 /* Element.cpp */; };
		9557241925ECBF7200D2FC07 /* Area.cpp in Sources */ = {isa = PBXBuildFile; fileRef = 955723A225ECBF7200D2FC07 /* Area.cpp */; };
		9557241A25ECBF7200D2FC07 /* Polyline.cpp in Sources */ = {isa = PBXBuildFile; fileRef = 955723A325ECBF7200D2FC07 /* Polyline.cpp */; };
		9557241B25ECBF7200D2FC07 /* Group.cpp in Sources */ = {isa = PBXBuildFile; fileRef = 955723A425ECBF7200D2FC07 /* Group.cpp */; };
		9557241C25ECBF7200D2FC07 /* Scale.h in Headers */ = {isa = PBXBuildFile; fileRef = 955723A625ECBF7200D2FC07 /* Scale.h */; };
		9557241D25ECBF7200D2FC07 /* TimeCategory.h in Headers */ = {isa = PBXBuildFile; fileRef = 955723A725ECBF7200D2FC07 /* TimeCategory.h */; };
		9557241E25ECBF7200D2FC07 /* ScaleController.h in Headers */ = {isa = PBXBuildFile; fileRef = 955723A825ECBF7200D2FC07 /* ScaleController.h */; };
		9557241F25ECBF7200D2FC07 /* Identity.h in Headers */ = {isa = PBXBuildFile; fileRef = 955723A925ECBF7200D2FC07 /* Identity.h */; };
		9557242025ECBF7200D2FC07 /* KLineCat.h in Headers */ = {isa = PBXBuildFile; fileRef = 955723AA25ECBF7200D2FC07 /* KLineCat.h */; };
		9557242125ECBF7200D2FC07 /* Category.h in Headers */ = {isa = PBXBuildFile; fileRef = 955723AB25ECBF7200D2FC07 /* Category.h */; };
		9557242225ECBF7200D2FC07 /* Linear.h in Headers */ = {isa = PBXBuildFile; fileRef = 955723AD25ECBF7200D2FC07 /* Linear.h */; };
		9557242325ECBF7200D2FC07 /* TimeSharingLinear.h in Headers */ = {isa = PBXBuildFile; fileRef = 955723AE25ECBF7200D2FC07 /* TimeSharingLinear.h */; };
		9557242425ECBF7200D2FC07 /* BBox.h in Headers */ = {isa = PBXBuildFile; fileRef = 955723B125ECBF7200D2FC07 /* BBox.h */; };
		9557242525ECBF7200D2FC07 /* Point.h in Headers */ = {isa = PBXBuildFile; fileRef = 955723B225ECBF7200D2FC07 /* Point.h */; };
		9557242625ECBF7200D2FC07 /* Path.h in Headers */ = {isa = PBXBuildFile; fileRef = 955723B325ECBF7200D2FC07 /* Path.h */; };
		9557242725ECBF7200D2FC07 /* Matrix.h in Headers */ = {isa = PBXBuildFile; fileRef = 955723B425ECBF7200D2FC07 /* Matrix.h */; };
		9557242825ECBF7200D2FC07 /* Color.h in Headers */ = {isa = PBXBuildFile; fileRef = 955723B525ECBF7200D2FC07 /* Color.h */; };
		9557242925ECBF7200D2FC07 /* json_util.h in Headers */ = {isa = PBXBuildFile; fileRef = 955723B625ECBF7200D2FC07 /* json_util.h */; };
		9557242A25ECBF7200D2FC07 /* json.h in Headers */ = {isa = PBXBuildFile; fileRef = 955723B725ECBF7200D2FC07 /* json.h */; };
		9557242B25ECBF7200D2FC07 /* Vector2d.h in Headers */ = {isa = PBXBuildFile; fileRef = 955723B825ECBF7200D2FC07 /* Vector2d.h */; };
		9557242C25ECBF7200D2FC07 /* json.cpp in Sources */ = {isa = PBXBuildFile; fileRef = 955723B925ECBF7200D2FC07 /* json.cpp */; };
		9557242D25ECBF7200D2FC07 /* global.h in Headers */ = {isa = PBXBuildFile; fileRef = 955723BA25ECBF7200D2FC07 /* global.h */; };
		9557242E25ECBF7200D2FC07 /* XChart.cpp in Sources */ = {isa = PBXBuildFile; fileRef = 955723BB25ECBF7200D2FC07 /* XChart.cpp */; };
		9557242F25ECBF7200D2FC07 /* Canvas.cpp in Sources */ = {isa = PBXBuildFile; fileRef = 955723BD25ECBF7200D2FC07 /* Canvas.cpp */; };
		9557243025ECBF7200D2FC07 /* Cartesian.h in Headers */ = {isa = PBXBuildFile; fileRef = 955723BE25ECBF7200D2FC07 /* Cartesian.h */; };
		9557243125ECBF7200D2FC07 /* Container.h in Headers */ = {isa = PBXBuildFile; fileRef = 955723BF25ECBF7200D2FC07 /* Container.h */; };
		9557243225ECBF7200D2FC07 /* StandaloneCanvasContext.h in Headers */ = {isa = PBXBuildFile; fileRef = 955723C025ECBF7200D2FC07 /* StandaloneCanvasContext.h */; };
		9557243325ECBF7200D2FC07 /* Coord.h in Headers */ = {isa = PBXBuildFile; fileRef = 955723C125ECBF7200D2FC07 /* Coord.h */; };
		9557243425ECBF7200D2FC07 /* AlipayCanvasContext.h in Headers */ = {isa = PBXBuildFile; fileRef = 955723C225ECBF7200D2FC07 /* AlipayCanvasContext.h */; };
		9557243525ECBF7200D2FC07 /* Canvas.h in Headers */ = {isa = PBXBuildFile; fileRef = 955723C325ECBF7200D2FC07 /* Canvas.h */; };
		9557243625ECBF7200D2FC07 /* CanvasContext.h in Headers */ = {isa = PBXBuildFile; fileRef = 955723C425ECBF7200D2FC07 /* CanvasContext.h */; };
		9557243725ECBF7200D2FC07 /* Polar.h in Headers */ = {isa = PBXBuildFile; fileRef = 955723C525ECBF7200D2FC07 /* Polar.h */; };
		9557243825ECBF7200D2FC07 /* Line.cpp in Sources */ = {isa = PBXBuildFile; fileRef = 955723C725ECBF7200D2FC07 /* Line.cpp */; };
		9557243925ECBF7200D2FC07 /* Point.h in Headers */ = {isa = PBXBuildFile; fileRef = 955723C925ECBF7200D2FC07 /* Point.h */; };
		9557243A25ECBF7200D2FC07 /* GeomShapeFactory.h in Headers */ = {isa = PBXBuildFile; fileRef = 955723CA25ECBF7200D2FC07 /* GeomShapeFactory.h */; };
		9557243B25ECBF7200D2FC07 /* GeomShapeFactory.cpp in Sources */ = {isa = PBXBuildFile; fileRef = 955723CB25ECBF7200D2FC07 /* GeomShapeFactory.cpp */; };
		9557243C25ECBF7200D2FC07 /* Candle.h in Headers */ = {isa = PBXBuildFile; fileRef = 955723CC25ECBF7200D2FC07 /* Candle.h */; };
		9557243D25ECBF7200D2FC07 /* Area.h in Headers */ = {isa = PBXBuildFile; fileRef = 955723CD25ECBF7200D2FC07 /* Area.h */; };
		9557243E25ECBF7200D2FC07 /* Line.h in Headers */ = {isa = PBXBuildFile; fileRef = 955723CE25ECBF7200D2FC07 /* Line.h */; };
		9557243F25ECBF7200D2FC07 /* GeomShapeBase.h in Headers */ = {isa = PBXBuildFile; fileRef = 955723CF25ECBF7200D2FC07 /* GeomShapeBase.h */; };
		9557244025ECBF7200D2FC07 /* Interval.h in Headers */ = {isa = PBXBuildFile; fileRef = 955723D025ECBF7200D2FC07 /* Interval.h */; };
		9557244125ECBF7200D2FC07 /* Point.h in Headers */ = {isa = PBXBuildFile; fileRef = 955723D125ECBF7200D2FC07 /* Point.h */; };
		9557244225ECBF7200D2FC07 /* Path.h in Headers */ = {isa = PBXBuildFile; fileRef = 955723D225ECBF7200D2FC07 /* Path.h */; };
		9557244325ECBF7200D2FC07 /* Candle.h in Headers */ = {isa = PBXBuildFile; fileRef = 955723D325ECBF7200D2FC07 /* Candle.h */; };
		9557244425ECBF7200D2FC07 /* Area.h in Headers */ = {isa = PBXBuildFile; fileRef = 955723D425ECBF7200D2FC07 /* Area.h */; };
		9557244525ECBF7200D2FC07 /* Candle.cpp in Sources */ = {isa = PBXBuildFile; fileRef = 955723D525ECBF7200D2FC07 /* Candle.cpp */; };
		9557244625ECBF7200D2FC07 /* AttrBase.h in Headers */ = {isa = PBXBuildFile; fileRef = 955723D725ECBF7200D2FC07 /* AttrBase.h */; };
		9557244725ECBF7200D2FC07 /* Point.cpp in Sources */ = {isa = PBXBuildFile; fileRef = 955723D825ECBF7200D2FC07 /* Point.cpp */; };
		9557244825ECBF7200D2FC07 /* Line.h in Headers */ = {isa = PBXBuildFile; fileRef = 955723D925ECBF7200D2FC07 /* Line.h */; };
		9557244925ECBF7200D2FC07 /* Geom.cpp in Sources */ = {isa = PBXBuildFile; fileRef = 955723DA25ECBF7200D2FC07 /* Geom.cpp */; };
		9557244A25ECBF7200D2FC07 /* Area.cpp in Sources */ = {isa = PBXBuildFile; fileRef = 955723DB25ECBF7200D2FC07 /* Area.cpp */; };
		9557244B25ECBF7200D2FC07 /* Interval.cpp in Sources */ = {isa = PBXBuildFile; fileRef = 955723DC25ECBF7200D2FC07 /* Interval.cpp */; };
		9557244C25ECBF7200D2FC07 /* Geom.h in Headers */ = {isa = PBXBuildFile; fileRef = 955723DD25ECBF7200D2FC07 /* Geom.h */; };
		9557244D25ECBF7200D2FC07 /* Interval.h in Headers */ = {isa = PBXBuildFile; fileRef = 955723DE25ECBF7200D2FC07 /* Interval.h */; };
		9557244E25ECBF7200D2FC07 /* AxisController.h in Headers */ = {isa = PBXBuildFile; fileRef = 955723E025ECBF7200D2FC07 /* AxisController.h */; };
		9557244F25ECBF7200D2FC07 /* AxisController.cpp in Sources */ = {isa = PBXBuildFile; fileRef = 955723E125ECBF7200D2FC07 /* AxisController.cpp */; };
		9557245025ECBF7200D2FC07 /* EventController.h in Headers */ = {isa = PBXBuildFile; fileRef = 955723E425ECBF7200D2FC07 /* EventController.h */; };
		9557245125ECBF7200D2FC07 /* InteractionBase.h in Headers */ = {isa = PBXBuildFile; fileRef = 955723E625ECBF7200D2FC07 /* InteractionBase.h */; };
		9557245225ECBF7200D2FC07 /* Pan.h in Headers */ = {isa = PBXBuildFile; fileRef = 955723E725ECBF7200D2FC07 /* Pan.h */; };
		9557245325ECBF7200D2FC07 /* Pan.cpp in Sources */ = {isa = PBXBuildFile; fileRef = 955723E825ECBF7200D2FC07 /* Pan.cpp */; };
		9557245425ECBF7200D2FC07 /* Pinch.cpp in Sources */ = {isa = PBXBuildFile; fileRef = 955723E925ECBF7200D2FC07 /* Pinch.cpp */; };
		9557245525ECBF7200D2FC07 /* InteractionContext.h in Headers */ = {isa = PBXBuildFile; fileRef = 955723EA25ECBF7200D2FC07 /* InteractionContext.h */; };
		9557245625ECBF7200D2FC07 /* Pinch.h in Headers */ = {isa = PBXBuildFile; fileRef = 955723EB25ECBF7200D2FC07 /* Pinch.h */; };
		9557245725ECBF7200D2FC07 /* InteractionContext.cpp in Sources */ = {isa = PBXBuildFile; fileRef = 955723EC25ECBF7200D2FC07 /* InteractionContext.cpp */; };
		9557245825ECBF7200D2FC07 /* Command.h in Headers */ = {isa = PBXBuildFile; fileRef = 955723EE25ECBF7200D2FC07 /* Command.h */; };
		9557245925ECBF7200D2FC07 /* Func.h in Headers */ = {isa = PBXBuildFile; fileRef = 955723EF25ECBF7200D2FC07 /* Func.h */; };
		CC195216250B76CA0000FBFA /* F2CanvasView.h in Headers */ = {isa = PBXBuildFile; fileRef = CC195214250B76C90000FBFA /* F2CanvasView.h */; settings = {ATTRIBUTES = (Public, ); }; };
		CC19521A250B8CB30000FBFA /* F2GLESEnv.mm in Sources */ = {isa = PBXBuildFile; fileRef = CC195218250B8CB30000FBFA /* F2GLESEnv.mm */; };
		CC19521B250B8CB30000FBFA /* F2GLESEnv.h in Headers */ = {isa = PBXBuildFile; fileRef = CC195219250B8CB30000FBFA /* F2GLESEnv.h */; };
		CC6124DC250A1D0C00315124 /* StringUtil.h in Headers */ = {isa = PBXBuildFile; fileRef = CC611D17250A1D0800315124 /* StringUtil.h */; };
		CC6124DD250A1D0C00315124 /* common.h in Headers */ = {isa = PBXBuildFile; fileRef = CC611D18250A1D0800315124 /* common.h */; };
		CC6124DF250A1D0C00315124 /* Tracer.h in Headers */ = {isa = PBXBuildFile; fileRef = CC611D1A250A1D0800315124 /* Tracer.h */; };
		CC6124E0250A1D0C00315124 /* xtime.h in Headers */ = {isa = PBXBuildFile; fileRef = CC611D1B250A1D0800315124 /* xtime.h */; };
		CC6127BA250A1D0D00315124 /* WilkinsonExtended.c in Sources */ = {isa = PBXBuildFile; fileRef = CC612098250A1D0900315124 /* WilkinsonExtended.c */; };
		CC6127BD250A1D0D00315124 /* WilkinsonExtended.h in Headers */ = {isa = PBXBuildFile; fileRef = CC61209B250A1D0900315124 /* WilkinsonExtended.h */; };
		CC612BA5250A1D0F00315124 /* json.hpp in Headers */ = {isa = PBXBuildFile; fileRef = CC6124D4250A1D0C00315124 /* json.hpp */; };
		CC612BAC250A1DB300315124 /* GCanvas.framework in Frameworks */ = {isa = PBXBuildFile; fileRef = CC612BAB250A1D7F00315124 /* GCanvas.framework */; };
		CC612BF3250B2EF700315124 /* F2Utils.h in Headers */ = {isa = PBXBuildFile; fileRef = CC612BEB250B2EF600315124 /* F2Utils.h */; settings = {ATTRIBUTES = (Public, ); }; };
		CC612BF4250B2EF700315124 /* F2Chart.h in Headers */ = {isa = PBXBuildFile; fileRef = CC612BEC250B2EF600315124 /* F2Chart.h */; settings = {ATTRIBUTES = (Public, ); }; };
		CC612BF5250B2EF700315124 /* F2Utils.m in Sources */ = {isa = PBXBuildFile; fileRef = CC612BED250B2EF600315124 /* F2Utils.m */; };
		CC612BF6250B2EF700315124 /* F2Guide.h in Headers */ = {isa = PBXBuildFile; fileRef = CC612BEE250B2EF600315124 /* F2Guide.h */; settings = {ATTRIBUTES = (Public, ); }; };
		CC612BF7250B2EF700315124 /* F2Chart.mm in Sources */ = {isa = PBXBuildFile; fileRef = CC612BEF250B2EF700315124 /* F2Chart.mm */; };
		CC612BF8250B2EF700315124 /* F2Geom.h in Headers */ = {isa = PBXBuildFile; fileRef = CC612BF0250B2EF700315124 /* F2Geom.h */; settings = {ATTRIBUTES = (Public, ); }; };
		CC612BF9250B2EF700315124 /* F2Geom.mm in Sources */ = {isa = PBXBuildFile; fileRef = CC612BF1250B2EF700315124 /* F2Geom.mm */; };
		CC612BFA250B2EF700315124 /* F2Guide.mm in Sources */ = {isa = PBXBuildFile; fileRef = CC612BF2250B2EF700315124 /* F2Guide.mm */; };
/* End PBXBuildFile section */

/* Begin PBXContainerItemProxy section */
		CC612BAA250A1D7F00315124 /* PBXContainerItemProxy */ = {
			isa = PBXContainerItemProxy;
			containerPortal = CC612BA6250A1D7F00315124 /* GCanvas.xcodeproj */;
			proxyType = 2;
			remoteGlobalIDString = 9A40B58B1ED4546700739AE6;
			remoteInfo = GCanvas;
		};
/* End PBXContainerItemProxy section */

/* Begin PBXFileReference section */
		3F56A02C25218EE5002AA2D2 /* F2.h */ = {isa = PBXFileReference; lastKnownFileType = sourcecode.c.h; path = F2.h; sourceTree = "<group>"; };
		3F58178B257A3CCF002023ED /* F2-Prefix.pch */ = {isa = PBXFileReference; fileEncoding = 4; lastKnownFileType = sourcecode.c.h; path = "F2-Prefix.pch"; sourceTree = "<group>"; };
		3F5817E1257FB72F002023ED /* F2CallbackObj.h */ = {isa = PBXFileReference; fileEncoding = 4; lastKnownFileType = sourcecode.c.h; path = F2CallbackObj.h; sourceTree = "<group>"; };
		3F5817E3257FB72F002023ED /* F2CallbackObj.mm */ = {isa = PBXFileReference; fileEncoding = 4; lastKnownFileType = sourcecode.cpp.objcpp; path = F2CallbackObj.mm; sourceTree = "<group>"; };
		3FB8F5DF25CF995A0010E9E6 /* F2CanvasThread.h */ = {isa = PBXFileReference; lastKnownFileType = sourcecode.c.h; path = F2CanvasThread.h; sourceTree = "<group>"; };
		3FB8F5E025CF995A0010E9E6 /* F2CanvasThread.m */ = {isa = PBXFileReference; lastKnownFileType = sourcecode.c.objc; path = F2CanvasThread.m; sourceTree = "<group>"; };
		3FC0056A253F0C2D00E09DD7 /* F2GestureListener.h */ = {isa = PBXFileReference; lastKnownFileType = sourcecode.c.h; path = F2GestureListener.h; sourceTree = "<group>"; };
		3FC0056B253F0C2D00E09DD7 /* F2GestureListener.m */ = {isa = PBXFileReference; lastKnownFileType = sourcecode.c.objc; path = F2GestureListener.m; sourceTree = "<group>"; };
		9555CEAC2623E36C00202A83 /* F2CanvasView.mm */ = {isa = PBXFileReference; fileEncoding = 4; lastKnownFileType = sourcecode.cpp.objcpp; path = F2CanvasView.mm; sourceTree = "<group>"; };
		9557237525ECBF7200D2FC07 /* Line.cpp */ = {isa = PBXFileReference; fileEncoding = 4; lastKnownFileType = sourcecode.cpp.cpp; path = Line.cpp; sourceTree = "<group>"; };
		9557237625ECBF7200D2FC07 /* GuideBase.cpp */ = {isa = PBXFileReference; fileEncoding = 4; lastKnownFileType = sourcecode.cpp.cpp; path = GuideBase.cpp; sourceTree = "<group>"; };
		9557237725ECBF7200D2FC07 /* Text.cpp */ = {isa = PBXFileReference; fileEncoding = 4; lastKnownFileType = sourcecode.cpp.cpp; path = Text.cpp; sourceTree = "<group>"; };
		9557237825ECBF7200D2FC07 /* Text.h */ = {isa = PBXFileReference; fileEncoding = 4; lastKnownFileType = sourcecode.c.h; path = Text.h; sourceTree = "<group>"; };
		9557237925ECBF7200D2FC07 /* Flag.h */ = {isa = PBXFileReference; fileEncoding = 4; lastKnownFileType = sourcecode.c.h; path = Flag.h; sourceTree = "<group>"; };
		9557237A25ECBF7200D2FC07 /* GuideController.h */ = {isa = PBXFileReference; fileEncoding = 4; lastKnownFileType = sourcecode.c.h; path = GuideController.h; sourceTree = "<group>"; };
		9557237B25ECBF7200D2FC07 /* GuideController.cpp */ = {isa = PBXFileReference; fileEncoding = 4; lastKnownFileType = sourcecode.cpp.cpp; path = GuideController.cpp; sourceTree = "<group>"; };
		9557237C25ECBF7200D2FC07 /* Line.h */ = {isa = PBXFileReference; fileEncoding = 4; lastKnownFileType = sourcecode.c.h; path = Line.h; sourceTree = "<group>"; };
		9557237D25ECBF7200D2FC07 /* Flag.cpp */ = {isa = PBXFileReference; fileEncoding = 4; lastKnownFileType = sourcecode.cpp.cpp; path = Flag.cpp; sourceTree = "<group>"; };
		9557237E25ECBF7200D2FC07 /* GuideBase.h */ = {isa = PBXFileReference; fileEncoding = 4; lastKnownFileType = sourcecode.c.h; path = GuideBase.h; sourceTree = "<group>"; };
		9557238025ECBF7200D2FC07 /* LegendController.cpp */ = {isa = PBXFileReference; fileEncoding = 4; lastKnownFileType = sourcecode.cpp.cpp; path = LegendController.cpp; sourceTree = "<group>"; };
		9557238125ECBF7200D2FC07 /* LegendController.h */ = {isa = PBXFileReference; fileEncoding = 4; lastKnownFileType = sourcecode.c.h; path = LegendController.h; sourceTree = "<group>"; };
		9557238325ECBF7200D2FC07 /* GeomAnimate.h */ = {isa = PBXFileReference; fileEncoding = 4; lastKnownFileType = sourcecode.c.h; path = GeomAnimate.h; sourceTree = "<group>"; };
		9557238425ECBF7200D2FC07 /* GeomAnimate.cpp */ = {isa = PBXFileReference; fileEncoding = 4; lastKnownFileType = sourcecode.cpp.cpp; path = GeomAnimate.cpp; sourceTree = "<group>"; };
		9557238525ECBF7200D2FC07 /* TimeLine.cpp */ = {isa = PBXFileReference; fileEncoding = 4; lastKnownFileType = sourcecode.cpp.cpp; path = TimeLine.cpp; sourceTree = "<group>"; };
		9557238625ECBF7200D2FC07 /* Animator.h */ = {isa = PBXFileReference; fileEncoding = 4; lastKnownFileType = sourcecode.c.h; path = Animator.h; sourceTree = "<group>"; };
		9557238725ECBF7200D2FC07 /* TimeLine.h */ = {isa = PBXFileReference; fileEncoding = 4; lastKnownFileType = sourcecode.c.h; path = TimeLine.h; sourceTree = "<group>"; };
		9557238825ECBF7200D2FC07 /* XChart.h */ = {isa = PBXFileReference; fileEncoding = 4; lastKnownFileType = sourcecode.c.h; path = XChart.h; sourceTree = "<group>"; };
		9557238A25ECBF7200D2FC07 /* TooltipController.cpp */ = {isa = PBXFileReference; fileEncoding = 4; lastKnownFileType = sourcecode.cpp.cpp; path = TooltipController.cpp; sourceTree = "<group>"; };
		9557238B25ECBF7200D2FC07 /* TooltipController.h */ = {isa = PBXFileReference; fileEncoding = 4; lastKnownFileType = sourcecode.c.h; path = TooltipController.h; sourceTree = "<group>"; };
		9557238C25ECBF7200D2FC07 /* ToolTip.h */ = {isa = PBXFileReference; fileEncoding = 4; lastKnownFileType = sourcecode.c.h; path = ToolTip.h; sourceTree = "<group>"; };
		9557238E25ECBF7200D2FC07 /* Stack.h */ = {isa = PBXFileReference; fileEncoding = 4; lastKnownFileType = sourcecode.c.h; path = Stack.h; sourceTree = "<group>"; };
		9557238F25ECBF7200D2FC07 /* Dodge.h */ = {isa = PBXFileReference; fileEncoding = 4; lastKnownFileType = sourcecode.c.h; path = Dodge.h; sourceTree = "<group>"; };
		9557239125ECBF7200D2FC07 /* Line.cpp */ = {isa = PBXFileReference; fileEncoding = 4; lastKnownFileType = sourcecode.cpp.cpp; path = Line.cpp; sourceTree = "<group>"; };
		9557239225ECBF7200D2FC07 /* Marker.cpp */ = {isa = PBXFileReference; fileEncoding = 4; lastKnownFileType = sourcecode.cpp.cpp; path = Marker.cpp; sourceTree = "<group>"; };
		9557239325ECBF7200D2FC07 /* Text.cpp */ = {isa = PBXFileReference; fileEncoding = 4; lastKnownFileType = sourcecode.cpp.cpp; path = Text.cpp; sourceTree = "<group>"; };
		9557239425ECBF7200D2FC07 /* Text.h */ = {isa = PBXFileReference; fileEncoding = 4; lastKnownFileType = sourcecode.c.h; path = Text.h; sourceTree = "<group>"; };
		9557239525ECBF7200D2FC07 /* Circle.h */ = {isa = PBXFileReference; fileEncoding = 4; lastKnownFileType = sourcecode.c.h; path = Circle.h; sourceTree = "<group>"; };
		9557239625ECBF7200D2FC07 /* Marker.h */ = {isa = PBXFileReference; fileEncoding = 4; lastKnownFileType = sourcecode.c.h; path = Marker.h; sourceTree = "<group>"; };
		9557239725ECBF7200D2FC07 /* Shape.h */ = {isa = PBXFileReference; fileEncoding = 4; lastKnownFileType = sourcecode.c.h; path = Shape.h; sourceTree = "<group>"; };
		9557239825ECBF7200D2FC07 /* Area.h */ = {isa = PBXFileReference; fileEncoding = 4; lastKnownFileType = sourcecode.c.h; path = Area.h; sourceTree = "<group>"; };
		9557239925ECBF7200D2FC07 /* Polyline.h */ = {isa = PBXFileReference; fileEncoding = 4; lastKnownFileType = sourcecode.c.h; path = Polyline.h; sourceTree = "<group>"; };
		9557239A25ECBF7200D2FC07 /* Element.h */ = {isa = PBXFileReference; fileEncoding = 4; lastKnownFileType = sourcecode.c.h; path = Element.h; sourceTree = "<group>"; };
		9557239B25ECBF7200D2FC07 /* Rect.h */ = {isa = PBXFileReference; fileEncoding = 4; lastKnownFileType = sourcecode.c.h; path = Rect.h; sourceTree = "<group>"; };
		9557239C25ECBF7200D2FC07 /* Group.h */ = {isa = PBXFileReference; fileEncoding = 4; lastKnownFileType = sourcecode.c.h; path = Group.h; sourceTree = "<group>"; };
		9557239D25ECBF7200D2FC07 /* Rect.cpp */ = {isa = PBXFileReference; fileEncoding = 4; lastKnownFileType = sourcecode.cpp.cpp; path = Rect.cpp; sourceTree = "<group>"; };
		9557239E25ECBF7200D2FC07 /* Shape.cpp */ = {isa = PBXFileReference; fileEncoding = 4; lastKnownFileType = sourcecode.cpp.cpp; path = Shape.cpp; sourceTree = "<group>"; };
		9557239F25ECBF7200D2FC07 /* Circle.cpp */ = {isa = PBXFileReference; fileEncoding = 4; lastKnownFileType = sourcecode.cpp.cpp; path = Circle.cpp; sourceTree = "<group>"; };
		955723A025ECBF7200D2FC07 /* Line.h */ = {isa = PBXFileReference; fileEncoding = 4; lastKnownFileType = sourcecode.c.h; path = Line.h; sourceTree = "<group>"; };
		955723A125ECBF7200D2FC07 /* Element.cpp */ = {isa = PBXFileReference; fileEncoding = 4; lastKnownFileType = sourcecode.cpp.cpp; path = Element.cpp; sourceTree = "<group>"; };
		955723A225ECBF7200D2FC07 /* Area.cpp */ = {isa = PBXFileReference; fileEncoding = 4; lastKnownFileType = sourcecode.cpp.cpp; path = Area.cpp; sourceTree = "<group>"; };
		955723A325ECBF7200D2FC07 /* Polyline.cpp */ = {isa = PBXFileReference; fileEncoding = 4; lastKnownFileType = sourcecode.cpp.cpp; path = Polyline.cpp; sourceTree = "<group>"; };
		955723A425ECBF7200D2FC07 /* Group.cpp */ = {isa = PBXFileReference; fileEncoding = 4; lastKnownFileType = sourcecode.cpp.cpp; path = Group.cpp; sourceTree = "<group>"; };
		955723A625ECBF7200D2FC07 /* Scale.h */ = {isa = PBXFileReference; fileEncoding = 4; lastKnownFileType = sourcecode.c.h; path = Scale.h; sourceTree = "<group>"; };
		955723A725ECBF7200D2FC07 /* TimeCategory.h */ = {isa = PBXFileReference; fileEncoding = 4; lastKnownFileType = sourcecode.c.h; path = TimeCategory.h; sourceTree = "<group>"; };
		955723A825ECBF7200D2FC07 /* ScaleController.h */ = {isa = PBXFileReference; fileEncoding = 4; lastKnownFileType = sourcecode.c.h; path = ScaleController.h; sourceTree = "<group>"; };
		955723A925ECBF7200D2FC07 /* Identity.h */ = {isa = PBXFileReference; fileEncoding = 4; lastKnownFileType = sourcecode.c.h; path = Identity.h; sourceTree = "<group>"; };
		955723AA25ECBF7200D2FC07 /* KLineCat.h */ = {isa = PBXFileReference; fileEncoding = 4; lastKnownFileType = sourcecode.c.h; path = KLineCat.h; sourceTree = "<group>"; };
		955723AB25ECBF7200D2FC07 /* Category.h */ = {isa = PBXFileReference; fileEncoding = 4; lastKnownFileType = sourcecode.c.h; path = Category.h; sourceTree = "<group>"; };
		955723AD25ECBF7200D2FC07 /* Linear.h */ = {isa = PBXFileReference; fileEncoding = 4; lastKnownFileType = sourcecode.c.h; path = Linear.h; sourceTree = "<group>"; };
		955723AE25ECBF7200D2FC07 /* TimeSharingLinear.h */ = {isa = PBXFileReference; fileEncoding = 4; lastKnownFileType = sourcecode.c.h; path = TimeSharingLinear.h; sourceTree = "<group>"; };
		955723B125ECBF7200D2FC07 /* BBox.h */ = {isa = PBXFileReference; fileEncoding = 4; lastKnownFileType = sourcecode.c.h; path = BBox.h; sourceTree = "<group>"; };
		955723B225ECBF7200D2FC07 /* Point.h */ = {isa = PBXFileReference; fileEncoding = 4; lastKnownFileType = sourcecode.c.h; path = Point.h; sourceTree = "<group>"; };
		955723B325ECBF7200D2FC07 /* Path.h */ = {isa = PBXFileReference; fileEncoding = 4; lastKnownFileType = sourcecode.c.h; path = Path.h; sourceTree = "<group>"; };
		955723B425ECBF7200D2FC07 /* Matrix.h */ = {isa = PBXFileReference; fileEncoding = 4; lastKnownFileType = sourcecode.c.h; path = Matrix.h; sourceTree = "<group>"; };
		955723B525ECBF7200D2FC07 /* Color.h */ = {isa = PBXFileReference; fileEncoding = 4; lastKnownFileType = sourcecode.c.h; path = Color.h; sourceTree = "<group>"; };
		955723B625ECBF7200D2FC07 /* json_util.h */ = {isa = PBXFileReference; fileEncoding = 4; lastKnownFileType = sourcecode.c.h; path = json_util.h; sourceTree = "<group>"; };
		955723B725ECBF7200D2FC07 /* json.h */ = {isa = PBXFileReference; fileEncoding = 4; lastKnownFileType = sourcecode.c.h; path = json.h; sourceTree = "<group>"; };
		955723B825ECBF7200D2FC07 /* Vector2d.h */ = {isa = PBXFileReference; fileEncoding = 4; lastKnownFileType = sourcecode.c.h; path = Vector2d.h; sourceTree = "<group>"; };
		955723B925ECBF7200D2FC07 /* json.cpp */ = {isa = PBXFileReference; fileEncoding = 4; lastKnownFileType = sourcecode.cpp.cpp; path = json.cpp; sourceTree = "<group>"; };
		955723BA25ECBF7200D2FC07 /* global.h */ = {isa = PBXFileReference; fileEncoding = 4; lastKnownFileType = sourcecode.c.h; path = global.h; sourceTree = "<group>"; };
		955723BB25ECBF7200D2FC07 /* XChart.cpp */ = {isa = PBXFileReference; fileEncoding = 4; lastKnownFileType = sourcecode.cpp.cpp; path = XChart.cpp; sourceTree = "<group>"; };
		955723BD25ECBF7200D2FC07 /* Canvas.cpp */ = {isa = PBXFileReference; fileEncoding = 4; lastKnownFileType = sourcecode.cpp.cpp; path = Canvas.cpp; sourceTree = "<group>"; };
		955723BE25ECBF7200D2FC07 /* Cartesian.h */ = {isa = PBXFileReference; fileEncoding = 4; lastKnownFileType = sourcecode.c.h; path = Cartesian.h; sourceTree = "<group>"; };
		955723BF25ECBF7200D2FC07 /* Container.h */ = {isa = PBXFileReference; fileEncoding = 4; lastKnownFileType = sourcecode.c.h; path = Container.h; sourceTree = "<group>"; };
		955723C025ECBF7200D2FC07 /* StandaloneCanvasContext.h */ = {isa = PBXFileReference; fileEncoding = 4; lastKnownFileType = sourcecode.c.h; path = StandaloneCanvasContext.h; sourceTree = "<group>"; };
		955723C125ECBF7200D2FC07 /* Coord.h */ = {isa = PBXFileReference; fileEncoding = 4; lastKnownFileType = sourcecode.c.h; path = Coord.h; sourceTree = "<group>"; };
		955723C225ECBF7200D2FC07 /* AlipayCanvasContext.h */ = {isa = PBXFileReference; fileEncoding = 4; lastKnownFileType = sourcecode.c.h; path = AlipayCanvasContext.h; sourceTree = "<group>"; };
		955723C325ECBF7200D2FC07 /* Canvas.h */ = {isa = PBXFileReference; fileEncoding = 4; lastKnownFileType = sourcecode.c.h; path = Canvas.h; sourceTree = "<group>"; };
		955723C425ECBF7200D2FC07 /* CanvasContext.h */ = {isa = PBXFileReference; fileEncoding = 4; lastKnownFileType = sourcecode.c.h; path = CanvasContext.h; sourceTree = "<group>"; };
		955723C525ECBF7200D2FC07 /* Polar.h */ = {isa = PBXFileReference; fileEncoding = 4; lastKnownFileType = sourcecode.c.h; path = Polar.h; sourceTree = "<group>"; };
		955723C725ECBF7200D2FC07 /* Line.cpp */ = {isa = PBXFileReference; fileEncoding = 4; lastKnownFileType = sourcecode.cpp.cpp; path = Line.cpp; sourceTree = "<group>"; };
		955723C925ECBF7200D2FC07 /* Point.h */ = {isa = PBXFileReference; fileEncoding = 4; lastKnownFileType = sourcecode.c.h; path = Point.h; sourceTree = "<group>"; };
		955723CA25ECBF7200D2FC07 /* GeomShapeFactory.h */ = {isa = PBXFileReference; fileEncoding = 4; lastKnownFileType = sourcecode.c.h; path = GeomShapeFactory.h; sourceTree = "<group>"; };
		955723CB25ECBF7200D2FC07 /* GeomShapeFactory.cpp */ = {isa = PBXFileReference; fileEncoding = 4; lastKnownFileType = sourcecode.cpp.cpp; path = GeomShapeFactory.cpp; sourceTree = "<group>"; };
		955723CC25ECBF7200D2FC07 /* Candle.h */ = {isa = PBXFileReference; fileEncoding = 4; lastKnownFileType = sourcecode.c.h; path = Candle.h; sourceTree = "<group>"; };
		955723CD25ECBF7200D2FC07 /* Area.h */ = {isa = PBXFileReference; fileEncoding = 4; lastKnownFileType = sourcecode.c.h; path = Area.h; sourceTree = "<group>"; };
		955723CE25ECBF7200D2FC07 /* Line.h */ = {isa = PBXFileReference; fileEncoding = 4; lastKnownFileType = sourcecode.c.h; path = Line.h; sourceTree = "<group>"; };
		955723CF25ECBF7200D2FC07 /* GeomShapeBase.h */ = {isa = PBXFileReference; fileEncoding = 4; lastKnownFileType = sourcecode.c.h; path = GeomShapeBase.h; sourceTree = "<group>"; };
		955723D025ECBF7200D2FC07 /* Interval.h */ = {isa = PBXFileReference; fileEncoding = 4; lastKnownFileType = sourcecode.c.h; path = Interval.h; sourceTree = "<group>"; };
		955723D125ECBF7200D2FC07 /* Point.h */ = {isa = PBXFileReference; fileEncoding = 4; lastKnownFileType = sourcecode.c.h; path = Point.h; sourceTree = "<group>"; };
		955723D225ECBF7200D2FC07 /* Path.h */ = {isa = PBXFileReference; fileEncoding = 4; lastKnownFileType = sourcecode.c.h; path = Path.h; sourceTree = "<group>"; };
		955723D325ECBF7200D2FC07 /* Candle.h */ = {isa = PBXFileReference; fileEncoding = 4; lastKnownFileType = sourcecode.c.h; path = Candle.h; sourceTree = "<group>"; };
		955723D425ECBF7200D2FC07 /* Area.h */ = {isa = PBXFileReference; fileEncoding = 4; lastKnownFileType = sourcecode.c.h; path = Area.h; sourceTree = "<group>"; };
		955723D525ECBF7200D2FC07 /* Candle.cpp */ = {isa = PBXFileReference; fileEncoding = 4; lastKnownFileType = sourcecode.cpp.cpp; path = Candle.cpp; sourceTree = "<group>"; };
		955723D725ECBF7200D2FC07 /* AttrBase.h */ = {isa = PBXFileReference; fileEncoding = 4; lastKnownFileType = sourcecode.c.h; path = AttrBase.h; sourceTree = "<group>"; };
		955723D825ECBF7200D2FC07 /* Point.cpp */ = {isa = PBXFileReference; fileEncoding = 4; lastKnownFileType = sourcecode.cpp.cpp; path = Point.cpp; sourceTree = "<group>"; };
		955723D925ECBF7200D2FC07 /* Line.h */ = {isa = PBXFileReference; fileEncoding = 4; lastKnownFileType = sourcecode.c.h; path = Line.h; sourceTree = "<group>"; };
		955723DA25ECBF7200D2FC07 /* Geom.cpp */ = {isa = PBXFileReference; fileEncoding = 4; lastKnownFileType = sourcecode.cpp.cpp; path = Geom.cpp; sourceTree = "<group>"; };
		955723DB25ECBF7200D2FC07 /* Area.cpp */ = {isa = PBXFileReference; fileEncoding = 4; lastKnownFileType = sourcecode.cpp.cpp; path = Area.cpp; sourceTree = "<group>"; };
		955723DC25ECBF7200D2FC07 /* Interval.cpp */ = {isa = PBXFileReference; fileEncoding = 4; lastKnownFileType = sourcecode.cpp.cpp; path = Interval.cpp; sourceTree = "<group>"; };
		955723DD25ECBF7200D2FC07 /* Geom.h */ = {isa = PBXFileReference; fileEncoding = 4; lastKnownFileType = sourcecode.c.h; path = Geom.h; sourceTree = "<group>"; };
		955723DE25ECBF7200D2FC07 /* Interval.h */ = {isa = PBXFileReference; fileEncoding = 4; lastKnownFileType = sourcecode.c.h; path = Interval.h; sourceTree = "<group>"; };
		955723E025ECBF7200D2FC07 /* AxisController.h */ = {isa = PBXFileReference; fileEncoding = 4; lastKnownFileType = sourcecode.c.h; path = AxisController.h; sourceTree = "<group>"; };
		955723E125ECBF7200D2FC07 /* AxisController.cpp */ = {isa = PBXFileReference; fileEncoding = 4; lastKnownFileType = sourcecode.cpp.cpp; path = AxisController.cpp; sourceTree = "<group>"; };
		955723E425ECBF7200D2FC07 /* EventController.h */ = {isa = PBXFileReference; fileEncoding = 4; lastKnownFileType = sourcecode.c.h; path = EventController.h; sourceTree = "<group>"; };
		955723E625ECBF7200D2FC07 /* InteractionBase.h */ = {isa = PBXFileReference; fileEncoding = 4; lastKnownFileType = sourcecode.c.h; path = InteractionBase.h; sourceTree = "<group>"; };
		955723E725ECBF7200D2FC07 /* Pan.h */ = {isa = PBXFileReference; fileEncoding = 4; lastKnownFileType = sourcecode.c.h; path = Pan.h; sourceTree = "<group>"; };
		955723E825ECBF7200D2FC07 /* Pan.cpp */ = {isa = PBXFileReference; fileEncoding = 4; lastKnownFileType = sourcecode.cpp.cpp; path = Pan.cpp; sourceTree = "<group>"; };
		955723E925ECBF7200D2FC07 /* Pinch.cpp */ = {isa = PBXFileReference; fileEncoding = 4; lastKnownFileType = sourcecode.cpp.cpp; path = Pinch.cpp; sourceTree = "<group>"; };
		955723EA25ECBF7200D2FC07 /* InteractionContext.h */ = {isa = PBXFileReference; fileEncoding = 4; lastKnownFileType = sourcecode.c.h; path = InteractionContext.h; sourceTree = "<group>"; };
		955723EB25ECBF7200D2FC07 /* Pinch.h */ = {isa = PBXFileReference; fileEncoding = 4; lastKnownFileType = sourcecode.c.h; path = Pinch.h; sourceTree = "<group>"; };
		955723EC25ECBF7200D2FC07 /* InteractionContext.cpp */ = {isa = PBXFileReference; fileEncoding = 4; lastKnownFileType = sourcecode.cpp.cpp; path = InteractionContext.cpp; sourceTree = "<group>"; };
		955723EE25ECBF7200D2FC07 /* Command.h */ = {isa = PBXFileReference; fileEncoding = 4; lastKnownFileType = sourcecode.c.h; path = Command.h; sourceTree = "<group>"; };
		955723EF25ECBF7200D2FC07 /* Func.h */ = {isa = PBXFileReference; fileEncoding = 4; lastKnownFileType = sourcecode.c.h; path = Func.h; sourceTree = "<group>"; };
		CC195214250B76C90000FBFA /* F2CanvasView.h */ = {isa = PBXFileReference; lastKnownFileType = sourcecode.c.h; path = F2CanvasView.h; sourceTree = "<group>"; };
		CC195218250B8CB30000FBFA /* F2GLESEnv.mm */ = {isa = PBXFileReference; fileEncoding = 4; lastKnownFileType = sourcecode.cpp.objcpp; path = F2GLESEnv.mm; sourceTree = "<group>"; };
		CC195219250B8CB30000FBFA /* F2GLESEnv.h */ = {isa = PBXFileReference; fileEncoding = 4; lastKnownFileType = sourcecode.c.h; path = F2GLESEnv.h; sourceTree = "<group>"; };
		CC611D17250A1D0800315124 /* StringUtil.h */ = {isa = PBXFileReference; fileEncoding = 4; lastKnownFileType = sourcecode.c.h; path = StringUtil.h; sourceTree = "<group>"; };
		CC611D18250A1D0800315124 /* common.h */ = {isa = PBXFileReference; fileEncoding = 4; lastKnownFileType = sourcecode.c.h; path = common.h; sourceTree = "<group>"; };
		CC611D1A250A1D0800315124 /* Tracer.h */ = {isa = PBXFileReference; fileEncoding = 4; lastKnownFileType = sourcecode.c.h; path = Tracer.h; sourceTree = "<group>"; };
		CC611D1B250A1D0800315124 /* xtime.h */ = {isa = PBXFileReference; fileEncoding = 4; lastKnownFileType = sourcecode.c.h; path = xtime.h; sourceTree = "<group>"; };
		CC612098250A1D0900315124 /* WilkinsonExtended.c */ = {isa = PBXFileReference; fileEncoding = 4; lastKnownFileType = sourcecode.c.c; path = WilkinsonExtended.c; sourceTree = "<group>"; };
		CC61209B250A1D0900315124 /* WilkinsonExtended.h */ = {isa = PBXFileReference; fileEncoding = 4; lastKnownFileType = sourcecode.c.h; path = WilkinsonExtended.h; sourceTree = "<group>"; };
		CC6124D4250A1D0C00315124 /* json.hpp */ = {isa = PBXFileReference; fileEncoding = 4; lastKnownFileType = sourcecode.cpp.h; path = json.hpp; sourceTree = "<group>"; };
		CC612BA6250A1D7F00315124 /* GCanvas.xcodeproj */ = {isa = PBXFileReference; lastKnownFileType = "wrapper.pb-project"; name = GCanvas.xcodeproj; path = ios/GCanvas/GCanvas.xcodeproj; sourceTree = "<group>"; };
		CC612BEB250B2EF600315124 /* F2Utils.h */ = {isa = PBXFileReference; fileEncoding = 4; lastKnownFileType = sourcecode.c.h; path = F2Utils.h; sourceTree = "<group>"; };
		CC612BEC250B2EF600315124 /* F2Chart.h */ = {isa = PBXFileReference; fileEncoding = 4; lastKnownFileType = sourcecode.c.h; path = F2Chart.h; sourceTree = "<group>"; };
		CC612BED250B2EF600315124 /* F2Utils.m */ = {isa = PBXFileReference; fileEncoding = 4; lastKnownFileType = sourcecode.c.objc; path = F2Utils.m; sourceTree = "<group>"; };
		CC612BEE250B2EF600315124 /* F2Guide.h */ = {isa = PBXFileReference; fileEncoding = 4; lastKnownFileType = sourcecode.c.h; path = F2Guide.h; sourceTree = "<group>"; };
		CC612BEF250B2EF700315124 /* F2Chart.mm */ = {isa = PBXFileReference; fileEncoding = 4; lastKnownFileType = sourcecode.cpp.objcpp; path = F2Chart.mm; sourceTree = "<group>"; };
		CC612BF0250B2EF700315124 /* F2Geom.h */ = {isa = PBXFileReference; fileEncoding = 4; lastKnownFileType = sourcecode.c.h; path = F2Geom.h; sourceTree = "<group>"; };
		CC612BF1250B2EF700315124 /* F2Geom.mm */ = {isa = PBXFileReference; fileEncoding = 4; lastKnownFileType = sourcecode.cpp.objcpp; path = F2Geom.mm; sourceTree = "<group>"; };
		CC612BF2250B2EF700315124 /* F2Guide.mm */ = {isa = PBXFileReference; fileEncoding = 4; lastKnownFileType = sourcecode.cpp.objcpp; path = F2Guide.mm; sourceTree = "<group>"; };
		CC793C3B2509FBAA00E9D913 /* F2.framework */ = {isa = PBXFileReference; explicitFileType = wrapper.framework; includeInIndex = 0; path = F2.framework; sourceTree = BUILT_PRODUCTS_DIR; };
/* End PBXFileReference section */

/* Begin PBXFrameworksBuildPhase section */
		CC793C382509FBAA00E9D913 /* Frameworks */ = {
			isa = PBXFrameworksBuildPhase;
			buildActionMask = 2147483647;
			files = (
				CC612BAC250A1DB300315124 /* GCanvas.framework in Frameworks */,
			);
			runOnlyForDeploymentPostprocessing = 0;
		};
/* End PBXFrameworksBuildPhase section */

/* Begin PBXGroup section */
		9557237325ECBF7200D2FC07 /* graphics */ = {
			isa = PBXGroup;
			children = (
				9557237425ECBF7200D2FC07 /* guide */,
				9557237F25ECBF7200D2FC07 /* legend */,
				9557238225ECBF7200D2FC07 /* animate */,
				9557238825ECBF7200D2FC07 /* XChart.h */,
				9557238925ECBF7200D2FC07 /* tooltip */,
				9557238D25ECBF7200D2FC07 /* adjust */,
				9557239025ECBF7200D2FC07 /* shape */,
				955723A525ECBF7200D2FC07 /* scale */,
				955723B025ECBF7200D2FC07 /* util */,
				955723BA25ECBF7200D2FC07 /* global.h */,
				955723BB25ECBF7200D2FC07 /* XChart.cpp */,
				955723BC25ECBF7200D2FC07 /* canvas */,
				955723C625ECBF7200D2FC07 /* geom */,
				955723DF25ECBF7200D2FC07 /* axis */,
				955723E325ECBF7200D2FC07 /* event */,
				955723E525ECBF7200D2FC07 /* interaction */,
				955723ED25ECBF7200D2FC07 /* func */,
			);
			path = graphics;
			sourceTree = "<group>";
		};
		9557237425ECBF7200D2FC07 /* guide */ = {
			isa = PBXGroup;
			children = (
				9557237525ECBF7200D2FC07 /* Line.cpp */,
				9557237625ECBF7200D2FC07 /* GuideBase.cpp */,
				9557237725ECBF7200D2FC07 /* Text.cpp */,
				9557237825ECBF7200D2FC07 /* Text.h */,
				9557237925ECBF7200D2FC07 /* Flag.h */,
				9557237A25ECBF7200D2FC07 /* GuideController.h */,
				9557237B25ECBF7200D2FC07 /* GuideController.cpp */,
				9557237C25ECBF7200D2FC07 /* Line.h */,
				9557237D25ECBF7200D2FC07 /* Flag.cpp */,
				9557237E25ECBF7200D2FC07 /* GuideBase.h */,
			);
			path = guide;
			sourceTree = "<group>";
		};
		9557237F25ECBF7200D2FC07 /* legend */ = {
			isa = PBXGroup;
			children = (
				9557238025ECBF7200D2FC07 /* LegendController.cpp */,
				9557238125ECBF7200D2FC07 /* LegendController.h */,
			);
			path = legend;
			sourceTree = "<group>";
		};
		9557238225ECBF7200D2FC07 /* animate */ = {
			isa = PBXGroup;
			children = (
				9557238325ECBF7200D2FC07 /* GeomAnimate.h */,
				9557238425ECBF7200D2FC07 /* GeomAnimate.cpp */,
				9557238525ECBF7200D2FC07 /* TimeLine.cpp */,
				9557238625ECBF7200D2FC07 /* Animator.h */,
				9557238725ECBF7200D2FC07 /* TimeLine.h */,
			);
			path = animate;
			sourceTree = "<group>";
		};
		9557238925ECBF7200D2FC07 /* tooltip */ = {
			isa = PBXGroup;
			children = (
				9557238A25ECBF7200D2FC07 /* TooltipController.cpp */,
				9557238B25ECBF7200D2FC07 /* TooltipController.h */,
				9557238C25ECBF7200D2FC07 /* ToolTip.h */,
			);
			path = tooltip;
			sourceTree = "<group>";
		};
		9557238D25ECBF7200D2FC07 /* adjust */ = {
			isa = PBXGroup;
			children = (
				9557238E25ECBF7200D2FC07 /* Stack.h */,
				9557238F25ECBF7200D2FC07 /* Dodge.h */,
			);
			path = adjust;
			sourceTree = "<group>";
		};
		9557239025ECBF7200D2FC07 /* shape */ = {
			isa = PBXGroup;
			children = (
				9557239125ECBF7200D2FC07 /* Line.cpp */,
				9557239225ECBF7200D2FC07 /* Marker.cpp */,
				9557239325ECBF7200D2FC07 /* Text.cpp */,
				9557239425ECBF7200D2FC07 /* Text.h */,
				9557239525ECBF7200D2FC07 /* Circle.h */,
				9557239625ECBF7200D2FC07 /* Marker.h */,
				9557239725ECBF7200D2FC07 /* Shape.h */,
				9557239825ECBF7200D2FC07 /* Area.h */,
				9557239925ECBF7200D2FC07 /* Polyline.h */,
				9557239A25ECBF7200D2FC07 /* Element.h */,
				9557239B25ECBF7200D2FC07 /* Rect.h */,
				9557239C25ECBF7200D2FC07 /* Group.h */,
				9557239D25ECBF7200D2FC07 /* Rect.cpp */,
				9557239E25ECBF7200D2FC07 /* Shape.cpp */,
				9557239F25ECBF7200D2FC07 /* Circle.cpp */,
				955723A025ECBF7200D2FC07 /* Line.h */,
				955723A125ECBF7200D2FC07 /* Element.cpp */,
				955723A225ECBF7200D2FC07 /* Area.cpp */,
				955723A325ECBF7200D2FC07 /* Polyline.cpp */,
				955723A425ECBF7200D2FC07 /* Group.cpp */,
			);
			path = shape;
			sourceTree = "<group>";
		};
		955723A525ECBF7200D2FC07 /* scale */ = {
			isa = PBXGroup;
			children = (
				955723A625ECBF7200D2FC07 /* Scale.h */,
				955723A725ECBF7200D2FC07 /* TimeCategory.h */,
				955723A825ECBF7200D2FC07 /* ScaleController.h */,
				955723A925ECBF7200D2FC07 /* Identity.h */,
				955723AA25ECBF7200D2FC07 /* KLineCat.h */,
				955723AB25ECBF7200D2FC07 /* Category.h */,
				955723AC25ECBF7200D2FC07 /* continuous */,
			);
			path = scale;
			sourceTree = "<group>";
		};
		955723AC25ECBF7200D2FC07 /* continuous */ = {
			isa = PBXGroup;
			children = (
				955723AD25ECBF7200D2FC07 /* Linear.h */,
				955723AE25ECBF7200D2FC07 /* TimeSharingLinear.h */,
			);
			path = continuous;
			sourceTree = "<group>";
		};
		955723B025ECBF7200D2FC07 /* util */ = {
			isa = PBXGroup;
			children = (
				955723B125ECBF7200D2FC07 /* BBox.h */,
				955723B225ECBF7200D2FC07 /* Point.h */,
				955723B325ECBF7200D2FC07 /* Path.h */,
				955723B425ECBF7200D2FC07 /* Matrix.h */,
				955723B525ECBF7200D2FC07 /* Color.h */,
				955723B625ECBF7200D2FC07 /* json_util.h */,
				955723B725ECBF7200D2FC07 /* json.h */,
				955723B825ECBF7200D2FC07 /* Vector2d.h */,
				955723B925ECBF7200D2FC07 /* json.cpp */,
			);
			path = util;
			sourceTree = "<group>";
		};
		955723BC25ECBF7200D2FC07 /* canvas */ = {
			isa = PBXGroup;
			children = (
				955723BD25ECBF7200D2FC07 /* Canvas.cpp */,
				955723BE25ECBF7200D2FC07 /* Cartesian.h */,
				955723BF25ECBF7200D2FC07 /* Container.h */,
				955723C025ECBF7200D2FC07 /* StandaloneCanvasContext.h */,
				955723C125ECBF7200D2FC07 /* Coord.h */,
				955723C225ECBF7200D2FC07 /* AlipayCanvasContext.h */,
				955723C325ECBF7200D2FC07 /* Canvas.h */,
				955723C425ECBF7200D2FC07 /* CanvasContext.h */,
				955723C525ECBF7200D2FC07 /* Polar.h */,
			);
			path = canvas;
			sourceTree = "<group>";
		};
		955723C625ECBF7200D2FC07 /* geom */ = {
			isa = PBXGroup;
			children = (
				955723C725ECBF7200D2FC07 /* Line.cpp */,
				955723C825ECBF7200D2FC07 /* shape */,
				955723D125ECBF7200D2FC07 /* Point.h */,
				955723D225ECBF7200D2FC07 /* Path.h */,
				955723D325ECBF7200D2FC07 /* Candle.h */,
				955723D425ECBF7200D2FC07 /* Area.h */,
				955723D525ECBF7200D2FC07 /* Candle.cpp */,
				955723D625ECBF7200D2FC07 /* attr */,
				955723D825ECBF7200D2FC07 /* Point.cpp */,
				955723D925ECBF7200D2FC07 /* Line.h */,
				955723DA25ECBF7200D2FC07 /* Geom.cpp */,
				955723DB25ECBF7200D2FC07 /* Area.cpp */,
				955723DC25ECBF7200D2FC07 /* Interval.cpp */,
				955723DD25ECBF7200D2FC07 /* Geom.h */,
				955723DE25ECBF7200D2FC07 /* Interval.h */,
			);
			path = geom;
			sourceTree = "<group>";
		};
		955723C825ECBF7200D2FC07 /* shape */ = {
			isa = PBXGroup;
			children = (
				955723C925ECBF7200D2FC07 /* Point.h */,
				955723CA25ECBF7200D2FC07 /* GeomShapeFactory.h */,
				955723CB25ECBF7200D2FC07 /* GeomShapeFactory.cpp */,
				955723CC25ECBF7200D2FC07 /* Candle.h */,
				955723CD25ECBF7200D2FC07 /* Area.h */,
				955723CE25ECBF7200D2FC07 /* Line.h */,
				955723CF25ECBF7200D2FC07 /* GeomShapeBase.h */,
				955723D025ECBF7200D2FC07 /* Interval.h */,
			);
			path = shape;
			sourceTree = "<group>";
		};
		955723D625ECBF7200D2FC07 /* attr */ = {
			isa = PBXGroup;
			children = (
				955723D725ECBF7200D2FC07 /* AttrBase.h */,
			);
			path = attr;
			sourceTree = "<group>";
		};
		955723DF25ECBF7200D2FC07 /* axis */ = {
			isa = PBXGroup;
			children = (
				955723E025ECBF7200D2FC07 /* AxisController.h */,
				955723E125ECBF7200D2FC07 /* AxisController.cpp */,
			);
			path = axis;
			sourceTree = "<group>";
		};
		955723E325ECBF7200D2FC07 /* event */ = {
			isa = PBXGroup;
			children = (
				955723E425ECBF7200D2FC07 /* EventController.h */,
			);
			path = event;
			sourceTree = "<group>";
		};
		955723E525ECBF7200D2FC07 /* interaction */ = {
			isa = PBXGroup;
			children = (
				955723E625ECBF7200D2FC07 /* InteractionBase.h */,
				955723E725ECBF7200D2FC07 /* Pan.h */,
				955723E825ECBF7200D2FC07 /* Pan.cpp */,
				955723E925ECBF7200D2FC07 /* Pinch.cpp */,
				955723EA25ECBF7200D2FC07 /* InteractionContext.h */,
				955723EB25ECBF7200D2FC07 /* Pinch.h */,
				955723EC25ECBF7200D2FC07 /* InteractionContext.cpp */,
			);
			path = interaction;
			sourceTree = "<group>";
		};
		955723ED25ECBF7200D2FC07 /* func */ = {
			isa = PBXGroup;
			children = (
				955723EE25ECBF7200D2FC07 /* Command.h */,
				955723EF25ECBF7200D2FC07 /* Func.h */,
			);
			path = func;
			sourceTree = "<group>";
		};
		CC611D11250A1D0800315124 /* core */ = {
			isa = PBXGroup;
			children = (
				9557237325ECBF7200D2FC07 /* graphics */,
				CC611D12250A1D0800315124 /* utils */,
			);
			name = core;
			path = ../core;
			sourceTree = "<group>";
		};
		CC611D12250A1D0800315124 /* utils */ = {
			isa = PBXGroup;
			children = (
				CC611D17250A1D0800315124 /* StringUtil.h */,
				CC611D18250A1D0800315124 /* common.h */,
				CC611D1A250A1D0800315124 /* Tracer.h */,
				CC611D1B250A1D0800315124 /* xtime.h */,
			);
			path = utils;
			sourceTree = "<group>";
		};
		CC611D6B250A1D0800315124 /* third_party */ = {
			isa = PBXGroup;
			children = (
				CC611D6C250A1D0800315124 /* GCanvas */,
				CC612096250A1D0900315124 /* WilkinsonExtended */,
				CC61209D250A1D0900315124 /* json */,
			);
			name = third_party;
			path = ../third_party;
			sourceTree = "<group>";
		};
		CC611D6C250A1D0800315124 /* GCanvas */ = {
			isa = PBXGroup;
			children = (
				CC612BA6250A1D7F00315124 /* GCanvas.xcodeproj */,
			);
			path = GCanvas;
			sourceTree = "<group>";
		};
		CC612096250A1D0900315124 /* WilkinsonExtended */ = {
			isa = PBXGroup;
			children = (
				CC612098250A1D0900315124 /* WilkinsonExtended.c */,
				CC61209B250A1D0900315124 /* WilkinsonExtended.h */,
			);
			path = WilkinsonExtended;
			sourceTree = "<group>";
		};
		CC61209D250A1D0900315124 /* json */ = {
			isa = PBXGroup;
			children = (
				CC6124D2250A1D0C00315124 /* single_include */,
			);
			path = json;
			sourceTree = "<group>";
		};
		CC6124D2250A1D0C00315124 /* single_include */ = {
			isa = PBXGroup;
			children = (
				CC6124D3250A1D0C00315124 /* nlohmann */,
			);
			path = single_include;
			sourceTree = "<group>";
		};
		CC6124D3250A1D0C00315124 /* nlohmann */ = {
			isa = PBXGroup;
			children = (
				CC6124D4250A1D0C00315124 /* json.hpp */,
			);
			path = nlohmann;
			sourceTree = "<group>";
		};
		CC612BA7250A1D7F00315124 /* Products */ = {
			isa = PBXGroup;
			children = (
				CC612BAB250A1D7F00315124 /* GCanvas.framework */,
			);
			name = Products;
			sourceTree = "<group>";
		};
		CC612BAE250A1E5800315124 /* Wrapper */ = {
			isa = PBXGroup;
			children = (
				9555CEAC2623E36C00202A83 /* F2CanvasView.mm */,
				3F5817E1257FB72F002023ED /* F2CallbackObj.h */,
				3F5817E3257FB72F002023ED /* F2CallbackObj.mm */,
				CC195219250B8CB30000FBFA /* F2GLESEnv.h */,
				3F58178B257A3CCF002023ED /* F2-Prefix.pch */,
				CC195218250B8CB30000FBFA /* F2GLESEnv.mm */,
				CC612BEC250B2EF600315124 /* F2Chart.h */,
				CC612BEF250B2EF700315124 /* F2Chart.mm */,
				CC612BF0250B2EF700315124 /* F2Geom.h */,
				CC612BF1250B2EF700315124 /* F2Geom.mm */,
				CC612BEE250B2EF600315124 /* F2Guide.h */,
				CC612BF2250B2EF700315124 /* F2Guide.mm */,
				CC612BEB250B2EF600315124 /* F2Utils.h */,
				CC612BED250B2EF600315124 /* F2Utils.m */,
				3FB8F5DF25CF995A0010E9E6 /* F2CanvasThread.h */,
				3FB8F5E025CF995A0010E9E6 /* F2CanvasThread.m */,
				CC195214250B76C90000FBFA /* F2CanvasView.h */,
				3FC0056A253F0C2D00E09DD7 /* F2GestureListener.h */,
				3FC0056B253F0C2D00E09DD7 /* F2GestureListener.m */,
				3F56A02C25218EE5002AA2D2 /* F2.h */,
			);
			path = Wrapper;
			sourceTree = "<group>";
		};
		CC793C312509FBAA00E9D913 = {
			isa = PBXGroup;
			children = (
				CC612BAE250A1E5800315124 /* Wrapper */,
				CC611D11250A1D0800315124 /* core */,
				CC611D6B250A1D0800315124 /* third_party */,
				CC793C3C2509FBAA00E9D913 /* Products */,
				CC794AE52509FD7800E9D913 /* Frameworks */,
			);
			sourceTree = "<group>";
		};
		CC793C3C2509FBAA00E9D913 /* Products */ = {
			isa = PBXGroup;
			children = (
				CC793C3B2509FBAA00E9D913 /* F2.framework */,
			);
			name = Products;
			sourceTree = "<group>";
		};
		CC794AE52509FD7800E9D913 /* Frameworks */ = {
			isa = PBXGroup;
			children = (
			);
			name = Frameworks;
			sourceTree = "<group>";
		};
/* End PBXGroup section */

/* Begin PBXHeadersBuildPhase section */
		CC793C362509FBAA00E9D913 /* Headers */ = {
			isa = PBXHeadersBuildPhase;
			buildActionMask = 2147483647;
			files = (
				9557244825ECBF7200D2FC07 /* Line.h in Headers */,
				955723F825ECBF7200D2FC07 /* Line.h in Headers */,
				955723F525ECBF7200D2FC07 /* Flag.h in Headers */,
				CC612BF4250B2EF700315124 /* F2Chart.h in Headers */,
				9557245825ECBF7200D2FC07 /* Command.h in Headers */,
				9557245125ECBF7200D2FC07 /* InteractionBase.h in Headers */,
				955723F425ECBF7200D2FC07 /* Text.h in Headers */,
				CC612BF8250B2EF700315124 /* F2Geom.h in Headers */,
				9557242225ECBF7200D2FC07 /* Linear.h in Headers */,
				9557241D25ECBF7200D2FC07 /* TimeCategory.h in Headers */,
				9557240425ECBF7200D2FC07 /* TooltipController.h in Headers */,
				9557240525ECBF7200D2FC07 /* ToolTip.h in Headers */,
				9557242B25ECBF7200D2FC07 /* Vector2d.h in Headers */,
				CC612BF6250B2EF700315124 /* F2Guide.h in Headers */,
				9557244625ECBF7200D2FC07 /* AttrBase.h in Headers */,
				9557244C25ECBF7200D2FC07 /* Geom.h in Headers */,
				CC195216250B76CA0000FBFA /* F2CanvasView.h in Headers */,
				9557241325ECBF7200D2FC07 /* Group.h in Headers */,
				9557240125ECBF7200D2FC07 /* TimeLine.h in Headers */,
				9557242525ECBF7200D2FC07 /* Point.h in Headers */,
				9557242125ECBF7200D2FC07 /* Category.h in Headers */,
				9557243F25ECBF7200D2FC07 /* GeomShapeBase.h in Headers */,
				CC612BF3250B2EF700315124 /* F2Utils.h in Headers */,
				3FC0056C253F0C2D00E09DD7 /* F2GestureListener.h in Headers */,
				9557241225ECBF7200D2FC07 /* Rect.h in Headers */,
				9557242625ECBF7200D2FC07 /* Path.h in Headers */,
				9557245525ECBF7200D2FC07 /* InteractionContext.h in Headers */,
				9557244425ECBF7200D2FC07 /* Area.h in Headers */,
				9557243E25ECBF7200D2FC07 /* Line.h in Headers */,
				9557243425ECBF7200D2FC07 /* AlipayCanvasContext.h in Headers */,
				9557243C25ECBF7200D2FC07 /* Candle.h in Headers */,
				9557243A25ECBF7200D2FC07 /* GeomShapeFactory.h in Headers */,
				9557240725ECBF7200D2FC07 /* Dodge.h in Headers */,
				9557243725ECBF7200D2FC07 /* Polar.h in Headers */,
				9557241E25ECBF7200D2FC07 /* ScaleController.h in Headers */,
				3FB8F5E125CF995A0010E9E6 /* F2CanvasThread.h in Headers */,
				3F5817E4257FB72F002023ED /* F2CallbackObj.h in Headers */,
				9557240B25ECBF7200D2FC07 /* Text.h in Headers */,
				9557242825ECBF7200D2FC07 /* Color.h in Headers */,
				9557243225ECBF7200D2FC07 /* StandaloneCanvasContext.h in Headers */,
				9557244325ECBF7200D2FC07 /* Candle.h in Headers */,
				9557244D25ECBF7200D2FC07 /* Interval.h in Headers */,
				955723F625ECBF7200D2FC07 /* GuideController.h in Headers */,
				9557240C25ECBF7200D2FC07 /* Circle.h in Headers */,
				9557240225ECBF7200D2FC07 /* XChart.h in Headers */,
				9557245625ECBF7200D2FC07 /* Pinch.h in Headers */,
				9557241725ECBF7200D2FC07 /* Line.h in Headers */,
				9557243025ECBF7200D2FC07 /* Cartesian.h in Headers */,
				9557243925ECBF7200D2FC07 /* Point.h in Headers */,
				9557244125ECBF7200D2FC07 /* Point.h in Headers */,
				3F56A02D25218EE5002AA2D2 /* F2.h in Headers */,
				CC6124E0250A1D0C00315124 /* xtime.h in Headers */,
				9557242A25ECBF7200D2FC07 /* json.h in Headers */,
				955723FC25ECBF7200D2FC07 /* LegendController.h in Headers */,
				9557245025ECBF7200D2FC07 /* EventController.h in Headers */,
				9557240D25ECBF7200D2FC07 /* Marker.h in Headers */,
				9557243325ECBF7200D2FC07 /* Coord.h in Headers */,
				9557243625ECBF7200D2FC07 /* CanvasContext.h in Headers */,
				CC612BA5250A1D0F00315124 /* json.hpp in Headers */,
				9557244225ECBF7200D2FC07 /* Path.h in Headers */,
				CC19521B250B8CB30000FBFA /* F2GLESEnv.h in Headers */,
				9557242425ECBF7200D2FC07 /* BBox.h in Headers */,
				9557242025ECBF7200D2FC07 /* KLineCat.h in Headers */,
				9557242925ECBF7200D2FC07 /* json_util.h in Headers */,
				9557241025ECBF7200D2FC07 /* Polyline.h in Headers */,
				9557240E25ECBF7200D2FC07 /* Shape.h in Headers */,
				9557240F25ECBF7200D2FC07 /* Area.h in Headers */,
				9557243525ECBF7200D2FC07 /* Canvas.h in Headers */,
				3F58178D257A3CCF002023ED /* F2-Prefix.pch in Headers */,
				9557240625ECBF7200D2FC07 /* Stack.h in Headers */,
				9557244E25ECBF7200D2FC07 /* AxisController.h in Headers */,
				9557241C25ECBF7200D2FC07 /* Scale.h in Headers */,
				955723FD25ECBF7200D2FC07 /* GeomAnimate.h in Headers */,
				CC6127BD250A1D0D00315124 /* WilkinsonExtended.h in Headers */,
				9557242725ECBF7200D2FC07 /* Matrix.h in Headers */,
				9557240025ECBF7200D2FC07 /* Animator.h in Headers */,
				9557244025ECBF7200D2FC07 /* Interval.h in Headers */,
				9557241F25ECBF7200D2FC07 /* Identity.h in Headers */,
				CC6124DD250A1D0C00315124 /* common.h in Headers */,
				9557241125ECBF7200D2FC07 /* Element.h in Headers */,
				955723FA25ECBF7200D2FC07 /* GuideBase.h in Headers */,
				9557245925ECBF7200D2FC07 /* Func.h in Headers */,
				9557243125ECBF7200D2FC07 /* Container.h in Headers */,
				9557245225ECBF7200D2FC07 /* Pan.h in Headers */,
				CC6124DC250A1D0C00315124 /* StringUtil.h in Headers */,
				CC6124DF250A1D0C00315124 /* Tracer.h in Headers */,
				9557242D25ECBF7200D2FC07 /* global.h in Headers */,
				9557242325ECBF7200D2FC07 /* TimeSharingLinear.h in Headers */,
				9557243D25ECBF7200D2FC07 /* Area.h in Headers */,
			);
			runOnlyForDeploymentPostprocessing = 0;
		};
/* End PBXHeadersBuildPhase section */

/* Begin PBXNativeTarget section */
		CC793C3A2509FBAA00E9D913 /* F2 */ = {
			isa = PBXNativeTarget;
			buildConfigurationList = CC793C432509FBAA00E9D913 /* Build configuration list for PBXNativeTarget "F2" */;
			buildPhases = (
				CC793C362509FBAA00E9D913 /* Headers */,
				CC793C372509FBAA00E9D913 /* Sources */,
				CC793C382509FBAA00E9D913 /* Frameworks */,
				CC793C392509FBAA00E9D913 /* Resources */,
			);
			buildRules = (
			);
			dependencies = (
			);
			name = F2;
			productName = XGraph;
			productReference = CC793C3B2509FBAA00E9D913 /* F2.framework */;
			productType = "com.apple.product-type.framework";
		};
/* End PBXNativeTarget section */

/* Begin PBXProject section */
		CC793C322509FBAA00E9D913 /* Project object */ = {
			isa = PBXProject;
			attributes = {
				LastUpgradeCheck = 1150;
				ORGANIZATIONNAME = com.alipay.xgraph;
				TargetAttributes = {
					CC793C3A2509FBAA00E9D913 = {
						CreatedOnToolsVersion = 11.5;
						LastSwiftMigration = 1150;
					};
				};
			};
			buildConfigurationList = CC793C352509FBAA00E9D913 /* Build configuration list for PBXProject "F2" */;
			compatibilityVersion = "Xcode 9.3";
			developmentRegion = en;
			hasScannedForEncodings = 0;
			knownRegions = (
				en,
				Base,
			);
			mainGroup = CC793C312509FBAA00E9D913;
			productRefGroup = CC793C3C2509FBAA00E9D913 /* Products */;
			projectDirPath = "";
			projectReferences = (
				{
					ProductGroup = CC612BA7250A1D7F00315124 /* Products */;
					ProjectRef = CC612BA6250A1D7F00315124 /* GCanvas.xcodeproj */;
				},
			);
			projectRoot = "";
			targets = (
				CC793C3A2509FBAA00E9D913 /* F2 */,
			);
		};
/* End PBXProject section */

/* Begin PBXReferenceProxy section */
		CC612BAB250A1D7F00315124 /* GCanvas.framework */ = {
			isa = PBXReferenceProxy;
			fileType = wrapper.framework;
			path = GCanvas.framework;
			remoteRef = CC612BAA250A1D7F00315124 /* PBXContainerItemProxy */;
			sourceTree = BUILT_PRODUCTS_DIR;
		};
/* End PBXReferenceProxy section */

/* Begin PBXResourcesBuildPhase section */
		CC793C392509FBAA00E9D913 /* Resources */ = {
			isa = PBXResourcesBuildPhase;
			buildActionMask = 2147483647;
			files = (
			);
			runOnlyForDeploymentPostprocessing = 0;
		};
/* End PBXResourcesBuildPhase section */

/* Begin PBXSourcesBuildPhase section */
		CC793C372509FBAA00E9D913 /* Sources */ = {
			isa = PBXSourcesBuildPhase;
			buildActionMask = 2147483647;
			files = (
				CC612BF5250B2EF700315124 /* F2Utils.m in Sources */,
				9557243825ECBF7200D2FC07 /* Line.cpp in Sources */,
				CC6127BA250A1D0D00315124 /* WilkinsonExtended.c in Sources */,
				955723F225ECBF7200D2FC07 /* GuideBase.cpp in Sources */,
				9557242E25ECBF7200D2FC07 /* XChart.cpp in Sources */,
				955723F925ECBF7200D2FC07 /* Flag.cpp in Sources */,
				CC19521A250B8CB30000FBFA /* F2GLESEnv.mm in Sources */,
				9557244F25ECBF7200D2FC07 /* AxisController.cpp in Sources */,
				9557241425ECBF7200D2FC07 /* Rect.cpp in Sources */,
				9557240325ECBF7200D2FC07 /* TooltipController.cpp in Sources */,
				9557244925ECBF7200D2FC07 /* Geom.cpp in Sources */,
				9557244B25ECBF7200D2FC07 /* Interval.cpp in Sources */,
				9557245725ECBF7200D2FC07 /* InteractionContext.cpp in Sources */,
				9557241825ECBF7200D2FC07 /* Element.cpp in Sources */,
				9555CEAD2623E36C00202A83 /* F2CanvasView.mm in Sources */,
				955723F725ECBF7200D2FC07 /* GuideController.cpp in Sources */,
				9557242F25ECBF7200D2FC07 /* Canvas.cpp in Sources */,
				9557244725ECBF7200D2FC07 /* Point.cpp in Sources */,
				9557244525ECBF7200D2FC07 /* Candle.cpp in Sources */,
				9557244A25ECBF7200D2FC07 /* Area.cpp in Sources */,
				9557243B25ECBF7200D2FC07 /* GeomShapeFactory.cpp in Sources */,
				9557245425ECBF7200D2FC07 /* Pinch.cpp in Sources */,
				955723FE25ECBF7200D2FC07 /* GeomAnimate.cpp in Sources */,
				9557241B25ECBF7200D2FC07 /* Group.cpp in Sources */,
				9557240925ECBF7200D2FC07 /* Marker.cpp in Sources */,
				3F5817E5257FB72F002023ED /* F2CallbackObj.mm in Sources */,
				955723FF25ECBF7200D2FC07 /* TimeLine.cpp in Sources */,
				9557241A25ECBF7200D2FC07 /* Polyline.cpp in Sources */,
				9557241625ECBF7200D2FC07 /* Circle.cpp in Sources */,
				9557240825ECBF7200D2FC07 /* Line.cpp in Sources */,
				955723F325ECBF7200D2FC07 /* Text.cpp in Sources */,
				9557242C25ECBF7200D2FC07 /* json.cpp in Sources */,
				9557241525ECBF7200D2FC07 /* Shape.cpp in Sources */,
				9557245325ECBF7200D2FC07 /* Pan.cpp in Sources */,
				9557241925ECBF7200D2FC07 /* Area.cpp in Sources */,
				3FC0056D253F0C2D00E09DD7 /* F2GestureListener.m in Sources */,
				CC612BF7250B2EF700315124 /* F2Chart.mm in Sources */,
				CC612BFA250B2EF700315124 /* F2Guide.mm in Sources */,
				CC612BF9250B2EF700315124 /* F2Geom.mm in Sources */,
				9557240A25ECBF7200D2FC07 /* Text.cpp in Sources */,
				955723F125ECBF7200D2FC07 /* Line.cpp in Sources */,
				955723FB25ECBF7200D2FC07 /* LegendController.cpp in Sources */,
				3FB8F5E225CF995A0010E9E6 /* F2CanvasThread.m in Sources */,
			);
			runOnlyForDeploymentPostprocessing = 0;
		};
/* End PBXSourcesBuildPhase section */

/* Begin XCBuildConfiguration section */
		CC793C412509FBAA00E9D913 /* Debug */ = {
			isa = XCBuildConfiguration;
			buildSettings = {
				ALWAYS_SEARCH_USER_PATHS = NO;
				CLANG_ANALYZER_NONNULL = YES;
				CLANG_ANALYZER_NUMBER_OBJECT_CONVERSION = YES_AGGRESSIVE;
				CLANG_CXX_LANGUAGE_STANDARD = "gnu++14";
				CLANG_CXX_LIBRARY = "libc++";
				CLANG_ENABLE_MODULES = YES;
				CLANG_ENABLE_OBJC_ARC = YES;
				CLANG_ENABLE_OBJC_WEAK = YES;
				CLANG_WARN_BLOCK_CAPTURE_AUTORELEASING = YES;
				CLANG_WARN_BOOL_CONVERSION = YES;
				CLANG_WARN_COMMA = YES;
				CLANG_WARN_CONSTANT_CONVERSION = YES;
				CLANG_WARN_DEPRECATED_OBJC_IMPLEMENTATIONS = YES;
				CLANG_WARN_DIRECT_OBJC_ISA_USAGE = YES_ERROR;
				CLANG_WARN_DOCUMENTATION_COMMENTS = YES;
				CLANG_WARN_EMPTY_BODY = YES;
				CLANG_WARN_ENUM_CONVERSION = YES;
				CLANG_WARN_INFINITE_RECURSION = YES;
				CLANG_WARN_INT_CONVERSION = YES;
				CLANG_WARN_NON_LITERAL_NULL_CONVERSION = YES;
				CLANG_WARN_OBJC_IMPLICIT_RETAIN_SELF = YES;
				CLANG_WARN_OBJC_LITERAL_CONVERSION = YES;
				CLANG_WARN_OBJC_ROOT_CLASS = YES_ERROR;
				CLANG_WARN_RANGE_LOOP_ANALYSIS = YES;
				CLANG_WARN_STRICT_PROTOTYPES = YES;
				CLANG_WARN_SUSPICIOUS_MOVE = YES;
				CLANG_WARN_UNGUARDED_AVAILABILITY = YES_AGGRESSIVE;
				CLANG_WARN_UNREACHABLE_CODE = YES;
				CLANG_WARN__DUPLICATE_METHOD_MATCH = YES;
				COPY_PHASE_STRIP = NO;
				CURRENT_PROJECT_VERSION = 1;
				DEBUG_INFORMATION_FORMAT = dwarf;
				ENABLE_STRICT_OBJC_MSGSEND = YES;
				ENABLE_TESTABILITY = YES;
				GCC_C_LANGUAGE_STANDARD = gnu11;
				GCC_DYNAMIC_NO_PIC = NO;
				GCC_NO_COMMON_BLOCKS = YES;
				GCC_OPTIMIZATION_LEVEL = 0;
				GCC_PREPROCESSOR_DEFINITIONS = (
					"DEBUG=1",
					"$(inherited)",
				);
				GCC_WARN_64_TO_32_BIT_CONVERSION = YES;
				GCC_WARN_ABOUT_RETURN_TYPE = YES_ERROR;
				GCC_WARN_UNDECLARED_SELECTOR = YES;
				GCC_WARN_UNINITIALIZED_AUTOS = YES_AGGRESSIVE;
				GCC_WARN_UNUSED_FUNCTION = YES;
				GCC_WARN_UNUSED_VARIABLE = YES;
				IPHONEOS_DEPLOYMENT_TARGET = 13.2;
				MTL_ENABLE_DEBUG_INFO = INCLUDE_SOURCE;
				MTL_FAST_MATH = YES;
				ONLY_ACTIVE_ARCH = YES;
				SDKROOT = iphoneos;
				VERSIONING_SYSTEM = "apple-generic";
				VERSION_INFO_PREFIX = "";
			};
			name = Debug;
		};
		CC793C422509FBAA00E9D913 /* Release */ = {
			isa = XCBuildConfiguration;
			buildSettings = {
				ALWAYS_SEARCH_USER_PATHS = NO;
				CLANG_ANALYZER_NONNULL = YES;
				CLANG_ANALYZER_NUMBER_OBJECT_CONVERSION = YES_AGGRESSIVE;
				CLANG_CXX_LANGUAGE_STANDARD = "gnu++14";
				CLANG_CXX_LIBRARY = "libc++";
				CLANG_ENABLE_MODULES = YES;
				CLANG_ENABLE_OBJC_ARC = YES;
				CLANG_ENABLE_OBJC_WEAK = YES;
				CLANG_WARN_BLOCK_CAPTURE_AUTORELEASING = YES;
				CLANG_WARN_BOOL_CONVERSION = YES;
				CLANG_WARN_COMMA = YES;
				CLANG_WARN_CONSTANT_CONVERSION = YES;
				CLANG_WARN_DEPRECATED_OBJC_IMPLEMENTATIONS = YES;
				CLANG_WARN_DIRECT_OBJC_ISA_USAGE = YES_ERROR;
				CLANG_WARN_DOCUMENTATION_COMMENTS = YES;
				CLANG_WARN_EMPTY_BODY = YES;
				CLANG_WARN_ENUM_CONVERSION = YES;
				CLANG_WARN_INFINITE_RECURSION = YES;
				CLANG_WARN_INT_CONVERSION = YES;
				CLANG_WARN_NON_LITERAL_NULL_CONVERSION = YES;
				CLANG_WARN_OBJC_IMPLICIT_RETAIN_SELF = YES;
				CLANG_WARN_OBJC_LITERAL_CONVERSION = YES;
				CLANG_WARN_OBJC_ROOT_CLASS = YES_ERROR;
				CLANG_WARN_RANGE_LOOP_ANALYSIS = YES;
				CLANG_WARN_STRICT_PROTOTYPES = YES;
				CLANG_WARN_SUSPICIOUS_MOVE = YES;
				CLANG_WARN_UNGUARDED_AVAILABILITY = YES_AGGRESSIVE;
				CLANG_WARN_UNREACHABLE_CODE = YES;
				CLANG_WARN__DUPLICATE_METHOD_MATCH = YES;
				COPY_PHASE_STRIP = NO;
				CURRENT_PROJECT_VERSION = 1;
				DEBUG_INFORMATION_FORMAT = "dwarf-with-dsym";
				ENABLE_NS_ASSERTIONS = NO;
				ENABLE_STRICT_OBJC_MSGSEND = YES;
				GCC_C_LANGUAGE_STANDARD = gnu11;
				GCC_NO_COMMON_BLOCKS = YES;
				GCC_WARN_64_TO_32_BIT_CONVERSION = YES;
				GCC_WARN_ABOUT_RETURN_TYPE = YES_ERROR;
				GCC_WARN_UNDECLARED_SELECTOR = YES;
				GCC_WARN_UNINITIALIZED_AUTOS = YES_AGGRESSIVE;
				GCC_WARN_UNUSED_FUNCTION = YES;
				GCC_WARN_UNUSED_VARIABLE = YES;
				IPHONEOS_DEPLOYMENT_TARGET = 13.2;
				MTL_ENABLE_DEBUG_INFO = NO;
				MTL_FAST_MATH = YES;
				SDKROOT = iphoneos;
				VALIDATE_PRODUCT = YES;
				VERSIONING_SYSTEM = "apple-generic";
				VERSION_INFO_PREFIX = "";
			};
			name = Release;
		};
		CC793C442509FBAA00E9D913 /* Debug */ = {
			isa = XCBuildConfiguration;
			buildSettings = {
				CLANG_ENABLE_MODULES = YES;
				CODE_SIGN_IDENTITY = "Apple Development";
				CODE_SIGN_STYLE = Automatic;
				DEFINES_MODULE = YES;
				DEVELOPMENT_TEAM = 57ZEL2VPN6;
				DYLIB_COMPATIBILITY_VERSION = 1;
				DYLIB_CURRENT_VERSION = 1;
				DYLIB_INSTALL_NAME_BASE = "@rpath";
				GCC_ENABLE_CPP_EXCEPTIONS = NO;
				GCC_ENABLE_CPP_RTTI = NO;
				GCC_INPUT_FILETYPE = sourcecode.cpp.objcpp;
				GCC_PRECOMPILE_PREFIX_HEADER = YES;
				GCC_PREFIX_HEADER = "Wrapper/F2-Prefix.pch";
				GCC_PREPROCESSOR_DEFINITIONS = (
					"DEBUG=1",
					IOS,
					GLES_SILENCE_DEPRECATION,
				);
				HEADER_SEARCH_PATHS = (
					"\"$(SRCROOT)/../core\"",
					"\"$(SRCROOT)/../third_party\"",
					"\"$(SRCROOT)/../third_party/json/single_include\"",
					"\"$(SRCROOT)/../third_party/GCanvas/core\"",
					"\"$(SRCROOT)/../third_party/GCanvas/support\"",
					"\"$(SRCROOT)/../third_party/GCanvas/core/src\"",
					"\"$(SRCROOT)/../third_party/GCanvas/core/src/gcanvas\"",
					"\"$(SRCROOT)/../third_party/GCanvas/core/src/support\"",
					"\"$(SRCROOT)/../third_party/GCanvas/core/src/gcanvas/GL\"",
					"\"$(SRCROOT)/../third_party/GCanvas/core/src/platform\"",
				);
				INFOPLIST_FILE = "";
				INSTALL_PATH = "$(LOCAL_LIBRARY_DIR)/Frameworks";
				IPHONEOS_DEPLOYMENT_TARGET = 9.0;
				LD_RUNPATH_SEARCH_PATHS = (
					"$(inherited)",
					"@executable_path/Frameworks",
					"@loader_path/Frameworks",
				);
				MACH_O_TYPE = staticlib;
				PRODUCT_BUNDLE_IDENTIFIER = com.alipay.xgraph;
				PRODUCT_NAME = "$(TARGET_NAME:c99extidentifier)";
				SKIP_INSTALL = YES;
				SWIFT_OPTIMIZATION_LEVEL = "-Onone";
				SWIFT_VERSION = 5.0;
				TARGETED_DEVICE_FAMILY = "1,2";
			};
			name = Debug;
		};
		CC793C452509FBAA00E9D913 /* Release */ = {
			isa = XCBuildConfiguration;
			buildSettings = {
				CLANG_ENABLE_MODULES = YES;
				CODE_SIGN_STYLE = Automatic;
				DEFINES_MODULE = YES;
				DEVELOPMENT_TEAM = 57ZEL2VPN6;
				DYLIB_COMPATIBILITY_VERSION = 1;
				DYLIB_CURRENT_VERSION = 1;
				DYLIB_INSTALL_NAME_BASE = "@rpath";
				GCC_ENABLE_CPP_EXCEPTIONS = NO;
				GCC_ENABLE_CPP_RTTI = NO;
				GCC_INPUT_FILETYPE = sourcecode.cpp.objcpp;
				GCC_PRECOMPILE_PREFIX_HEADER = YES;
				GCC_PREFIX_HEADER = "Wrapper/F2-Prefix.pch";
				GCC_PREPROCESSOR_DEFINITIONS = (
					IOS,
					GLES_SILENCE_DEPRECATION,
				);
				HEADER_SEARCH_PATHS = (
					"\"$(SRCROOT)/../core\"",
					"\"$(SRCROOT)/../third_party\"",
					"\"$(SRCROOT)/../third_party/json/single_include\"",
					"\"$(SRCROOT)/../third_party/GCanvas/core\"",
					"\"$(SRCROOT)/../third_party/GCanvas/support\"",
					"\"$(SRCROOT)/../third_party/GCanvas/core/src\"",
					"\"$(SRCROOT)/../third_party/GCanvas/core/src/gcanvas\"",
					"\"$(SRCROOT)/../third_party/GCanvas/core/src/support\"",
					"\"$(SRCROOT)/../third_party/GCanvas/core/src/gcanvas/GL\"",
					"\"$(SRCROOT)/../third_party/GCanvas/core/src/platform\"",
				);
				INFOPLIST_FILE = "";
				INSTALL_PATH = "$(LOCAL_LIBRARY_DIR)/Frameworks";
				IPHONEOS_DEPLOYMENT_TARGET = 9.0;
				LD_RUNPATH_SEARCH_PATHS = (
					"$(inherited)",
					"@executable_path/Frameworks",
					"@loader_path/Frameworks",
				);
				MACH_O_TYPE = staticlib;
				PRODUCT_BUNDLE_IDENTIFIER = com.alipay.xgraph;
				PRODUCT_NAME = "$(TARGET_NAME:c99extidentifier)";
				SKIP_INSTALL = YES;
				SWIFT_VERSION = 5.0;
				TARGETED_DEVICE_FAMILY = "1,2";
			};
			name = Release;
		};
/* End XCBuildConfiguration section */

/* Begin XCConfigurationList section */
		CC793C352509FBAA00E9D913 /* Build configuration list for PBXProject "F2" */ = {
			isa = XCConfigurationList;
			buildConfigurations = (
				CC793C412509FBAA00E9D913 /* Debug */,
				CC793C422509FBAA00E9D913 /* Release */,
			);
			defaultConfigurationIsVisible = 0;
			defaultConfigurationName = Release;
		};
		CC793C432509FBAA00E9D913 /* Build configuration list for PBXNativeTarget "F2" */ = {
			isa = XCConfigurationList;
			buildConfigurations = (
				CC793C442509FBAA00E9D913 /* Debug */,
				CC793C452509FBAA00E9D913 /* Release */,
			);
			defaultConfigurationIsVisible = 0;
			defaultConfigurationName = Release;
		};
/* End XCConfigurationList section */
	};
	rootObject = CC793C322509FBAA00E9D913 /* Project object */;
}
