// !$*UTF8*$!
{
	archiveVersion = 1;
	classes = {
	};
	objectVersion = 55;
	objects = {

/* Begin PBXBuildFile section */
		CC80E3B228BDB4CF00BFE684 /* f2.wasm in Resources */ = {isa = PBXBuildFile; fileRef = CC80E3B128BDB4CE00BFE684 /* f2.wasm */; };
		CCB93E9828C8392200864266 /* F2.framework in Frameworks */ = {isa = PBXBuildFile; fileRef = CCB93E9128C838A700864266 /* F2.framework */; };
		CCB93E9928C8392200864266 /* Wasm3Lib.framework in Frameworks */ = {isa = PBXBuildFile; fileRef = CCB93E8A28C8389C00864266 /* Wasm3Lib.framework */; };
		CCCD80E828AE3EF700395AA9 /* AppDelegate.m in Sources */ = {isa = PBXBuildFile; fileRef = CCCD80E728AE3EF700395AA9 /* AppDelegate.m */; };
		CCCD80EE28AE3EF700395AA9 /* ViewController.mm in Sources */ = {isa = PBXBuildFile; fileRef = CCCD80ED28AE3EF700395AA9 /* ViewController.mm */; };
		CCCD80F128AE3EF700395AA9 /* Main.storyboard in Resources */ = {isa = PBXBuildFile; fileRef = CCCD80EF28AE3EF700395AA9 /* Main.storyboard */; };
		CCCD80F328AE3EF800395AA9 /* Assets.xcassets in Resources */ = {isa = PBXBuildFile; fileRef = CCCD80F228AE3EF800395AA9 /* Assets.xcassets */; };
		CCCD80F628AE3EF800395AA9 /* LaunchScreen.storyboard in Resources */ = {isa = PBXBuildFile; fileRef = CCCD80F428AE3EF800395AA9 /* LaunchScreen.storyboard */; };
		CCCD80F928AE3EF800395AA9 /* main.m in Sources */ = {isa = PBXBuildFile; fileRef = CCCD80F828AE3EF800395AA9 /* main.m */; };
/* End PBXBuildFile section */

/* Begin PBXContainerItemProxy section */
		CCB93E8928C8389C00864266 /* PBXContainerItemProxy */ = {
			isa = PBXContainerItemProxy;
			containerPortal = CCB93E8528C8389C00864266 /* Wasm3Lib.xcodeproj */;
			proxyType = 2;
			remoteGlobalIDString = CCB93E2628C8372700864266;
			remoteInfo = Wasm3Lib;
		};
		CCB93E9028C838A700864266 /* PBXContainerItemProxy */ = {
			isa = PBXContainerItemProxy;
			containerPortal = CCB93E8B28C838A700864266 /* F2.xcodeproj */;
			proxyType = 2;
			remoteGlobalIDString = CC793C3B2509FBAA00E9D913;
			remoteInfo = F2;
		};
		CCB93E9228C838A700864266 /* PBXContainerItemProxy */ = {
			isa = PBXContainerItemProxy;
			containerPortal = CCB93E8B28C838A700864266 /* F2.xcodeproj */;
			proxyType = 2;
			remoteGlobalIDString = CCCDE9CB2744D9740060D768;
			remoteInfo = F2Tests;
		};
		CCB93E9428C8391C00864266 /* PBXContainerItemProxy */ = {
			isa = PBXContainerItemProxy;
			containerPortal = CCB93E8B28C838A700864266 /* F2.xcodeproj */;
			proxyType = 1;
			remoteGlobalIDString = CC793C3A2509FBAA00E9D913;
			remoteInfo = F2;
		};
		CCB93E9628C8391C00864266 /* PBXContainerItemProxy */ = {
			isa = PBXContainerItemProxy;
			containerPortal = CCB93E8528C8389C00864266 /* Wasm3Lib.xcodeproj */;
			proxyType = 1;
			remoteGlobalIDString = CCB93E2528C8372700864266;
			remoteInfo = Wasm3Lib;
		};
/* End PBXContainerItemProxy section */

/* Begin PBXFileReference section */
		CC528F2128B5F28A00D516FF /* Demos.entitlements */ = {isa = PBXFileReference; lastKnownFileType = text.plist.entitlements; path = Demos.entitlements; sourceTree = "<group>"; };
		CC80E3B128BDB4CE00BFE684 /* f2.wasm */ = {isa = PBXFileReference; lastKnownFileType = file; path = f2.wasm; sourceTree = "<group>"; };
		CCB93E8528C8389C00864266 /* Wasm3Lib.xcodeproj */ = {isa = PBXFileReference; lastKnownFileType = "wrapper.pb-project"; name = Wasm3Lib.xcodeproj; path = Wasm3Lib/Wasm3Lib.xcodeproj; sourceTree = SOURCE_ROOT; };
		CCB93E8B28C838A700864266 /* F2.xcodeproj */ = {isa = PBXFileReference; lastKnownFileType = "wrapper.pb-project"; name = F2.xcodeproj; path = ../../../../ios/F2.xcodeproj; sourceTree = "<group>"; };
		CCB93E9C28C9905000864266 /* wasm3_cpp.h */ = {isa = PBXFileReference; fileEncoding = 4; lastKnownFileType = sourcecode.c.h; path = wasm3_cpp.h; sourceTree = "<group>"; };
		CCCD80E328AE3EF700395AA9 /* Demos.app */ = {isa = PBXFileReference; explicitFileType = wrapper.application; includeInIndex = 0; path = Demos.app; sourceTree = BUILT_PRODUCTS_DIR; };
		CCCD80E628AE3EF700395AA9 /* AppDelegate.h */ = {isa = PBXFileReference; lastKnownFileType = sourcecode.c.h; path = AppDelegate.h; sourceTree = "<group>"; };
		CCCD80E728AE3EF700395AA9 /* AppDelegate.m */ = {isa = PBXFileReference; lastKnownFileType = sourcecode.c.objc; path = AppDelegate.m; sourceTree = "<group>"; };
		CCCD80EC28AE3EF700395AA9 /* ViewController.h */ = {isa = PBXFileReference; lastKnownFileType = sourcecode.c.h; path = ViewController.h; sourceTree = "<group>"; };
		CCCD80ED28AE3EF700395AA9 /* ViewController.mm */ = {isa = PBXFileReference; lastKnownFileType = sourcecode.cpp.objcpp; path = ViewController.mm; sourceTree = "<group>"; };
		CCCD80F028AE3EF700395AA9 /* Base */ = {isa = PBXFileReference; lastKnownFileType = file.storyboard; name = Base; path = Base.lproj/Main.storyboard; sourceTree = "<group>"; };
		CCCD80F228AE3EF800395AA9 /* Assets.xcassets */ = {isa = PBXFileReference; lastKnownFileType = folder.assetcatalog; path = Assets.xcassets; sourceTree = "<group>"; };
		CCCD80F528AE3EF800395AA9 /* Base */ = {isa = PBXFileReference; lastKnownFileType = file.storyboard; name = Base; path = Base.lproj/LaunchScreen.storyboard; sourceTree = "<group>"; };
		CCCD80F728AE3EF800395AA9 /* Info.plist */ = {isa = PBXFileReference; lastKnownFileType = text.plist.xml; path = Info.plist; sourceTree = "<group>"; };
		CCCD80F828AE3EF800395AA9 /* main.m */ = {isa = PBXFileReference; lastKnownFileType = sourcecode.c.objc; path = main.m; sourceTree = "<group>"; };
/* End PBXFileReference section */

/* Begin PBXFrameworksBuildPhase section */
		CCCD80E028AE3EF700395AA9 /* Frameworks */ = {
			isa = PBXFrameworksBuildPhase;
			buildActionMask = 2147483647;
			files = (
				CCB93E9828C8392200864266 /* F2.framework in Frameworks */,
				CCB93E9928C8392200864266 /* Wasm3Lib.framework in Frameworks */,
			);
			runOnlyForDeploymentPostprocessing = 0;
		};
/* End PBXFrameworksBuildPhase section */

/* Begin PBXGroup section */
		CCB93E8628C8389C00864266 /* Products */ = {
			isa = PBXGroup;
			children = (
				CCB93E8A28C8389C00864266 /* Wasm3Lib.framework */,
			);
			name = Products;
			sourceTree = "<group>";
		};
		CCB93E8C28C838A700864266 /* Products */ = {
			isa = PBXGroup;
			children = (
				CCB93E9128C838A700864266 /* F2.framework */,
				CCB93E9328C838A700864266 /* F2Tests.xctest */,
			);
			name = Products;
			sourceTree = "<group>";
		};
		CCCD80DA28AE3EF700395AA9 = {
			isa = PBXGroup;
			children = (
				CCCD80E528AE3EF700395AA9 /* Demos */,
				CCCD80E428AE3EF700395AA9 /* Products */,
				CCCD81A428AF3DD600395AA9 /* Frameworks */,
			);
			sourceTree = "<group>";
		};
		CCCD80E428AE3EF700395AA9 /* Products */ = {
			isa = PBXGroup;
			children = (
				CCCD80E328AE3EF700395AA9 /* Demos.app */,
			);
			name = Products;
			sourceTree = "<group>";
		};
		CCCD80E528AE3EF700395AA9 /* Demos */ = {
			isa = PBXGroup;
			children = (
				CCB93E8B28C838A700864266 /* F2.xcodeproj */,
				CCB93E8528C8389C00864266 /* Wasm3Lib.xcodeproj */,
				CC80E3B128BDB4CE00BFE684 /* f2.wasm */,
				CC528F2128B5F28A00D516FF /* Demos.entitlements */,
				CCCD80E628AE3EF700395AA9 /* AppDelegate.h */,
				CCCD80E728AE3EF700395AA9 /* AppDelegate.m */,
				CCCD80EC28AE3EF700395AA9 /* ViewController.h */,
				CCCD80ED28AE3EF700395AA9 /* ViewController.mm */,
				CCB93E9C28C9905000864266 /* wasm3_cpp.h */,
				CCCD80EF28AE3EF700395AA9 /* Main.storyboard */,
				CCCD80F228AE3EF800395AA9 /* Assets.xcassets */,
				CCCD80F428AE3EF800395AA9 /* LaunchScreen.storyboard */,
				CCCD80F728AE3EF800395AA9 /* Info.plist */,
				CCCD80F828AE3EF800395AA9 /* main.m */,
			);
			path = Demos;
			sourceTree = "<group>";
		};
		CCCD81A428AF3DD600395AA9 /* Frameworks */ = {
			isa = PBXGroup;
			children = (
			);
			name = Frameworks;
			sourceTree = "<group>";
		};
/* End PBXGroup section */

/* Begin PBXNativeTarget section */
		CCCD80E228AE3EF700395AA9 /* Demos */ = {
			isa = PBXNativeTarget;
			buildConfigurationList = CCCD80FC28AE3EF800395AA9 /* Build configuration list for PBXNativeTarget "Demos" */;
			buildPhases = (
				CCCD80DF28AE3EF700395AA9 /* Sources */,
				CCCD80E028AE3EF700395AA9 /* Frameworks */,
				CCCD80E128AE3EF700395AA9 /* Resources */,
			);
			buildRules = (
			);
			dependencies = (
				CCB93E9528C8391C00864266 /* PBXTargetDependency */,
				CCB93E9728C8391C00864266 /* PBXTargetDependency */,
			);
			name = Demos;
			productName = Demos;
			productReference = CCCD80E328AE3EF700395AA9 /* Demos.app */;
			productType = "com.apple.product-type.application";
		};
/* End PBXNativeTarget section */

/* Begin PBXProject section */
		CCCD80DB28AE3EF700395AA9 /* Project object */ = {
			isa = PBXProject;
			attributes = {
				BuildIndependentTargetsInParallel = 1;
				LastUpgradeCheck = 1340;
				TargetAttributes = {
					CCCD80E228AE3EF700395AA9 = {
						CreatedOnToolsVersion = 13.4.1;
					};
				};
			};
			buildConfigurationList = CCCD80DE28AE3EF700395AA9 /* Build configuration list for PBXProject "Demos" */;
			compatibilityVersion = "Xcode 13.0";
			developmentRegion = en;
			hasScannedForEncodings = 0;
			knownRegions = (
				en,
				Base,
			);
			mainGroup = CCCD80DA28AE3EF700395AA9;
			productRefGroup = CCCD80E428AE3EF700395AA9 /* Products */;
			projectDirPath = "";
			projectReferences = (
				{
					ProductGroup = CCB93E8C28C838A700864266 /* Products */;
					ProjectRef = CCB93E8B28C838A700864266 /* F2.xcodeproj */;
				},
				{
					ProductGroup = CCB93E8628C8389C00864266 /* Products */;
					ProjectRef = CCB93E8528C8389C00864266 /* Wasm3Lib.xcodeproj */;
				},
			);
			projectRoot = "";
			targets = (
				CCCD80E228AE3EF700395AA9 /* Demos */,
			);
		};
/* End PBXProject section */

/* Begin PBXReferenceProxy section */
		CCB93E8A28C8389C00864266 /* Wasm3Lib.framework */ = {
			isa = PBXReferenceProxy;
			fileType = wrapper.framework;
			path = Wasm3Lib.framework;
			remoteRef = CCB93E8928C8389C00864266 /* PBXContainerItemProxy */;
			sourceTree = BUILT_PRODUCTS_DIR;
		};
		CCB93E9128C838A700864266 /* F2.framework */ = {
			isa = PBXReferenceProxy;
			fileType = wrapper.framework;
			path = F2.framework;
			remoteRef = CCB93E9028C838A700864266 /* PBXContainerItemProxy */;
			sourceTree = BUILT_PRODUCTS_DIR;
		};
		CCB93E9328C838A700864266 /* F2Tests.xctest */ = {
			isa = PBXReferenceProxy;
			fileType = wrapper.cfbundle;
			path = F2Tests.xctest;
			remoteRef = CCB93E9228C838A700864266 /* PBXContainerItemProxy */;
			sourceTree = BUILT_PRODUCTS_DIR;
		};
/* End PBXReferenceProxy section */

/* Begin PBXResourcesBuildPhase section */
		CCCD80E128AE3EF700395AA9 /* Resources */ = {
			isa = PBXResourcesBuildPhase;
			buildActionMask = 2147483647;
			files = (
				CCCD80F628AE3EF800395AA9 /* LaunchScreen.storyboard in Resources */,
				CC80E3B228BDB4CF00BFE684 /* f2.wasm in Resources */,
				CCCD80F328AE3EF800395AA9 /* Assets.xcassets in Resources */,
				CCCD80F128AE3EF700395AA9 /* Main.storyboard in Resources */,
			);
			runOnlyForDeploymentPostprocessing = 0;
		};
/* End PBXResourcesBuildPhase section */

/* Begin PBXSourcesBuildPhase section */
		CCCD80DF28AE3EF700395AA9 /* Sources */ = {
			isa = PBXSourcesBuildPhase;
			buildActionMask = 2147483647;
			files = (
				CCCD80EE28AE3EF700395AA9 /* ViewController.mm in Sources */,
				CCCD80E828AE3EF700395AA9 /* AppDelegate.m in Sources */,
				CCCD80F928AE3EF800395AA9 /* main.m in Sources */,
			);
			runOnlyForDeploymentPostprocessing = 0;
		};
/* End PBXSourcesBuildPhase section */

/* Begin PBXTargetDependency section */
		CCB93E9528C8391C00864266 /* PBXTargetDependency */ = {
			isa = PBXTargetDependency;
			name = F2;
			targetProxy = CCB93E9428C8391C00864266 /* PBXContainerItemProxy */;
		};
		CCB93E9728C8391C00864266 /* PBXTargetDependency */ = {
			isa = PBXTargetDependency;
			name = Wasm3Lib;
			targetProxy = CCB93E9628C8391C00864266 /* PBXContainerItemProxy */;
		};
/* End PBXTargetDependency section */

/* Begin PBXVariantGroup section */
		CCCD80EF28AE3EF700395AA9 /* Main.storyboard */ = {
			isa = PBXVariantGroup;
			children = (
				CCCD80F028AE3EF700395AA9 /* Base */,
			);
			name = Main.storyboard;
			sourceTree = "<group>";
		};
		CCCD80F428AE3EF800395AA9 /* LaunchScreen.storyboard */ = {
			isa = PBXVariantGroup;
			children = (
				CCCD80F528AE3EF800395AA9 /* Base */,
			);
			name = LaunchScreen.storyboard;
			sourceTree = "<group>";
		};
/* End PBXVariantGroup section */

/* Begin XCBuildConfiguration section */
		CCCD80FA28AE3EF800395AA9 /* Debug */ = {
			isa = XCBuildConfiguration;
			buildSettings = {
				ALWAYS_SEARCH_USER_PATHS = NO;
				CLANG_ANALYZER_NONNULL = YES;
				CLANG_ANALYZER_NUMBER_OBJECT_CONVERSION = YES_AGGRESSIVE;
				CLANG_CXX_LANGUAGE_STANDARD = "gnu++17";
				CLANG_ENABLE_MODULES = YES;
				CLANG_ENABLE_OBJC_ARC = YES;
				CLANG_ENABLE_OBJC_WEAK = YES;
				CLANG_WARN_BLOCK_CAPTURE_AUTORELEASING = YES;
				CLANG_WARN_BOOL_CONVERSION = YES;
				CLANG_WARN_COMMA = YES;
				CLANG_WARN_CONSTANT_CONVERSION = YES;
				CLANG_WARN_DEPRECATED_OBJC_IMPLEMENTATIONS = YES;
				CLANG_WARN_DIRECT_OBJC_ISA_USAGE = YES_ERROR;
				CLANG_WARN_DOCUMENTATION_COMMENTS = YES;
				CLANG_WARN_EMPTY_BODY = YES;
				CLANG_WARN_ENUM_CONVERSION = YES;
				CLANG_WARN_INFINITE_RECURSION = YES;
				CLANG_WARN_INT_CONVERSION = YES;
				CLANG_WARN_NON_LITERAL_NULL_CONVERSION = YES;
				CLANG_WARN_OBJC_IMPLICIT_RETAIN_SELF = YES;
				CLANG_WARN_OBJC_LITERAL_CONVERSION = YES;
				CLANG_WARN_OBJC_ROOT_CLASS = YES_ERROR;
				CLANG_WARN_QUOTED_INCLUDE_IN_FRAMEWORK_HEADER = YES;
				CLANG_WARN_RANGE_LOOP_ANALYSIS = YES;
				CLANG_WARN_STRICT_PROTOTYPES = YES;
				CLANG_WARN_SUSPICIOUS_MOVE = YES;
				CLANG_WARN_UNGUARDED_AVAILABILITY = YES_AGGRESSIVE;
				CLANG_WARN_UNREACHABLE_CODE = YES;
				CLANG_WARN__DUPLICATE_METHOD_MATCH = YES;
				COPY_PHASE_STRIP = NO;
				DEBUG_INFORMATION_FORMAT = dwarf;
				ENABLE_STRICT_OBJC_MSGSEND = YES;
				ENABLE_TESTABILITY = YES;
				GCC_C_LANGUAGE_STANDARD = gnu11;
				GCC_DYNAMIC_NO_PIC = NO;
				GCC_NO_COMMON_BLOCKS = YES;
				GCC_OPTIMIZATION_LEVEL = 0;
				GCC_PREPROCESSOR_DEFINITIONS = (
					"DEBUG=1",
					"$(inherited)",
				);
				GCC_WARN_64_TO_32_BIT_CONVERSION = YES;
				GCC_WARN_ABOUT_RETURN_TYPE = YES_ERROR;
				GCC_WARN_UNDECLARED_SELECTOR = YES;
				GCC_WARN_UNINITIALIZED_AUTOS = YES_AGGRESSIVE;
				GCC_WARN_UNUSED_FUNCTION = YES;
				GCC_WARN_UNUSED_VARIABLE = YES;
				IPHONEOS_DEPLOYMENT_TARGET = 15.5;
				MTL_ENABLE_DEBUG_INFO = INCLUDE_SOURCE;
				MTL_FAST_MATH = YES;
				ONLY_ACTIVE_ARCH = YES;
				SDKROOT = iphoneos;
			};
			name = Debug;
		};
		CCCD80FB28AE3EF800395AA9 /* Release */ = {
			isa = XCBuildConfiguration;
			buildSettings = {
				ALWAYS_SEARCH_USER_PATHS = NO;
				CLANG_ANALYZER_NONNULL = YES;
				CLANG_ANALYZER_NUMBER_OBJECT_CONVERSION = YES_AGGRESSIVE;
				CLANG_CXX_LANGUAGE_STANDARD = "gnu++17";
				CLANG_ENABLE_MODULES = YES;
				CLANG_ENABLE_OBJC_ARC = YES;
				CLANG_ENABLE_OBJC_WEAK = YES;
				CLANG_WARN_BLOCK_CAPTURE_AUTORELEASING = YES;
				CLANG_WARN_BOOL_CONVERSION = YES;
				CLANG_WARN_COMMA = YES;
				CLANG_WARN_CONSTANT_CONVERSION = YES;
				CLANG_WARN_DEPRECATED_OBJC_IMPLEMENTATIONS = YES;
				CLANG_WARN_DIRECT_OBJC_ISA_USAGE = YES_ERROR;
				CLANG_WARN_DOCUMENTATION_COMMENTS = YES;
				CLANG_WARN_EMPTY_BODY = YES;
				CLANG_WARN_ENUM_CONVERSION = YES;
				CLANG_WARN_INFINITE_RECURSION = YES;
				CLANG_WARN_INT_CONVERSION = YES;
				CLANG_WARN_NON_LITERAL_NULL_CONVERSION = YES;
				CLANG_WARN_OBJC_IMPLICIT_RETAIN_SELF = YES;
				CLANG_WARN_OBJC_LITERAL_CONVERSION = YES;
				CLANG_WARN_OBJC_ROOT_CLASS = YES_ERROR;
				CLANG_WARN_QUOTED_INCLUDE_IN_FRAMEWORK_HEADER = YES;
				CLANG_WARN_RANGE_LOOP_ANALYSIS = YES;
				CLANG_WARN_STRICT_PROTOTYPES = YES;
				CLANG_WARN_SUSPICIOUS_MOVE = YES;
				CLANG_WARN_UNGUARDED_AVAILABILITY = YES_AGGRESSIVE;
				CLANG_WARN_UNREACHABLE_CODE = YES;
				CLANG_WARN__DUPLICATE_METHOD_MATCH = YES;
				COPY_PHASE_STRIP = NO;
				DEBUG_INFORMATION_FORMAT = "dwarf-with-dsym";
				ENABLE_NS_ASSERTIONS = NO;
				ENABLE_STRICT_OBJC_MSGSEND = YES;
				GCC_C_LANGUAGE_STANDARD = gnu11;
				GCC_NO_COMMON_BLOCKS = YES;
				GCC_WARN_64_TO_32_BIT_CONVERSION = YES;
				GCC_WARN_ABOUT_RETURN_TYPE = YES_ERROR;
				GCC_WARN_UNDECLARED_SELECTOR = YES;
				GCC_WARN_UNINITIALIZED_AUTOS = YES_AGGRESSIVE;
				GCC_WARN_UNUSED_FUNCTION = YES;
				GCC_WARN_UNUSED_VARIABLE = YES;
				IPHONEOS_DEPLOYMENT_TARGET = 15.5;
				MTL_ENABLE_DEBUG_INFO = NO;
				MTL_FAST_MATH = YES;
				SDKROOT = iphoneos;
				VALIDATE_PRODUCT = YES;
			};
			name = Release;
		};
		CCCD80FD28AE3EF800395AA9 /* Debug */ = {
			isa = XCBuildConfiguration;
			buildSettings = {
				ARCHS = "$(ARCHS_STANDARD)";
				ASSETCATALOG_COMPILER_APPICON_NAME = AppIcon;
				ASSETCATALOG_COMPILER_GLOBAL_ACCENT_COLOR_NAME = AccentColor;
				CODE_SIGN_ENTITLEMENTS = Demos/Demos.entitlements;
				CODE_SIGN_STYLE = Automatic;
				CURRENT_PROJECT_VERSION = 1;
				DEVELOPMENT_TEAM = BQWDN7869J;
				FRAMEWORK_SEARCH_PATHS = (
					"$(inherited)",
					"$(PROJECT_DIR)/Demos",
					"$(PROJECT_DIR)/Demos/Wamr",
				);
				GENERATE_INFOPLIST_FILE = YES;
				INFOPLIST_FILE = Demos/Info.plist;
				INFOPLIST_KEY_UIApplicationSupportsIndirectInputEvents = YES;
				INFOPLIST_KEY_UILaunchStoryboardName = LaunchScreen;
				INFOPLIST_KEY_UIMainStoryboardFile = Main;
				INFOPLIST_KEY_UISupportedInterfaceOrientations_iPad = "UIInterfaceOrientationPortrait UIInterfaceOrientationPortraitUpsideDown UIInterfaceOrientationLandscapeLeft UIInterfaceOrientationLandscapeRight";
				INFOPLIST_KEY_UISupportedInterfaceOrientations_iPhone = "UIInterfaceOrientationPortrait UIInterfaceOrientationLandscapeLeft UIInterfaceOrientationLandscapeRight";
				IPHONEOS_DEPLOYMENT_TARGET = 9.0;
				LD_RUNPATH_SEARCH_PATHS = (
					"$(inherited)",
					"@executable_path/Frameworks",
				);
				LIBRARY_SEARCH_PATHS = (
					"$(inherited)",
					"$(PROJECT_DIR)/Demos/Wamr",
				);
				MARKETING_VERSION = 1.0;
				PRODUCT_BUNDLE_IDENTIFIER = com.antvis.f2.wasi.demos.Demos;
				PRODUCT_NAME = "$(TARGET_NAME)";
				SUPPORTS_MACCATALYST = YES;
				SUPPORTS_MAC_DESIGNED_FOR_IPHONE_IPAD = NO;
				SWIFT_EMIT_LOC_STRINGS = YES;
				TARGETED_DEVICE_FAMILY = "1,2";
			};
			name = Debug;
		};
		CCCD80FE28AE3EF800395AA9 /* Release */ = {
			isa = XCBuildConfiguration;
			buildSettings = {
				ARCHS = "$(ARCHS_STANDARD)";
				ASSETCATALOG_COMPILER_APPICON_NAME = AppIcon;
				ASSETCATALOG_COMPILER_GLOBAL_ACCENT_COLOR_NAME = AccentColor;
				CODE_SIGN_ENTITLEMENTS = Demos/Demos.entitlements;
				CODE_SIGN_STYLE = Automatic;
				CURRENT_PROJECT_VERSION = 1;
				DEVELOPMENT_TEAM = BQWDN7869J;
				FRAMEWORK_SEARCH_PATHS = (
					"$(inherited)",
					"$(PROJECT_DIR)/Demos",
					"$(PROJECT_DIR)/Demos/Wamr",
				);
				GENERATE_INFOPLIST_FILE = YES;
				INFOPLIST_FILE = Demos/Info.plist;
				INFOPLIST_KEY_UIApplicationSupportsIndirectInputEvents = YES;
				INFOPLIST_KEY_UILaunchStoryboardName = LaunchScreen;
				INFOPLIST_KEY_UIMainStoryboardFile = Main;
				INFOPLIST_KEY_UISupportedInterfaceOrientations_iPad = "UIInterfaceOrientationPortrait UIInterfaceOrientationPortraitUpsideDown UIInterfaceOrientationLandscapeLeft UIInterfaceOrientationLandscapeRight";
				INFOPLIST_KEY_UISupportedInterfaceOrientations_iPhone = "UIInterfaceOrientationPortrait UIInterfaceOrientationLandscapeLeft UIInterfaceOrientationLandscapeRight";
				IPHONEOS_DEPLOYMENT_TARGET = 9.0;
				LD_RUNPATH_SEARCH_PATHS = (
					"$(inherited)",
					"@executable_path/Frameworks",
				);
				LIBRARY_SEARCH_PATHS = (
					"$(inherited)",
					"$(PROJECT_DIR)/Demos/Wamr",
				);
				MARKETING_VERSION = 1.0;
				PRODUCT_BUNDLE_IDENTIFIER = com.antvis.f2.wasi.demos.Demos;
				PRODUCT_NAME = "$(TARGET_NAME)";
				SUPPORTS_MACCATALYST = YES;
				SUPPORTS_MAC_DESIGNED_FOR_IPHONE_IPAD = NO;
				SWIFT_EMIT_LOC_STRINGS = YES;
				TARGETED_DEVICE_FAMILY = "1,2";
			};
			name = Release;
		};
/* End XCBuildConfiguration section */

/* Begin XCConfigurationList section */
		CCCD80DE28AE3EF700395AA9 /* Build configuration list for PBXProject "Demos" */ = {
			isa = XCConfigurationList;
			buildConfigurations = (
				CCCD80FA28AE3EF800395AA9 /* Debug */,
				CCCD80FB28AE3EF800395AA9 /* Release */,
			);
			defaultConfigurationIsVisible = 0;
			defaultConfigurationName = Release;
		};
		CCCD80FC28AE3EF800395AA9 /* Build configuration list for PBXNativeTarget "Demos" */ = {
			isa = XCConfigurationList;
			buildConfigurations = (
				CCCD80FD28AE3EF800395AA9 /* Debug */,
				CCCD80FE28AE3EF800395AA9 /* Release */,
			);
			defaultConfigurationIsVisible = 0;
			defaultConfigurationName = Release;
		};
/* End XCConfigurationList section */
	};
	rootObject = CCCD80DB28AE3EF700395AA9 /* Project object */;
}
