// !$*UTF8*$!
{
	archiveVersion = 1;
	classes = {
	};
	objectVersion = 50;
	objects = {

/* Begin PBXBuildFile section */
		3F56A0402523233F002AA2D2 /* DemoViewController.m in Sources */ = {isa = PBXBuildFile; fileRef = 3F56A03F2523233E002AA2D2 /* DemoViewController.m */; };
		3F56A0442523296F002AA2D2 /* BaseLineChart.m in Sources */ = {isa = PBXBuildFile; fileRef = 3F56A0432523296F002AA2D2 /* BaseLineChart.m */; };
		3F56A0482523599D002AA2D2 /* ContrastLineChart.m in Sources */ = {isa = PBXBuildFile; fileRef = 3F56A0472523599D002AA2D2 /* ContrastLineChart.m */; };
		3F56A04B25235B6E002AA2D2 /* BaseAreaChart.m in Sources */ = {isa = PBXBuildFile; fileRef = 3F56A04A25235B6E002AA2D2 /* BaseAreaChart.m */; };
		3F56A04E25235F1E002AA2D2 /* StackedAreaChart.m in Sources */ = {isa = PBXBuildFile; fileRef = 3F56A04D25235F1E002AA2D2 /* StackedAreaChart.m */; };
		3F56A05125236ACE002AA2D2 /* BaseBarChart.m in Sources */ = {isa = PBXBuildFile; fileRef = 3F56A05025236ACE002AA2D2 /* BaseBarChart.m */; };
		3F56A05425236C64002AA2D2 /* StripChart.m in Sources */ = {isa = PBXBuildFile; fileRef = 3F56A05325236C64002AA2D2 /* StripChart.m */; };
		3F56A06025248B53002AA2D2 /* GroupBarChart.m in Sources */ = {isa = PBXBuildFile; fileRef = 3F56A05F25248B53002AA2D2 /* GroupBarChart.m */; };
		3F56A06B25272042002AA2D2 /* BasePieChart.m in Sources */ = {isa = PBXBuildFile; fileRef = 3F56A06A25272042002AA2D2 /* BasePieChart.m */; };
		3F594C0A259B10990023A4E7 /* HistogramBarChart.m in Sources */ = {isa = PBXBuildFile; fileRef = 3F594C09259B10990023A4E7 /* HistogramBarChart.m */; };
		3F5D90912535C5320091D8F7 /* CyclicPieChart.m in Sources */ = {isa = PBXBuildFile; fileRef = 3F5D90902535C5320091D8F7 /* CyclicPieChart.m */; };
		3F5DD47D2553A34D00FD60B3 /* BaseBarChart2.m in Sources */ = {isa = PBXBuildFile; fileRef = 3F5DD47C2553A34D00FD60B3 /* BaseBarChart2.m */; };
		3FD08FB025B0764A002F14AC /* CandleChart.m in Sources */ = {isa = PBXBuildFile; fileRef = 3FD08FAF25B0764A002F14AC /* CandleChart.m */; };
		9500DF9F2689F4A500025EF1 /* TimeSharingChart.m in Sources */ = {isa = PBXBuildFile; fileRef = 9500DF9E2689F4A500025EF1 /* TimeSharingChart.m */; };
		95127745264CF5400011EE7A /* ChartListViewController.m in Sources */ = {isa = PBXBuildFile; fileRef = 95127744264CF5400011EE7A /* ChartListViewController.m */; };
		957056B92591F88F00D26E0A /* GroupBarChart2.m in Sources */ = {isa = PBXBuildFile; fileRef = 957056B82591F88F00D26E0A /* GroupBarChart2.m */; };
		957056C925931B0900D26E0A /* BaseAreaChart2.m in Sources */ = {isa = PBXBuildFile; fileRef = 957056C825931B0900D26E0A /* BaseAreaChart2.m */; };
		95982AF825CA8D3D0066F875 /* BaseLineChart2.m in Sources */ = {isa = PBXBuildFile; fileRef = 95982AF725CA8D3D0066F875 /* BaseLineChart2.m */; };
		95A7D80A25A3035800CA8B9F /* BasePointChart.m in Sources */ = {isa = PBXBuildFile; fileRef = 95A7D80925A3035800CA8B9F /* BasePointChart.m */; };
		CC31D1762637BE0C008F6422 /* BaseAreaChart3.m in Sources */ = {isa = PBXBuildFile; fileRef = CC31D1752637BE0C008F6422 /* BaseAreaChart3.m */; };
		CC5C3013286C257600B2837D /* Localizable.strings in Resources */ = {isa = PBXBuildFile; fileRef = CC5C3015286C257600B2837D /* Localizable.strings */; };
		CC612BBD250A28AE00315124 /* AppDelegate.m in Sources */ = {isa = PBXBuildFile; fileRef = CC612BBC250A28AE00315124 /* AppDelegate.m */; };
		CC612BC3250A28AE00315124 /* ViewController.m in Sources */ = {isa = PBXBuildFile; fileRef = CC612BC2250A28AE00315124 /* ViewController.m */; };
		CC612BC8250A28AF00315124 /* Assets.xcassets in Resources */ = {isa = PBXBuildFile; fileRef = CC612BC7250A28AF00315124 /* Assets.xcassets */; };
		CC612BCB250A28AF00315124 /* LaunchScreen.storyboard in Resources */ = {isa = PBXBuildFile; fileRef = CC612BC9250A28AF00315124 /* LaunchScreen.storyboard */; };
		CC612BCE250A28AF00315124 /* main.m in Sources */ = {isa = PBXBuildFile; fileRef = CC612BCD250A28AF00315124 /* main.m */; };
		CC612C04250B5C5A00315124 /* Res in Resources */ = {isa = PBXBuildFile; fileRef = CC612C03250B5C5A00315124 /* Res */; };
		CC66877827C5D73B00DA1B5A /* MarketMovingBugFix1.m in Sources */ = {isa = PBXBuildFile; fileRef = CC66877727C5D73B00DA1B5A /* MarketMovingBugFix1.m */; };
		CC76557B26C5220100061FCF /* GroupStackBarChart.m in Sources */ = {isa = PBXBuildFile; fileRef = CC76557826C5220100061FCF /* GroupStackBarChart.m */; };
		CC85823C2756070900C4D435 /* MarketMovingChart.m in Sources */ = {isa = PBXBuildFile; fileRef = CC85823B2756070900C4D435 /* MarketMovingChart.m */; };
		CC8BE29E26F2EE9C00F52359 /* RadarAreaChart.m in Sources */ = {isa = PBXBuildFile; fileRef = CC8BE29D26F2EE9C00F52359 /* RadarAreaChart.m */; };
		CC8C61E92795770300F540D7 /* BaseGuideChart.m in Sources */ = {isa = PBXBuildFile; fileRef = CC8C61E62795770300F540D7 /* BaseGuideChart.m */; };
		CCA4E5CA2814F2A20014C758 /* KLineTrendBugFix1.m in Sources */ = {isa = PBXBuildFile; fileRef = CCA4E5C72814F2A20014C758 /* KLineTrendBugFix1.m */; };
		CCE9E3E927B12AF400D8A030 /* BugFixViewController.m in Sources */ = {isa = PBXBuildFile; fileRef = CCE9E3E727B12AF400D8A030 /* BugFixViewController.m */; };
		CCE9E3ED27B12BB000D8A030 /* TimeSharingBugFix1.m in Sources */ = {isa = PBXBuildFile; fileRef = CCE9E3EB27B12BB000D8A030 /* TimeSharingBugFix1.m */; };
		E50B27DCC615F64E724F8003 /* libPods-F2Native.a in Frameworks */ = {isa = PBXBuildFile; fileRef = 4B8FCBB5B94EA98197F9F583 /* libPods-F2Native.a */; };
/* End PBXBuildFile section */

/* Begin PBXFileReference section */
		3F56A03E2523233E002AA2D2 /* DemoViewController.h */ = {isa = PBXFileReference; lastKnownFileType = sourcecode.c.h; path = DemoViewController.h; sourceTree = "<group>"; };
		3F56A03F2523233E002AA2D2 /* DemoViewController.m */ = {isa = PBXFileReference; lastKnownFileType = sourcecode.c.objc; path = DemoViewController.m; sourceTree = "<group>"; };
		3F56A0422523296F002AA2D2 /* BaseLineChart.h */ = {isa = PBXFileReference; lastKnownFileType = sourcecode.c.h; path = BaseLineChart.h; sourceTree = "<group>"; };
		3F56A0432523296F002AA2D2 /* BaseLineChart.m */ = {isa = PBXFileReference; lastKnownFileType = sourcecode.c.objc; path = BaseLineChart.m; sourceTree = "<group>"; };
		3F56A0462523599D002AA2D2 /* ContrastLineChart.h */ = {isa = PBXFileReference; lastKnownFileType = sourcecode.c.h; path = ContrastLineChart.h; sourceTree = "<group>"; };
		3F56A0472523599D002AA2D2 /* ContrastLineChart.m */ = {isa = PBXFileReference; lastKnownFileType = sourcecode.c.objc; path = ContrastLineChart.m; sourceTree = "<group>"; };
		3F56A04925235B6E002AA2D2 /* BaseAreaChart.h */ = {isa = PBXFileReference; lastKnownFileType = sourcecode.c.h; path = BaseAreaChart.h; sourceTree = "<group>"; };
		3F56A04A25235B6E002AA2D2 /* BaseAreaChart.m */ = {isa = PBXFileReference; lastKnownFileType = sourcecode.c.objc; path = BaseAreaChart.m; sourceTree = "<group>"; };
		3F56A04C25235F1E002AA2D2 /* StackedAreaChart.h */ = {isa = PBXFileReference; lastKnownFileType = sourcecode.c.h; path = StackedAreaChart.h; sourceTree = "<group>"; };
		3F56A04D25235F1E002AA2D2 /* StackedAreaChart.m */ = {isa = PBXFileReference; lastKnownFileType = sourcecode.c.objc; path = StackedAreaChart.m; sourceTree = "<group>"; };
		3F56A04F25236ACE002AA2D2 /* BaseBarChart.h */ = {isa = PBXFileReference; lastKnownFileType = sourcecode.c.h; path = BaseBarChart.h; sourceTree = "<group>"; };
		3F56A05025236ACE002AA2D2 /* BaseBarChart.m */ = {isa = PBXFileReference; lastKnownFileType = sourcecode.c.objc; path = BaseBarChart.m; sourceTree = "<group>"; };
		3F56A05225236C64002AA2D2 /* StripChart.h */ = {isa = PBXFileReference; lastKnownFileType = sourcecode.c.h; path = StripChart.h; sourceTree = "<group>"; };
		3F56A05325236C64002AA2D2 /* StripChart.m */ = {isa = PBXFileReference; lastKnownFileType = sourcecode.c.objc; path = StripChart.m; sourceTree = "<group>"; };
		3F56A05E25248B53002AA2D2 /* GroupBarChart.h */ = {isa = PBXFileReference; lastKnownFileType = sourcecode.c.h; path = GroupBarChart.h; sourceTree = "<group>"; };
		3F56A05F25248B53002AA2D2 /* GroupBarChart.m */ = {isa = PBXFileReference; lastKnownFileType = sourcecode.c.objc; path = GroupBarChart.m; sourceTree = "<group>"; };
		3F56A06925272042002AA2D2 /* BasePieChart.h */ = {isa = PBXFileReference; lastKnownFileType = sourcecode.c.h; path = BasePieChart.h; sourceTree = "<group>"; };
		3F56A06A25272042002AA2D2 /* BasePieChart.m */ = {isa = PBXFileReference; lastKnownFileType = sourcecode.c.objc; path = BasePieChart.m; sourceTree = "<group>"; };
		3F594C08259B10990023A4E7 /* HistogramBarChart.h */ = {isa = PBXFileReference; lastKnownFileType = sourcecode.c.h; path = HistogramBarChart.h; sourceTree = "<group>"; };
		3F594C09259B10990023A4E7 /* HistogramBarChart.m */ = {isa = PBXFileReference; lastKnownFileType = sourcecode.c.objc; path = HistogramBarChart.m; sourceTree = "<group>"; };
		3F5D908F2535C5320091D8F7 /* CyclicPieChart.h */ = {isa = PBXFileReference; lastKnownFileType = sourcecode.c.h; path = CyclicPieChart.h; sourceTree = "<group>"; };
		3F5D90902535C5320091D8F7 /* CyclicPieChart.m */ = {isa = PBXFileReference; lastKnownFileType = sourcecode.c.objc; path = CyclicPieChart.m; sourceTree = "<group>"; };
		3F5DD47B2553A34D00FD60B3 /* BaseBarChart2.h */ = {isa = PBXFileReference; lastKnownFileType = sourcecode.c.h; path = BaseBarChart2.h; sourceTree = "<group>"; };
		3F5DD47C2553A34D00FD60B3 /* BaseBarChart2.m */ = {isa = PBXFileReference; lastKnownFileType = sourcecode.c.objc; path = BaseBarChart2.m; sourceTree = "<group>"; };
		3FD08FAE25B0764A002F14AC /* CandleChart.h */ = {isa = PBXFileReference; lastKnownFileType = sourcecode.c.h; path = CandleChart.h; sourceTree = "<group>"; };
		3FD08FAF25B0764A002F14AC /* CandleChart.m */ = {isa = PBXFileReference; lastKnownFileType = sourcecode.c.objc; path = CandleChart.m; sourceTree = "<group>"; };
		4B8FCBB5B94EA98197F9F583 /* libPods-F2Native.a */ = {isa = PBXFileReference; explicitFileType = archive.ar; includeInIndex = 0; path = "libPods-F2Native.a"; sourceTree = BUILT_PRODUCTS_DIR; };
		9500DF9D2689F4A500025EF1 /* TimeSharingChart.h */ = {isa = PBXFileReference; lastKnownFileType = sourcecode.c.h; path = TimeSharingChart.h; sourceTree = "<group>"; };
		9500DF9E2689F4A500025EF1 /* TimeSharingChart.m */ = {isa = PBXFileReference; lastKnownFileType = sourcecode.c.objc; path = TimeSharingChart.m; sourceTree = "<group>"; };
		95127743264CF5400011EE7A /* ChartListViewController.h */ = {isa = PBXFileReference; lastKnownFileType = sourcecode.c.h; path = ChartListViewController.h; sourceTree = "<group>"; };
		95127744264CF5400011EE7A /* ChartListViewController.m */ = {isa = PBXFileReference; lastKnownFileType = sourcecode.c.objc; path = ChartListViewController.m; sourceTree = "<group>"; };
		957056B72591F88F00D26E0A /* GroupBarChart2.h */ = {isa = PBXFileReference; lastKnownFileType = sourcecode.c.h; path = GroupBarChart2.h; sourceTree = "<group>"; };
		957056B82591F88F00D26E0A /* GroupBarChart2.m */ = {isa = PBXFileReference; lastKnownFileType = sourcecode.c.objc; path = GroupBarChart2.m; sourceTree = "<group>"; };
		957056C725931B0900D26E0A /* BaseAreaChart2.h */ = {isa = PBXFileReference; lastKnownFileType = sourcecode.c.h; path = BaseAreaChart2.h; sourceTree = "<group>"; };
		957056C825931B0900D26E0A /* BaseAreaChart2.m */ = {isa = PBXFileReference; lastKnownFileType = sourcecode.c.objc; path = BaseAreaChart2.m; sourceTree = "<group>"; };
		95982AF625CA8D3D0066F875 /* BaseLineChart2.h */ = {isa = PBXFileReference; lastKnownFileType = sourcecode.c.h; path = BaseLineChart2.h; sourceTree = "<group>"; };
		95982AF725CA8D3D0066F875 /* BaseLineChart2.m */ = {isa = PBXFileReference; lastKnownFileType = sourcecode.c.objc; path = BaseLineChart2.m; sourceTree = "<group>"; };
		95A7D80825A3035800CA8B9F /* BasePointChart.h */ = {isa = PBXFileReference; lastKnownFileType = sourcecode.c.h; path = BasePointChart.h; sourceTree = "<group>"; };
		95A7D80925A3035800CA8B9F /* BasePointChart.m */ = {isa = PBXFileReference; lastKnownFileType = sourcecode.c.objc; path = BasePointChart.m; sourceTree = "<group>"; };
		CC31D1742637BE0C008F6422 /* BaseAreaChart3.h */ = {isa = PBXFileReference; lastKnownFileType = sourcecode.c.h; path = BaseAreaChart3.h; sourceTree = "<group>"; };
		CC31D1752637BE0C008F6422 /* BaseAreaChart3.m */ = {isa = PBXFileReference; lastKnownFileType = sourcecode.c.objc; path = BaseAreaChart3.m; sourceTree = "<group>"; };
		CC5C3010286C253900B2837D /* zh-Hans */ = {isa = PBXFileReference; lastKnownFileType = text.plist.strings; name = "zh-Hans"; path = "zh-Hans.lproj/LaunchScreen.strings"; sourceTree = "<group>"; };
		CC5C3014286C257600B2837D /* en */ = {isa = PBXFileReference; lastKnownFileType = text.plist.strings; name = en; path = en.lproj/Localizable.strings; sourceTree = "<group>"; };
		CC5C3016286C257700B2837D /* zh-Hans */ = {isa = PBXFileReference; lastKnownFileType = text.plist.strings; name = "zh-Hans"; path = "zh-Hans.lproj/Localizable.strings"; sourceTree = "<group>"; };
		CC612BB8250A28AE00315124 /* F2Native.app */ = {isa = PBXFileReference; explicitFileType = wrapper.application; includeInIndex = 0; path = F2Native.app; sourceTree = BUILT_PRODUCTS_DIR; };
		CC612BBB250A28AE00315124 /* AppDelegate.h */ = {isa = PBXFileReference; lastKnownFileType = sourcecode.c.h; path = AppDelegate.h; sourceTree = "<group>"; };
		CC612BBC250A28AE00315124 /* AppDelegate.m */ = {isa = PBXFileReference; lastKnownFileType = sourcecode.c.objc; path = AppDelegate.m; sourceTree = "<group>"; };
		CC612BC1250A28AE00315124 /* ViewController.h */ = {isa = PBXFileReference; lastKnownFileType = sourcecode.c.h; path = ViewController.h; sourceTree = "<group>"; };
		CC612BC2250A28AE00315124 /* ViewController.m */ = {isa = PBXFileReference; lastKnownFileType = sourcecode.c.objc; path = ViewController.m; sourceTree = "<group>"; };
		CC612BC7250A28AF00315124 /* Assets.xcassets */ = {isa = PBXFileReference; lastKnownFileType = folder.assetcatalog; path = Assets.xcassets; sourceTree = "<group>"; };
		CC612BCA250A28AF00315124 /* Base */ = {isa = PBXFileReference; lastKnownFileType = file.storyboard; name = Base; path = Base.lproj/LaunchScreen.storyboard; sourceTree = "<group>"; };
		CC612BCC250A28AF00315124 /* Info.plist */ = {isa = PBXFileReference; lastKnownFileType = text.plist.xml; path = Info.plist; sourceTree = "<group>"; };
		CC612BCD250A28AF00315124 /* main.m */ = {isa = PBXFileReference; lastKnownFileType = sourcecode.c.objc; path = main.m; sourceTree = "<group>"; };
		CC612BFC250B54E600315124 /* libc++.tbd */ = {isa = PBXFileReference; lastKnownFileType = "sourcecode.text-based-dylib-definition"; name = "libc++.tbd"; path = "usr/lib/libc++.tbd"; sourceTree = SDKROOT; };
		CC612C03250B5C5A00315124 /* Res */ = {isa = PBXFileReference; lastKnownFileType = folder; path = Res; sourceTree = "<group>"; };
		CC66877627C5D73B00DA1B5A /* MarketMovingBugFix1.h */ = {isa = PBXFileReference; lastKnownFileType = sourcecode.c.h; path = MarketMovingBugFix1.h; sourceTree = "<group>"; };
		CC66877727C5D73B00DA1B5A /* MarketMovingBugFix1.m */ = {isa = PBXFileReference; lastKnownFileType = sourcecode.c.objc; path = MarketMovingBugFix1.m; sourceTree = "<group>"; };
		CC76557826C5220100061FCF /* GroupStackBarChart.m */ = {isa = PBXFileReference; fileEncoding = 4; lastKnownFileType = sourcecode.c.objc; path = GroupStackBarChart.m; sourceTree = "<group>"; };
		CC76557A26C5220100061FCF /* GroupStackBarChart.h */ = {isa = PBXFileReference; fileEncoding = 4; lastKnownFileType = sourcecode.c.h; path = GroupStackBarChart.h; sourceTree = "<group>"; };
		CC79F278285B24A400A5623C /* libc++.tbd */ = {isa = PBXFileReference; lastKnownFileType = "sourcecode.text-based-dylib-definition"; name = "libc++.tbd"; path = "Platforms/MacOSX.platform/Developer/SDKs/MacOSX12.3.sdk/usr/lib/libc++.tbd"; sourceTree = DEVELOPER_DIR; };
		CC79F27D285C69F400A5623C /* libF2.a */ = {isa = PBXFileReference; explicitFileType = archive.ar; path = libF2.a; sourceTree = BUILT_PRODUCTS_DIR; };
		CC79F2A82861678700A5623C /* libF2.a */ = {isa = PBXFileReference; explicitFileType = archive.ar; path = libF2.a; sourceTree = BUILT_PRODUCTS_DIR; };
		CC8582392756070900C4D435 /* MarketMovingChart.h */ = {isa = PBXFileReference; fileEncoding = 4; lastKnownFileType = sourcecode.c.h; path = MarketMovingChart.h; sourceTree = "<group>"; };
		CC85823B2756070900C4D435 /* MarketMovingChart.m */ = {isa = PBXFileReference; fileEncoding = 4; lastKnownFileType = sourcecode.c.objc; path = MarketMovingChart.m; sourceTree = "<group>"; };
		CC8BE29C26F2EE9C00F52359 /* RadarAreaChart.h */ = {isa = PBXFileReference; lastKnownFileType = sourcecode.c.h; path = RadarAreaChart.h; sourceTree = "<group>"; };
		CC8BE29D26F2EE9C00F52359 /* RadarAreaChart.m */ = {isa = PBXFileReference; lastKnownFileType = sourcecode.c.objc; path = RadarAreaChart.m; sourceTree = "<group>"; };
		CC8C61E62795770300F540D7 /* BaseGuideChart.m */ = {isa = PBXFileReference; fileEncoding = 4; lastKnownFileType = sourcecode.c.objc; path = BaseGuideChart.m; sourceTree = "<group>"; };
		CC8C61E82795770300F540D7 /* BaseGuideChart.h */ = {isa = PBXFileReference; fileEncoding = 4; lastKnownFileType = sourcecode.c.h; path = BaseGuideChart.h; sourceTree = "<group>"; };
		CCA4E5C72814F2A20014C758 /* KLineTrendBugFix1.m */ = {isa = PBXFileReference; fileEncoding = 4; lastKnownFileType = sourcecode.c.objc; path = KLineTrendBugFix1.m; sourceTree = "<group>"; };
		CCA4E5C92814F2A20014C758 /* KLineTrendBugFix1.h */ = {isa = PBXFileReference; fileEncoding = 4; lastKnownFileType = sourcecode.c.h; path = KLineTrendBugFix1.h; sourceTree = "<group>"; };
		CCE9E3E727B12AF400D8A030 /* BugFixViewController.m */ = {isa = PBXFileReference; fileEncoding = 4; lastKnownFileType = sourcecode.c.objc; path = BugFixViewController.m; sourceTree = "<group>"; };
		CCE9E3E827B12AF400D8A030 /* BugFixViewController.h */ = {isa = PBXFileReference; fileEncoding = 4; lastKnownFileType = sourcecode.c.h; path = BugFixViewController.h; sourceTree = "<group>"; };
		CCE9E3EB27B12BB000D8A030 /* TimeSharingBugFix1.m */ = {isa = PBXFileReference; fileEncoding = 4; lastKnownFileType = sourcecode.c.objc; path = TimeSharingBugFix1.m; sourceTree = "<group>"; };
		CCE9E3EC27B12BB000D8A030 /* TimeSharingBugFix1.h */ = {isa = PBXFileReference; fileEncoding = 4; lastKnownFileType = sourcecode.c.h; path = TimeSharingBugFix1.h; sourceTree = "<group>"; };
		D7078133DBF6ACBDCFD123F3 /* Pods-F2Native.debug.xcconfig */ = {isa = PBXFileReference; includeInIndex = 1; lastKnownFileType = text.xcconfig; name = "Pods-F2Native.debug.xcconfig"; path = "Target Support Files/Pods-F2Native/Pods-F2Native.debug.xcconfig"; sourceTree = "<group>"; };
		D75BA1E829409D38174CB20A /* Pods-F2Native.release.xcconfig */ = {isa = PBXFileReference; includeInIndex = 1; lastKnownFileType = text.xcconfig; name = "Pods-F2Native.release.xcconfig"; path = "Target Support Files/Pods-F2Native/Pods-F2Native.release.xcconfig"; sourceTree = "<group>"; };
/* End PBXFileReference section */

/* Begin PBXFrameworksBuildPhase section */
		CC612BB5250A28AE00315124 /* Frameworks */ = {
			isa = PBXFrameworksBuildPhase;
			buildActionMask = 2147483647;
			files = (
				E50B27DCC615F64E724F8003 /* libPods-F2Native.a in Frameworks */,
			);
			runOnlyForDeploymentPostprocessing = 0;
		};
/* End PBXFrameworksBuildPhase section */

/* Begin PBXGroup section */
		3F56A04125232939002AA2D2 /* views */ = {
			isa = PBXGroup;
			children = (
				3F56A0462523599D002AA2D2 /* ContrastLineChart.h */,
				3F56A0472523599D002AA2D2 /* ContrastLineChart.m */,
				95982AF625CA8D3D0066F875 /* BaseLineChart2.h */,
				95982AF725CA8D3D0066F875 /* BaseLineChart2.m */,
				3F56A0422523296F002AA2D2 /* BaseLineChart.h */,
				3F56A0432523296F002AA2D2 /* BaseLineChart.m */,
				CCE9E3EA27B12B9600D8A030 /* bugfix */,
				CC8C61E82795770300F540D7 /* BaseGuideChart.h */,
				CC8C61E62795770300F540D7 /* BaseGuideChart.m */,
				CC8582392756070900C4D435 /* MarketMovingChart.h */,
				CC85823B2756070900C4D435 /* MarketMovingChart.m */,
				CC76557A26C5220100061FCF /* GroupStackBarChart.h */,
				CC76557826C5220100061FCF /* GroupStackBarChart.m */,
				3FD08FAE25B0764A002F14AC /* CandleChart.h */,
				3FD08FAF25B0764A002F14AC /* CandleChart.m */,
				3F5DD47B2553A34D00FD60B3 /* BaseBarChart2.h */,
				3F5DD47C2553A34D00FD60B3 /* BaseBarChart2.m */,
				3F56A04925235B6E002AA2D2 /* BaseAreaChart.h */,
				3F56A04A25235B6E002AA2D2 /* BaseAreaChart.m */,
				3F56A04C25235F1E002AA2D2 /* StackedAreaChart.h */,
				3F56A04D25235F1E002AA2D2 /* StackedAreaChart.m */,
				3F56A04F25236ACE002AA2D2 /* BaseBarChart.h */,
				3F56A05025236ACE002AA2D2 /* BaseBarChart.m */,
				3F594C08259B10990023A4E7 /* HistogramBarChart.h */,
				3F594C09259B10990023A4E7 /* HistogramBarChart.m */,
				3F56A05E25248B53002AA2D2 /* GroupBarChart.h */,
				3F56A05F25248B53002AA2D2 /* GroupBarChart.m */,
				3F5D908F2535C5320091D8F7 /* CyclicPieChart.h */,
				3F5D90902535C5320091D8F7 /* CyclicPieChart.m */,
				3F56A06925272042002AA2D2 /* BasePieChart.h */,
				3F56A06A25272042002AA2D2 /* BasePieChart.m */,
				3F56A05225236C64002AA2D2 /* StripChart.h */,
				3F56A05325236C64002AA2D2 /* StripChart.m */,
				957056B72591F88F00D26E0A /* GroupBarChart2.h */,
				957056B82591F88F00D26E0A /* GroupBarChart2.m */,
				957056C725931B0900D26E0A /* BaseAreaChart2.h */,
				957056C825931B0900D26E0A /* BaseAreaChart2.m */,
				CC31D1742637BE0C008F6422 /* BaseAreaChart3.h */,
				CC31D1752637BE0C008F6422 /* BaseAreaChart3.m */,
				95A7D80825A3035800CA8B9F /* BasePointChart.h */,
				95A7D80925A3035800CA8B9F /* BasePointChart.m */,
				9500DF9D2689F4A500025EF1 /* TimeSharingChart.h */,
				9500DF9E2689F4A500025EF1 /* TimeSharingChart.m */,
				CC8BE29C26F2EE9C00F52359 /* RadarAreaChart.h */,
				CC8BE29D26F2EE9C00F52359 /* RadarAreaChart.m */,
			);
			path = views;
			sourceTree = "<group>";
		};
		CC612BAF250A28AE00315124 = {
			isa = PBXGroup;
			children = (
				CC612BBA250A28AE00315124 /* Demos */,
				CC612BB9250A28AE00315124 /* Products */,
				CC612BE8250B2B7C00315124 /* Frameworks */,
				EE70EA6CE60F96C703FA41AF /* Pods */,
			);
			sourceTree = "<group>";
		};
		CC612BB9250A28AE00315124 /* Products */ = {
			isa = PBXGroup;
			children = (
				CC612BB8250A28AE00315124 /* F2Native.app */,
			);
			name = Products;
			sourceTree = "<group>";
		};
		CC612BBA250A28AE00315124 /* Demos */ = {
			isa = PBXGroup;
			children = (
				CC612BBB250A28AE00315124 /* AppDelegate.h */,
				CC612BBC250A28AE00315124 /* AppDelegate.m */,
				CC612BC1250A28AE00315124 /* ViewController.h */,
				CC612BC2250A28AE00315124 /* ViewController.m */,
				3F56A03E2523233E002AA2D2 /* DemoViewController.h */,
				3F56A03F2523233E002AA2D2 /* DemoViewController.m */,
				95127743264CF5400011EE7A /* ChartListViewController.h */,
				95127744264CF5400011EE7A /* ChartListViewController.m */,
				CCE9E3E827B12AF400D8A030 /* BugFixViewController.h */,
				CCE9E3E727B12AF400D8A030 /* BugFixViewController.m */,
				CC5C3015286C257600B2837D /* Localizable.strings */,
				CC612BC7250A28AF00315124 /* Assets.xcassets */,
				CC612BC9250A28AF00315124 /* LaunchScreen.storyboard */,
				CC612BCC250A28AF00315124 /* Info.plist */,
				CC612BCD250A28AF00315124 /* main.m */,
				3F56A04125232939002AA2D2 /* views */,
				CC612C03250B5C5A00315124 /* Res */,
			);
			path = Demos;
			sourceTree = "<group>";
		};
		CC612BE8250B2B7C00315124 /* Frameworks */ = {
			isa = PBXGroup;
			children = (
				CC79F2A82861678700A5623C /* libF2.a */,
				CC79F27D285C69F400A5623C /* libF2.a */,
				CC612BFC250B54E600315124 /* libc++.tbd */,
				CC79F278285B24A400A5623C /* libc++.tbd */,
				4B8FCBB5B94EA98197F9F583 /* libPods-F2Native.a */,
			);
			name = Frameworks;
			sourceTree = "<group>";
		};
		CCE9E3EA27B12B9600D8A030 /* bugfix */ = {
			isa = PBXGroup;
			children = (
				CCA4E5C92814F2A20014C758 /* KLineTrendBugFix1.h */,
				CCA4E5C72814F2A20014C758 /* KLineTrendBugFix1.m */,
				CCE9E3EC27B12BB000D8A030 /* TimeSharingBugFix1.h */,
				CCE9E3EB27B12BB000D8A030 /* TimeSharingBugFix1.m */,
				CC66877627C5D73B00DA1B5A /* MarketMovingBugFix1.h */,
				CC66877727C5D73B00DA1B5A /* MarketMovingBugFix1.m */,
			);
			path = bugfix;
			sourceTree = "<group>";
		};
		EE70EA6CE60F96C703FA41AF /* Pods */ = {
			isa = PBXGroup;
			children = (
				D7078133DBF6ACBDCFD123F3 /* Pods-F2Native.debug.xcconfig */,
				D75BA1E829409D38174CB20A /* Pods-F2Native.release.xcconfig */,
			);
			path = Pods;
			sourceTree = "<group>";
		};
/* End PBXGroup section */

/* Begin PBXNativeTarget section */
		CC612BB7250A28AE00315124 /* F2Native */ = {
			isa = PBXNativeTarget;
			buildConfigurationList = CC612BD1250A28AF00315124 /* Build configuration list for PBXNativeTarget "F2Native" */;
			buildPhases = (
				4A72488FE54F5A4E270EEB04 /* [CP] Check Pods Manifest.lock */,
				CC612BB4250A28AE00315124 /* Sources */,
				CC612BB5250A28AE00315124 /* Frameworks */,
				CC612BB6250A28AE00315124 /* Resources */,
			);
			buildRules = (
			);
			dependencies = (
			);
			name = F2Native;
			productName = Demos;
			productReference = CC612BB8250A28AE00315124 /* F2Native.app */;
			productType = "com.apple.product-type.application";
		};
/* End PBXNativeTarget section */

/* Begin PBXProject section */
		CC612BB0250A28AE00315124 /* Project object */ = {
			isa = PBXProject;
			attributes = {
				LastUpgradeCheck = 1150;
				ORGANIZATIONNAME = com.alipay.xgraph;
				TargetAttributes = {
					CC612BB7250A28AE00315124 = {
						CreatedOnToolsVersion = 11.5;
					};
				};
			};
			buildConfigurationList = CC612BB3250A28AE00315124 /* Build configuration list for PBXProject "Demos" */;
			compatibilityVersion = "Xcode 9.3";
			developmentRegion = en;
			hasScannedForEncodings = 0;
			knownRegions = (
				en,
				Base,
				"zh-Hans",
			);
			mainGroup = CC612BAF250A28AE00315124;
			productRefGroup = CC612BB9250A28AE00315124 /* Products */;
			projectDirPath = "";
			projectRoot = "";
			targets = (
				CC612BB7250A28AE00315124 /* F2Native */,
			);
		};
/* End PBXProject section */

/* Begin PBXResourcesBuildPhase section */
		CC612BB6250A28AE00315124 /* Resources */ = {
			isa = PBXResourcesBuildPhase;
			buildActionMask = 2147483647;
			files = (
				CC612BCB250A28AF00315124 /* LaunchScreen.storyboard in Resources */,
				CC5C3013286C257600B2837D /* Localizable.strings in Resources */,
				CC612BC8250A28AF00315124 /* Assets.xcassets in Resources */,
				CC612C04250B5C5A00315124 /* Res in Resources */,
			);
			runOnlyForDeploymentPostprocessing = 0;
		};
/* End PBXResourcesBuildPhase section */

/* Begin PBXShellScriptBuildPhase section */
		4A72488FE54F5A4E270EEB04 /* [CP] Check Pods Manifest.lock */ = {
			isa = PBXShellScriptBuildPhase;
			buildActionMask = 2147483647;
			files = (
			);
			inputFileListPaths = (
			);
			inputPaths = (
				"${PODS_PODFILE_DIR_PATH}/Podfile.lock",
				"${PODS_ROOT}/Manifest.lock",
			);
			name = "[CP] Check Pods Manifest.lock";
			outputFileListPaths = (
			);
			outputPaths = (
				"$(DERIVED_FILE_DIR)/Pods-F2Native-checkManifestLockResult.txt",
			);
			runOnlyForDeploymentPostprocessing = 0;
			shellPath = /bin/sh;
			shellScript = "diff \"${PODS_PODFILE_DIR_PATH}/Podfile.lock\" \"${PODS_ROOT}/Manifest.lock\" > /dev/null\nif [ $? != 0 ] ; then\n    # print error to STDERR\n    echo \"error: The sandbox is not in sync with the Podfile.lock. Run 'pod install' or update your CocoaPods installation.\" >&2\n    exit 1\nfi\n# This output is used by Xcode 'outputs' to avoid re-running this script phase.\necho \"SUCCESS\" > \"${SCRIPT_OUTPUT_FILE_0}\"\n";
			showEnvVarsInLog = 0;
		};
/* End PBXShellScriptBuildPhase section */

/* Begin PBXSourcesBuildPhase section */
		CC612BB4250A28AE00315124 /* Sources */ = {
			isa = PBXSourcesBuildPhase;
			buildActionMask = 2147483647;
			files = (
				CCA4E5CA2814F2A20014C758 /* KLineTrendBugFix1.m in Sources */,
				3F56A06B25272042002AA2D2 /* BasePieChart.m in Sources */,
				95127745264CF5400011EE7A /* ChartListViewController.m in Sources */,
				9500DF9F2689F4A500025EF1 /* TimeSharingChart.m in Sources */,
				3F56A05125236ACE002AA2D2 /* BaseBarChart.m in Sources */,
				CC8BE29E26F2EE9C00F52359 /* RadarAreaChart.m in Sources */,
				CC31D1762637BE0C008F6422 /* BaseAreaChart3.m in Sources */,
				3F5D90912535C5320091D8F7 /* CyclicPieChart.m in Sources */,
				CC76557B26C5220100061FCF /* GroupStackBarChart.m in Sources */,
				3F594C0A259B10990023A4E7 /* HistogramBarChart.m in Sources */,
				3F5DD47D2553A34D00FD60B3 /* BaseBarChart2.m in Sources */,
				CC612BC3250A28AE00315124 /* ViewController.m in Sources */,
				3F56A04E25235F1E002AA2D2 /* StackedAreaChart.m in Sources */,
				957056B92591F88F00D26E0A /* GroupBarChart2.m in Sources */,
				CC85823C2756070900C4D435 /* MarketMovingChart.m in Sources */,
				3F56A05425236C64002AA2D2 /* StripChart.m in Sources */,
				3F56A06025248B53002AA2D2 /* GroupBarChart.m in Sources */,
				3F56A0442523296F002AA2D2 /* BaseLineChart.m in Sources */,
				CC8C61E92795770300F540D7 /* BaseGuideChart.m in Sources */,
				95982AF825CA8D3D0066F875 /* BaseLineChart2.m in Sources */,
				CC612BBD250A28AE00315124 /* AppDelegate.m in Sources */,
				957056C925931B0900D26E0A /* BaseAreaChart2.m in Sources */,
				CCE9E3ED27B12BB000D8A030 /* TimeSharingBugFix1.m in Sources */,
				3FD08FB025B0764A002F14AC /* CandleChart.m in Sources */,
				CC612BCE250A28AF00315124 /* main.m in Sources */,
				CCE9E3E927B12AF400D8A030 /* BugFixViewController.m in Sources */,
				3F56A0482523599D002AA2D2 /* ContrastLineChart.m in Sources */,
				CC66877827C5D73B00DA1B5A /* MarketMovingBugFix1.m in Sources */,
				95A7D80A25A3035800CA8B9F /* BasePointChart.m in Sources */,
				3F56A04B25235B6E002AA2D2 /* BaseAreaChart.m in Sources */,
				3F56A0402523233F002AA2D2 /* DemoViewController.m in Sources */,
			);
			runOnlyForDeploymentPostprocessing = 0;
		};
/* End PBXSourcesBuildPhase section */

/* Begin PBXVariantGroup section */
		CC5C3015286C257600B2837D /* Localizable.strings */ = {
			isa = PBXVariantGroup;
			children = (
				CC5C3014286C257600B2837D /* en */,
				CC5C3016286C257700B2837D /* zh-Hans */,
			);
			name = Localizable.strings;
			sourceTree = "<group>";
		};
		CC612BC9250A28AF00315124 /* LaunchScreen.storyboard */ = {
			isa = PBXVariantGroup;
			children = (
				CC612BCA250A28AF00315124 /* Base */,
				CC5C3010286C253900B2837D /* zh-Hans */,
			);
			name = LaunchScreen.storyboard;
			sourceTree = "<group>";
		};
/* End PBXVariantGroup section */

/* Begin XCBuildConfiguration section */
		CC612BCF250A28AF00315124 /* Debug */ = {
			isa = XCBuildConfiguration;
			buildSettings = {
				ALWAYS_SEARCH_USER_PATHS = NO;
				CLANG_ANALYZER_LOCALIZABILITY_NONLOCALIZED = YES;
				CLANG_ANALYZER_NONNULL = YES;
				CLANG_ANALYZER_NUMBER_OBJECT_CONVERSION = YES_AGGRESSIVE;
				CLANG_CXX_LANGUAGE_STANDARD = "gnu++14";
				CLANG_CXX_LIBRARY = "libc++";
				CLANG_ENABLE_MODULES = YES;
				CLANG_ENABLE_OBJC_ARC = YES;
				CLANG_ENABLE_OBJC_WEAK = YES;
				CLANG_WARN_BLOCK_CAPTURE_AUTORELEASING = YES;
				CLANG_WARN_BOOL_CONVERSION = YES;
				CLANG_WARN_COMMA = YES;
				CLANG_WARN_CONSTANT_CONVERSION = YES;
				CLANG_WARN_DEPRECATED_OBJC_IMPLEMENTATIONS = YES;
				CLANG_WARN_DIRECT_OBJC_ISA_USAGE = YES_ERROR;
				CLANG_WARN_DOCUMENTATION_COMMENTS = YES;
				CLANG_WARN_EMPTY_BODY = YES;
				CLANG_WARN_ENUM_CONVERSION = YES;
				CLANG_WARN_INFINITE_RECURSION = YES;
				CLANG_WARN_INT_CONVERSION = YES;
				CLANG_WARN_NON_LITERAL_NULL_CONVERSION = YES;
				CLANG_WARN_OBJC_IMPLICIT_RETAIN_SELF = YES;
				CLANG_WARN_OBJC_LITERAL_CONVERSION = YES;
				CLANG_WARN_OBJC_ROOT_CLASS = YES_ERROR;
				CLANG_WARN_RANGE_LOOP_ANALYSIS = YES;
				CLANG_WARN_STRICT_PROTOTYPES = YES;
				CLANG_WARN_SUSPICIOUS_MOVE = YES;
				CLANG_WARN_UNGUARDED_AVAILABILITY = YES_AGGRESSIVE;
				CLANG_WARN_UNREACHABLE_CODE = YES;
				CLANG_WARN__DUPLICATE_METHOD_MATCH = YES;
				COPY_PHASE_STRIP = NO;
				DEBUG_INFORMATION_FORMAT = dwarf;
				ENABLE_STRICT_OBJC_MSGSEND = YES;
				ENABLE_TESTABILITY = YES;
				GCC_C_LANGUAGE_STANDARD = gnu11;
				GCC_DYNAMIC_NO_PIC = NO;
				GCC_NO_COMMON_BLOCKS = YES;
				GCC_OPTIMIZATION_LEVEL = 0;
				GCC_PREPROCESSOR_DEFINITIONS = (
					"DEBUG=1",
					"$(inherited)",
				);
				GCC_WARN_64_TO_32_BIT_CONVERSION = YES;
				GCC_WARN_ABOUT_RETURN_TYPE = YES_ERROR;
				GCC_WARN_UNDECLARED_SELECTOR = YES;
				GCC_WARN_UNINITIALIZED_AUTOS = YES_AGGRESSIVE;
				GCC_WARN_UNUSED_FUNCTION = YES;
				GCC_WARN_UNUSED_VARIABLE = YES;
				IPHONEOS_DEPLOYMENT_TARGET = 13.5;
				MTL_ENABLE_DEBUG_INFO = INCLUDE_SOURCE;
				MTL_FAST_MATH = YES;
				ONLY_ACTIVE_ARCH = YES;
				SDKROOT = iphoneos;
			};
			name = Debug;
		};
		CC612BD0250A28AF00315124 /* Release */ = {
			isa = XCBuildConfiguration;
			buildSettings = {
				ALWAYS_SEARCH_USER_PATHS = NO;
				CLANG_ANALYZER_LOCALIZABILITY_NONLOCALIZED = YES;
				CLANG_ANALYZER_NONNULL = YES;
				CLANG_ANALYZER_NUMBER_OBJECT_CONVERSION = YES_AGGRESSIVE;
				CLANG_CXX_LANGUAGE_STANDARD = "gnu++14";
				CLANG_CXX_LIBRARY = "libc++";
				CLANG_ENABLE_MODULES = YES;
				CLANG_ENABLE_OBJC_ARC = YES;
				CLANG_ENABLE_OBJC_WEAK = YES;
				CLANG_WARN_BLOCK_CAPTURE_AUTORELEASING = YES;
				CLANG_WARN_BOOL_CONVERSION = YES;
				CLANG_WARN_COMMA = YES;
				CLANG_WARN_CONSTANT_CONVERSION = YES;
				CLANG_WARN_DEPRECATED_OBJC_IMPLEMENTATIONS = YES;
				CLANG_WARN_DIRECT_OBJC_ISA_USAGE = YES_ERROR;
				CLANG_WARN_DOCUMENTATION_COMMENTS = YES;
				CLANG_WARN_EMPTY_BODY = YES;
				CLANG_WARN_ENUM_CONVERSION = YES;
				CLANG_WARN_INFINITE_RECURSION = YES;
				CLANG_WARN_INT_CONVERSION = YES;
				CLANG_WARN_NON_LITERAL_NULL_CONVERSION = YES;
				CLANG_WARN_OBJC_IMPLICIT_RETAIN_SELF = YES;
				CLANG_WARN_OBJC_LITERAL_CONVERSION = YES;
				CLANG_WARN_OBJC_ROOT_CLASS = YES_ERROR;
				CLANG_WARN_RANGE_LOOP_ANALYSIS = YES;
				CLANG_WARN_STRICT_PROTOTYPES = YES;
				CLANG_WARN_SUSPICIOUS_MOVE = YES;
				CLANG_WARN_UNGUARDED_AVAILABILITY = YES_AGGRESSIVE;
				CLANG_WARN_UNREACHABLE_CODE = YES;
				CLANG_WARN__DUPLICATE_METHOD_MATCH = YES;
				COPY_PHASE_STRIP = NO;
				DEBUG_INFORMATION_FORMAT = "dwarf-with-dsym";
				ENABLE_NS_ASSERTIONS = NO;
				ENABLE_STRICT_OBJC_MSGSEND = YES;
				GCC_C_LANGUAGE_STANDARD = gnu11;
				GCC_NO_COMMON_BLOCKS = YES;
				GCC_WARN_64_TO_32_BIT_CONVERSION = YES;
				GCC_WARN_ABOUT_RETURN_TYPE = YES_ERROR;
				GCC_WARN_UNDECLARED_SELECTOR = YES;
				GCC_WARN_UNINITIALIZED_AUTOS = YES_AGGRESSIVE;
				GCC_WARN_UNUSED_FUNCTION = YES;
				GCC_WARN_UNUSED_VARIABLE = YES;
				IPHONEOS_DEPLOYMENT_TARGET = 13.5;
				MTL_ENABLE_DEBUG_INFO = NO;
				MTL_FAST_MATH = YES;
				SDKROOT = iphoneos;
				VALIDATE_PRODUCT = YES;
			};
			name = Release;
		};
		CC612BD2250A28AF00315124 /* Debug */ = {
			isa = XCBuildConfiguration;
			baseConfigurationReference = D7078133DBF6ACBDCFD123F3 /* Pods-F2Native.debug.xcconfig */;
			buildSettings = {
				ASSETCATALOG_COMPILER_APPICON_NAME = AppIcon;
				CODE_SIGN_ENTITLEMENTS = F2Native.entitlements;
				CODE_SIGN_IDENTITY = "Apple Development";
				"CODE_SIGN_IDENTITY[sdk=macosx*]" = "Apple Development";
				CODE_SIGN_STYLE = Automatic;
				CURRENT_PROJECT_VERSION = 1.0;
				DEVELOPMENT_TEAM = BQWDN7869J;
				GCC_ENABLE_CPP_EXCEPTIONS = NO;
				GCC_ENABLE_CPP_RTTI = NO;
				INFOPLIST_FILE = Demos/Info.plist;
				IPHONEOS_DEPLOYMENT_TARGET = 9.0;
				"IPHONEOS_DEPLOYMENT_TARGET[sdk=macosx*]" = 13.1;
				LD_RUNPATH_SEARCH_PATHS = (
					"$(inherited)",
					"@executable_path/Frameworks",
				);
				ONLY_ACTIVE_ARCH = YES;
				PRODUCT_BUNDLE_IDENTIFIER = com.antvis.f2.demos;
				PRODUCT_NAME = "$(TARGET_NAME)";
				PROVISIONING_PROFILE_SPECIFIER = "";
				"PROVISIONING_PROFILE_SPECIFIER[sdk=macosx*]" = "";
				SUPPORTS_MACCATALYST = YES;
				TARGETED_DEVICE_FAMILY = "1,2";
			};
			name = Debug;
		};
		CC612BD3250A28AF00315124 /* Release */ = {
			isa = XCBuildConfiguration;
			baseConfigurationReference = D75BA1E829409D38174CB20A /* Pods-F2Native.release.xcconfig */;
			buildSettings = {
				ASSETCATALOG_COMPILER_APPICON_NAME = AppIcon;
				CODE_SIGN_ENTITLEMENTS = F2Native.entitlements;
				CODE_SIGN_IDENTITY = "Apple Development";
				"CODE_SIGN_IDENTITY[sdk=macosx*]" = "Apple Development";
				CODE_SIGN_STYLE = Automatic;
				CURRENT_PROJECT_VERSION = 1.0;
				DEVELOPMENT_TEAM = BQWDN7869J;
				GCC_ENABLE_CPP_EXCEPTIONS = NO;
				GCC_ENABLE_CPP_RTTI = NO;
				INFOPLIST_FILE = Demos/Info.plist;
				IPHONEOS_DEPLOYMENT_TARGET = 9.0;
				"IPHONEOS_DEPLOYMENT_TARGET[sdk=macosx*]" = 13.1;
				LD_RUNPATH_SEARCH_PATHS = (
					"$(inherited)",
					"@executable_path/Frameworks",
				);
				PRODUCT_BUNDLE_IDENTIFIER = com.antvis.f2.demos;
				PRODUCT_NAME = "$(TARGET_NAME)";
				PROVISIONING_PROFILE_SPECIFIER = "";
				"PROVISIONING_PROFILE_SPECIFIER[sdk=macosx*]" = "";
				SUPPORTS_MACCATALYST = YES;
				TARGETED_DEVICE_FAMILY = "1,2";
			};
			name = Release;
		};
/* End XCBuildConfiguration section */

/* Begin XCConfigurationList section */
		CC612BB3250A28AE00315124 /* Build configuration list for PBXProject "Demos" */ = {
			isa = XCConfigurationList;
			buildConfigurations = (
				CC612BCF250A28AF00315124 /* Debug */,
				CC612BD0250A28AF00315124 /* Release */,
			);
			defaultConfigurationIsVisible = 0;
			defaultConfigurationName = Release;
		};
		CC612BD1250A28AF00315124 /* Build configuration list for PBXNativeTarget "F2Native" */ = {
			isa = XCConfigurationList;
			buildConfigurations = (
				CC612BD2250A28AF00315124 /* Debug */,
				CC612BD3250A28AF00315124 /* Release */,
			);
			defaultConfigurationIsVisible = 0;
			defaultConfigurationName = Release;
		};
/* End XCConfigurationList section */
	};
	rootObject = CC612BB0250A28AE00315124 /* Project object */;
}
